// !$*UTF8*$!
{
	archiveVersion = 1;
	classes = {
	};
	objectVersion = 56;
	objects = {

/* Begin PBXBuildFile section */
		2E03215629A93CB500B11ACD /* HTTPClientProtocol.swift in Sources */ = {isa = PBXBuildFile; fileRef = 2E03215529A93CB500B11ACD /* HTTPClientProtocol.swift */; };
		2E03215829A93D1700B11ACD /* NewAccountService.swift in Sources */ = {isa = PBXBuildFile; fileRef = 2E03215729A93D1700B11ACD /* NewAccountService.swift */; };
		2E0EA12529A00041006402BE /* NewAccountPayload.swift in Sources */ = {isa = PBXBuildFile; fileRef = 2E0EA12429A00041006402BE /* NewAccountPayload.swift */; };
		2E0EA12729A0044F006402BE /* NewAccountServiceProtocol.swift in Sources */ = {isa = PBXBuildFile; fileRef = 2E0EA12629A0044F006402BE /* NewAccountServiceProtocol.swift */; };
		2E158A6E29A0F394001B2521 /* NewAccountServiceTests.swift in Sources */ = {isa = PBXBuildFile; fileRef = 2E158A6D29A0F394001B2521 /* NewAccountServiceTests.swift */; };
		2E2C99022A2A4B4F0099AAA6 /* PasswordUserInputValidationTests.swift in Sources */ = {isa = PBXBuildFile; fileRef = 2E2C99012A2A4B4F0099AAA6 /* PasswordUserInputValidationTests.swift */; };
		2E2C99042A2A4E4C0099AAA6 /* PasswordValidator.swift in Sources */ = {isa = PBXBuildFile; fileRef = 2E2C99032A2A4E4C0099AAA6 /* PasswordValidator.swift */; };
		2E2C99062A2A4EDA0099AAA6 /* UserInputValidatorProtocol.swift in Sources */ = {isa = PBXBuildFile; fileRef = 2E2C99052A2A4EDA0099AAA6 /* UserInputValidatorProtocol.swift */; };
		2E33FD3D2AEFE18200510129 /* AuthServiceProtocol.swift in Sources */ = {isa = PBXBuildFile; fileRef = 2E33FD3C2AEFE18200510129 /* AuthServiceProtocol.swift */; };
		2E3D588629CB7B2700B7F02A /* UserLoginService.swift in Sources */ = {isa = PBXBuildFile; fileRef = 2E3D588529CB7B2700B7F02A /* UserLoginService.swift */; };
		2E3D588A29CB81B000B7F02A /* UserLoginServiceResultMapper.swift in Sources */ = {isa = PBXBuildFile; fileRef = 2E3D588929CB81B000B7F02A /* UserLoginServiceResultMapper.swift */; };
		2E5738C129D34ADD00BA2E8A /* AddNewUserServiceTests.swift in Sources */ = {isa = PBXBuildFile; fileRef = 2E5738C029D34ADD00BA2E8A /* AddNewUserServiceTests.swift */; };
		2E64BFFA299EB047000451D9 /* BeChatted.framework in Frameworks */ = {isa = PBXBuildFile; fileRef = 2E64BFF1299EB047000451D9 /* BeChatted.framework */; };
		2E64C000299EB047000451D9 /* BeChatted.h in Headers */ = {isa = PBXBuildFile; fileRef = 2E64BFF4299EB047000451D9 /* BeChatted.h */; settings = {ATTRIBUTES = (Public, ); }; };
		2E75272D2A1D228600E4AAF2 /* EmailUserInputValidationTests.swift in Sources */ = {isa = PBXBuildFile; fileRef = 2E75272C2A1D228600E4AAF2 /* EmailUserInputValidationTests.swift */; };
		2E80D0C429B37E37003598C7 /* UserLoginPayload.swift in Sources */ = {isa = PBXBuildFile; fileRef = 2E80D0C329B37E37003598C7 /* UserLoginPayload.swift */; };
		2E9EF29029E8766B0031BE21 /* URLSessionHTTPClientTests.swift in Sources */ = {isa = PBXBuildFile; fileRef = 2E9EF28F29E8766B0031BE21 /* URLSessionHTTPClientTests.swift */; };
		2EAC443C29B5FC4900CC7697 /* UserLoginServiceTests.swift in Sources */ = {isa = PBXBuildFile; fileRef = 2EAC443B29B5FC4900CC7697 /* UserLoginServiceTests.swift */; };
		2EAFE9FC29F83AA000B882F9 /* URLSessionHTTPClient.swift in Sources */ = {isa = PBXBuildFile; fileRef = 2EAFE9FB29F83AA000B882F9 /* URLSessionHTTPClient.swift */; };
		2EB7F43329E0862700F765B7 /* UserLogoutService.swift in Sources */ = {isa = PBXBuildFile; fileRef = 2EB7F43229E0862700F765B7 /* UserLogoutService.swift */; };
		2EBDD4E229BF905B008F0247 /* XCTestCase+MemoryLeakTracking.swift in Sources */ = {isa = PBXBuildFile; fileRef = 2EBDD4E129BF905B008F0247 /* XCTestCase+MemoryLeakTracking.swift */; };
		2EC581D529DDECAD0044B64E /* AddNewUserService.swift in Sources */ = {isa = PBXBuildFile; fileRef = 2EC581D429DDECAD0044B64E /* AddNewUserService.swift */; };
		2EC581D729DDEFC90044B64E /* AddNewUserServiceResultMapper.swift in Sources */ = {isa = PBXBuildFile; fileRef = 2EC581D629DDEFC90044B64E /* AddNewUserServiceResultMapper.swift */; };
		2EC8A56E2A27B51700FAADF6 /* EmailValidator.swift in Sources */ = {isa = PBXBuildFile; fileRef = 2EC8A56D2A27B51700FAADF6 /* EmailValidator.swift */; };
		2ECC02DD29B380CD00FD0AE7 /* UserLoginInfo.swift in Sources */ = {isa = PBXBuildFile; fileRef = 2ECC02DC29B380CD00FD0AE7 /* UserLoginInfo.swift */; };
		2ECC02DF29B382F000FD0AE7 /* UserLoginServiceProtocol.swift in Sources */ = {isa = PBXBuildFile; fileRef = 2ECC02DE29B382F000FD0AE7 /* UserLoginServiceProtocol.swift */; };
		2ECC02E229B384FE00FD0AE7 /* NewAccountPayload+Decodable.swift in Sources */ = {isa = PBXBuildFile; fileRef = 2ECC02E129B384FE00FD0AE7 /* NewAccountPayload+Decodable.swift */; };
		2ECC281229D7411D008F16F2 /* AddNewUserServiceProtocol.swift in Sources */ = {isa = PBXBuildFile; fileRef = 2ECC281129D7411D008F16F2 /* AddNewUserServiceProtocol.swift */; };
		2EDA004329E074EC004CB9A1 /* UserLogoutServiceProtocol.swift in Sources */ = {isa = PBXBuildFile; fileRef = 2EDA004229E074EC004CB9A1 /* UserLogoutServiceProtocol.swift */; };
		2EDA004629E0760C004CB9A1 /* UserLogoutServiceTests.swift in Sources */ = {isa = PBXBuildFile; fileRef = 2EDA004529E0760C004CB9A1 /* UserLogoutServiceTests.swift */; };
		2EF450B729D5F6E7007AB010 /* NewUserPayload.swift in Sources */ = {isa = PBXBuildFile; fileRef = 2EF450B629D5F6E7007AB010 /* NewUserPayload.swift */; };
		2EF450B929D5F86D007AB010 /* NewUserInfo.swift in Sources */ = {isa = PBXBuildFile; fileRef = 2EF450B829D5F86D007AB010 /* NewUserInfo.swift */; };
		2EFF6D1C29AA188F007A46C5 /* NewAccountServiceResultMapper.swift in Sources */ = {isa = PBXBuildFile; fileRef = 2EFF6D1B29AA188F007A46C5 /* NewAccountServiceResultMapper.swift */; };
/* End PBXBuildFile section */

/* Begin PBXContainerItemProxy section */
		2E64BFFB299EB047000451D9 /* PBXContainerItemProxy */ = {
			isa = PBXContainerItemProxy;
			containerPortal = 2E64BFE8299EB046000451D9 /* Project object */;
			proxyType = 1;
			remoteGlobalIDString = 2E64BFF0299EB047000451D9;
			remoteInfo = BeChatted;
		};
/* End PBXContainerItemProxy section */

/* Begin PBXFileReference section */
		2E03215529A93CB500B11ACD /* HTTPClientProtocol.swift */ = {isa = PBXFileReference; lastKnownFileType = sourcecode.swift; path = HTTPClientProtocol.swift; sourceTree = "<group>"; };
		2E03215729A93D1700B11ACD /* NewAccountService.swift */ = {isa = PBXFileReference; lastKnownFileType = sourcecode.swift; path = NewAccountService.swift; sourceTree = "<group>"; };
		2E0EA12429A00041006402BE /* NewAccountPayload.swift */ = {isa = PBXFileReference; lastKnownFileType = sourcecode.swift; path = NewAccountPayload.swift; sourceTree = "<group>"; };
		2E0EA12629A0044F006402BE /* NewAccountServiceProtocol.swift */ = {isa = PBXFileReference; lastKnownFileType = sourcecode.swift; path = NewAccountServiceProtocol.swift; sourceTree = "<group>"; };
		2E158A6D29A0F394001B2521 /* NewAccountServiceTests.swift */ = {isa = PBXFileReference; lastKnownFileType = sourcecode.swift; path = NewAccountServiceTests.swift; sourceTree = "<group>"; };
		2E2C99012A2A4B4F0099AAA6 /* PasswordUserInputValidationTests.swift */ = {isa = PBXFileReference; lastKnownFileType = sourcecode.swift; path = PasswordUserInputValidationTests.swift; sourceTree = "<group>"; };
		2E2C99032A2A4E4C0099AAA6 /* PasswordValidator.swift */ = {isa = PBXFileReference; lastKnownFileType = sourcecode.swift; path = PasswordValidator.swift; sourceTree = "<group>"; };
		2E2C99052A2A4EDA0099AAA6 /* UserInputValidatorProtocol.swift */ = {isa = PBXFileReference; lastKnownFileType = sourcecode.swift; path = UserInputValidatorProtocol.swift; sourceTree = "<group>"; };
		2E33FD3C2AEFE18200510129 /* AuthServiceProtocol.swift */ = {isa = PBXFileReference; lastKnownFileType = sourcecode.swift; path = AuthServiceProtocol.swift; sourceTree = "<group>"; };
		2E3D588529CB7B2700B7F02A /* UserLoginService.swift */ = {isa = PBXFileReference; lastKnownFileType = sourcecode.swift; path = UserLoginService.swift; sourceTree = "<group>"; };
		2E3D588929CB81B000B7F02A /* UserLoginServiceResultMapper.swift */ = {isa = PBXFileReference; lastKnownFileType = sourcecode.swift; path = UserLoginServiceResultMapper.swift; sourceTree = "<group>"; };
		2E5738C029D34ADD00BA2E8A /* AddNewUserServiceTests.swift */ = {isa = PBXFileReference; lastKnownFileType = sourcecode.swift; path = AddNewUserServiceTests.swift; sourceTree = "<group>"; };
		2E64BFF1299EB047000451D9 /* BeChatted.framework */ = {isa = PBXFileReference; explicitFileType = wrapper.framework; includeInIndex = 0; path = BeChatted.framework; sourceTree = BUILT_PRODUCTS_DIR; };
		2E64BFF4299EB047000451D9 /* BeChatted.h */ = {isa = PBXFileReference; lastKnownFileType = sourcecode.c.h; path = BeChatted.h; sourceTree = "<group>"; };
		2E64BFF9299EB047000451D9 /* BeChattedTests.xctest */ = {isa = PBXFileReference; explicitFileType = wrapper.cfbundle; includeInIndex = 0; path = BeChattedTests.xctest; sourceTree = BUILT_PRODUCTS_DIR; };
		2E75272C2A1D228600E4AAF2 /* EmailUserInputValidationTests.swift */ = {isa = PBXFileReference; lastKnownFileType = sourcecode.swift; path = EmailUserInputValidationTests.swift; sourceTree = "<group>"; };
		2E80D0C329B37E37003598C7 /* UserLoginPayload.swift */ = {isa = PBXFileReference; lastKnownFileType = sourcecode.swift; path = UserLoginPayload.swift; sourceTree = "<group>"; };
		2E9EF28F29E8766B0031BE21 /* URLSessionHTTPClientTests.swift */ = {isa = PBXFileReference; lastKnownFileType = sourcecode.swift; path = URLSessionHTTPClientTests.swift; sourceTree = "<group>"; };
		2EAC443B29B5FC4900CC7697 /* UserLoginServiceTests.swift */ = {isa = PBXFileReference; lastKnownFileType = sourcecode.swift; path = UserLoginServiceTests.swift; sourceTree = "<group>"; };
		2EAFE9FB29F83AA000B882F9 /* URLSessionHTTPClient.swift */ = {isa = PBXFileReference; lastKnownFileType = sourcecode.swift; path = URLSessionHTTPClient.swift; sourceTree = "<group>"; };
		2EB7F43229E0862700F765B7 /* UserLogoutService.swift */ = {isa = PBXFileReference; lastKnownFileType = sourcecode.swift; path = UserLogoutService.swift; sourceTree = "<group>"; };
		2EBDD4E129BF905B008F0247 /* XCTestCase+MemoryLeakTracking.swift */ = {isa = PBXFileReference; lastKnownFileType = sourcecode.swift; path = "XCTestCase+MemoryLeakTracking.swift"; sourceTree = "<group>"; };
		2EC581D429DDECAD0044B64E /* AddNewUserService.swift */ = {isa = PBXFileReference; lastKnownFileType = sourcecode.swift; path = AddNewUserService.swift; sourceTree = "<group>"; };
		2EC581D629DDEFC90044B64E /* AddNewUserServiceResultMapper.swift */ = {isa = PBXFileReference; lastKnownFileType = sourcecode.swift; path = AddNewUserServiceResultMapper.swift; sourceTree = "<group>"; };
		2EC8A56D2A27B51700FAADF6 /* EmailValidator.swift */ = {isa = PBXFileReference; lastKnownFileType = sourcecode.swift; path = EmailValidator.swift; sourceTree = "<group>"; };
		2ECC02DC29B380CD00FD0AE7 /* UserLoginInfo.swift */ = {isa = PBXFileReference; lastKnownFileType = sourcecode.swift; path = UserLoginInfo.swift; sourceTree = "<group>"; };
		2ECC02DE29B382F000FD0AE7 /* UserLoginServiceProtocol.swift */ = {isa = PBXFileReference; lastKnownFileType = sourcecode.swift; path = UserLoginServiceProtocol.swift; sourceTree = "<group>"; };
		2ECC02E129B384FE00FD0AE7 /* NewAccountPayload+Decodable.swift */ = {isa = PBXFileReference; lastKnownFileType = sourcecode.swift; path = "NewAccountPayload+Decodable.swift"; sourceTree = "<group>"; };
		2ECC281129D7411D008F16F2 /* AddNewUserServiceProtocol.swift */ = {isa = PBXFileReference; lastKnownFileType = sourcecode.swift; path = AddNewUserServiceProtocol.swift; sourceTree = "<group>"; };
		2EDA004229E074EC004CB9A1 /* UserLogoutServiceProtocol.swift */ = {isa = PBXFileReference; lastKnownFileType = sourcecode.swift; path = UserLogoutServiceProtocol.swift; sourceTree = "<group>"; };
		2EDA004529E0760C004CB9A1 /* UserLogoutServiceTests.swift */ = {isa = PBXFileReference; lastKnownFileType = sourcecode.swift; path = UserLogoutServiceTests.swift; sourceTree = "<group>"; };
		2EF450B629D5F6E7007AB010 /* NewUserPayload.swift */ = {isa = PBXFileReference; lastKnownFileType = sourcecode.swift; path = NewUserPayload.swift; sourceTree = "<group>"; };
		2EF450B829D5F86D007AB010 /* NewUserInfo.swift */ = {isa = PBXFileReference; lastKnownFileType = sourcecode.swift; path = NewUserInfo.swift; sourceTree = "<group>"; };
		2EFF6D1B29AA188F007A46C5 /* NewAccountServiceResultMapper.swift */ = {isa = PBXFileReference; lastKnownFileType = sourcecode.swift; path = NewAccountServiceResultMapper.swift; sourceTree = "<group>"; };
/* End PBXFileReference section */

/* Begin PBXFrameworksBuildPhase section */
		2E64BFEE299EB047000451D9 /* Frameworks */ = {
			isa = PBXFrameworksBuildPhase;
			buildActionMask = 2147483647;
			files = (
			);
			runOnlyForDeploymentPostprocessing = 0;
		};
		2E64BFF6299EB047000451D9 /* Frameworks */ = {
			isa = PBXFrameworksBuildPhase;
			buildActionMask = 2147483647;
			files = (
				2E64BFFA299EB047000451D9 /* BeChatted.framework in Frameworks */,
			);
			runOnlyForDeploymentPostprocessing = 0;
		};
/* End PBXFrameworksBuildPhase section */

/* Begin PBXGroup section */
		2E00218329F96C6500CAAFAE /* Auth Service */ = {
			isa = PBXGroup;
			children = (
				2E00218429F96CA000CAAFAE /* Helpers */,
				2E158A6D29A0F394001B2521 /* NewAccountServiceTests.swift */,
				2EAC443B29B5FC4900CC7697 /* UserLoginServiceTests.swift */,
				2E5738C029D34ADD00BA2E8A /* AddNewUserServiceTests.swift */,
				2EDA004529E0760C004CB9A1 /* UserLogoutServiceTests.swift */,
				2E9EF28F29E8766B0031BE21 /* URLSessionHTTPClientTests.swift */,
			);
			path = "Auth Service";
			sourceTree = "<group>";
		};
		2E00218429F96CA000CAAFAE /* Helpers */ = {
			isa = PBXGroup;
			children = (
				2ECC02E129B384FE00FD0AE7 /* NewAccountPayload+Decodable.swift */,
			);
			path = Helpers;
			sourceTree = "<group>";
		};
		2E00218529F96CB400CAAFAE /* Auth Service */ = {
			isa = PBXGroup;
			children = (
				2E3D588829CB7E9A00B7F02A /* Shared */,
				2E33FD3E2AEFE18900510129 /* Auth Feature */,
				2E0EA12829A00555006402BE /* New Account Feature */,
				2E80D0C529B37E7E003598C7 /* User Login Feature */,
				2EF450B529D5F6BF007AB010 /* Add New User Feature */,
				2EDA004429E07505004CB9A1 /* User Logout Feature */,
				2E03215929A93DA800B11ACD /* New Account API */,
				2E3D588729CB7B4600B7F02A /* User Login API */,
				2EC581D329DDEC7C0044B64E /* Add New User API */,
				2EB7F43429E0868000F765B7 /* User Logout API */,
			);
			path = "Auth Service";
			sourceTree = "<group>";
		};
		2E03215929A93DA800B11ACD /* New Account API */ = {
			isa = PBXGroup;
			children = (
				2E03215729A93D1700B11ACD /* NewAccountService.swift */,
				2EFF6D1B29AA188F007A46C5 /* NewAccountServiceResultMapper.swift */,
			);
			path = "New Account API";
			sourceTree = "<group>";
		};
		2E0EA12829A00555006402BE /* New Account Feature */ = {
			isa = PBXGroup;
			children = (
				2E0EA12429A00041006402BE /* NewAccountPayload.swift */,
				2E0EA12629A0044F006402BE /* NewAccountServiceProtocol.swift */,
			);
			path = "New Account Feature";
			sourceTree = "<group>";
		};
		2E33FD3E2AEFE18900510129 /* Auth Feature */ = {
			isa = PBXGroup;
			children = (
				2E33FD3C2AEFE18200510129 /* AuthServiceProtocol.swift */,
			);
			path = "Auth Feature";
			sourceTree = "<group>";
		};
		2E3D588729CB7B4600B7F02A /* User Login API */ = {
			isa = PBXGroup;
			children = (
				2E3D588529CB7B2700B7F02A /* UserLoginService.swift */,
				2E3D588929CB81B000B7F02A /* UserLoginServiceResultMapper.swift */,
			);
			path = "User Login API";
			sourceTree = "<group>";
		};
		2E3D588829CB7E9A00B7F02A /* Shared */ = {
			isa = PBXGroup;
			children = (
				2E03215529A93CB500B11ACD /* HTTPClientProtocol.swift */,
				2EAFE9FB29F83AA000B882F9 /* URLSessionHTTPClient.swift */,
			);
			path = Shared;
			sourceTree = "<group>";
		};
		2E64BFE7299EB046000451D9 = {
			isa = PBXGroup;
			children = (
				2E64BFF3299EB047000451D9 /* BeChatted */,
				2E64BFFD299EB047000451D9 /* BeChattedTests */,
				2E64BFF2299EB047000451D9 /* Products */,
			);
			sourceTree = "<group>";
		};
		2E64BFF2299EB047000451D9 /* Products */ = {
			isa = PBXGroup;
			children = (
				2E64BFF1299EB047000451D9 /* BeChatted.framework */,
				2E64BFF9299EB047000451D9 /* BeChattedTests.xctest */,
			);
			name = Products;
			sourceTree = "<group>";
		};
		2E64BFF3299EB047000451D9 /* BeChatted */ = {
			isa = PBXGroup;
			children = (
				2E64BFF4299EB047000451D9 /* BeChatted.h */,
				2E00218529F96CB400CAAFAE /* Auth Service */,
				2EC8A56C2A27B4EF00FAADF6 /* User Input Validation */,
			);
			path = BeChatted;
			sourceTree = "<group>";
		};
		2E64BFFD299EB047000451D9 /* BeChattedTests */ = {
			isa = PBXGroup;
			children = (
				2ECC02E029B384E400FD0AE7 /* Helpers */,
				2E00218329F96C6500CAAFAE /* Auth Service */,
				2E7527292A1BC0A800E4AAF2 /* User Input Validation */,
			);
			path = BeChattedTests;
			sourceTree = "<group>";
		};
		2E7527292A1BC0A800E4AAF2 /* User Input Validation */ = {
			isa = PBXGroup;
			children = (
				2E75272C2A1D228600E4AAF2 /* EmailUserInputValidationTests.swift */,
				2E2C99012A2A4B4F0099AAA6 /* PasswordUserInputValidationTests.swift */,
			);
			path = "User Input Validation";
			sourceTree = "<group>";
		};
		2E80D0C529B37E7E003598C7 /* User Login Feature */ = {
			isa = PBXGroup;
			children = (
				2E80D0C329B37E37003598C7 /* UserLoginPayload.swift */,
				2ECC02DC29B380CD00FD0AE7 /* UserLoginInfo.swift */,
				2ECC02DE29B382F000FD0AE7 /* UserLoginServiceProtocol.swift */,
			);
			path = "User Login Feature";
			sourceTree = "<group>";
		};
		2EB7F43429E0868000F765B7 /* User Logout API */ = {
			isa = PBXGroup;
			children = (
				2EB7F43229E0862700F765B7 /* UserLogoutService.swift */,
			);
			path = "User Logout API";
			sourceTree = "<group>";
		};
		2EC581D329DDEC7C0044B64E /* Add New User API */ = {
			isa = PBXGroup;
			children = (
				2EC581D429DDECAD0044B64E /* AddNewUserService.swift */,
				2EC581D629DDEFC90044B64E /* AddNewUserServiceResultMapper.swift */,
			);
			path = "Add New User API";
			sourceTree = "<group>";
		};
		2EC8A56C2A27B4EF00FAADF6 /* User Input Validation */ = {
			isa = PBXGroup;
			children = (
				2E2C99052A2A4EDA0099AAA6 /* UserInputValidatorProtocol.swift */,
				2EC8A56D2A27B51700FAADF6 /* EmailValidator.swift */,
				2E2C99032A2A4E4C0099AAA6 /* PasswordValidator.swift */,
			);
			path = "User Input Validation";
			sourceTree = "<group>";
		};
		2ECC02E029B384E400FD0AE7 /* Helpers */ = {
			isa = PBXGroup;
			children = (
				2EBDD4E129BF905B008F0247 /* XCTestCase+MemoryLeakTracking.swift */,
			);
			path = Helpers;
			sourceTree = "<group>";
		};
		2EDA004429E07505004CB9A1 /* User Logout Feature */ = {
			isa = PBXGroup;
			children = (
				2EDA004229E074EC004CB9A1 /* UserLogoutServiceProtocol.swift */,
			);
			path = "User Logout Feature";
			sourceTree = "<group>";
		};
		2EF450B529D5F6BF007AB010 /* Add New User Feature */ = {
			isa = PBXGroup;
			children = (
				2EF450B629D5F6E7007AB010 /* NewUserPayload.swift */,
				2EF450B829D5F86D007AB010 /* NewUserInfo.swift */,
				2ECC281129D7411D008F16F2 /* AddNewUserServiceProtocol.swift */,
			);
			path = "Add New User Feature";
			sourceTree = "<group>";
		};
/* End PBXGroup section */

/* Begin PBXHeadersBuildPhase section */
		2E64BFEC299EB047000451D9 /* Headers */ = {
			isa = PBXHeadersBuildPhase;
			buildActionMask = 2147483647;
			files = (
				2E64C000299EB047000451D9 /* BeChatted.h in Headers */,
			);
			runOnlyForDeploymentPostprocessing = 0;
		};
/* End PBXHeadersBuildPhase section */

/* Begin PBXNativeTarget section */
		2E64BFF0299EB047000451D9 /* BeChatted */ = {
			isa = PBXNativeTarget;
			buildConfigurationList = 2E64C003299EB047000451D9 /* Build configuration list for PBXNativeTarget "BeChatted" */;
			buildPhases = (
				2E64BFEC299EB047000451D9 /* Headers */,
				2E64BFED299EB047000451D9 /* Sources */,
				2E64BFEE299EB047000451D9 /* Frameworks */,
				2E64BFEF299EB047000451D9 /* Resources */,
			);
			buildRules = (
			);
			dependencies = (
			);
			name = BeChatted;
			productName = BeChatted;
			productReference = 2E64BFF1299EB047000451D9 /* BeChatted.framework */;
			productType = "com.apple.product-type.framework";
		};
		2E64BFF8299EB047000451D9 /* BeChattedTests */ = {
			isa = PBXNativeTarget;
			buildConfigurationList = 2E64C006299EB047000451D9 /* Build configuration list for PBXNativeTarget "BeChattedTests" */;
			buildPhases = (
				2E64BFF5299EB047000451D9 /* Sources */,
				2E64BFF6299EB047000451D9 /* Frameworks */,
				2E64BFF7299EB047000451D9 /* Resources */,
			);
			buildRules = (
			);
			dependencies = (
				2E64BFFC299EB047000451D9 /* PBXTargetDependency */,
			);
			name = BeChattedTests;
			productName = BeChattedTests;
			productReference = 2E64BFF9299EB047000451D9 /* BeChattedTests.xctest */;
			productType = "com.apple.product-type.bundle.unit-test";
		};
/* End PBXNativeTarget section */

/* Begin PBXProject section */
		2E64BFE8299EB046000451D9 /* Project object */ = {
			isa = PBXProject;
			attributes = {
				BuildIndependentTargetsInParallel = 1;
				LastSwiftUpdateCheck = 1420;
				LastUpgradeCheck = 1420;
				TargetAttributes = {
					2E64BFF0299EB047000451D9 = {
						CreatedOnToolsVersion = 14.2;
						LastSwiftMigration = 1420;
					};
					2E64BFF8299EB047000451D9 = {
						CreatedOnToolsVersion = 14.2;
					};
				};
			};
			buildConfigurationList = 2E64BFEB299EB046000451D9 /* Build configuration list for PBXProject "BeChatted" */;
			compatibilityVersion = "Xcode 14.0";
			developmentRegion = en;
			hasScannedForEncodings = 0;
			knownRegions = (
				en,
				Base,
			);
			mainGroup = 2E64BFE7299EB046000451D9;
			productRefGroup = 2E64BFF2299EB047000451D9 /* Products */;
			projectDirPath = "";
			projectRoot = "";
			targets = (
				2E64BFF0299EB047000451D9 /* BeChatted */,
				2E64BFF8299EB047000451D9 /* BeChattedTests */,
			);
		};
/* End PBXProject section */

/* Begin PBXResourcesBuildPhase section */
		2E64BFEF299EB047000451D9 /* Resources */ = {
			isa = PBXResourcesBuildPhase;
			buildActionMask = 2147483647;
			files = (
			);
			runOnlyForDeploymentPostprocessing = 0;
		};
		2E64BFF7299EB047000451D9 /* Resources */ = {
			isa = PBXResourcesBuildPhase;
			buildActionMask = 2147483647;
			files = (
			);
			runOnlyForDeploymentPostprocessing = 0;
		};
/* End PBXResourcesBuildPhase section */

/* Begin PBXSourcesBuildPhase section */
		2E64BFED299EB047000451D9 /* Sources */ = {
			isa = PBXSourcesBuildPhase;
			buildActionMask = 2147483647;
			files = (
				2EF450B729D5F6E7007AB010 /* NewUserPayload.swift in Sources */,
				2E80D0C429B37E37003598C7 /* UserLoginPayload.swift in Sources */,
				2E2C99062A2A4EDA0099AAA6 /* UserInputValidatorProtocol.swift in Sources */,
				2E3D588629CB7B2700B7F02A /* UserLoginService.swift in Sources */,
				2E0EA12529A00041006402BE /* NewAccountPayload.swift in Sources */,
				2ECC281229D7411D008F16F2 /* AddNewUserServiceProtocol.swift in Sources */,
				2EC581D529DDECAD0044B64E /* AddNewUserService.swift in Sources */,
				2EDA004329E074EC004CB9A1 /* UserLogoutServiceProtocol.swift in Sources */,
				2E2C99042A2A4E4C0099AAA6 /* PasswordValidator.swift in Sources */,
				2E03215829A93D1700B11ACD /* NewAccountService.swift in Sources */,
				2EF450B929D5F86D007AB010 /* NewUserInfo.swift in Sources */,
				2ECC02DD29B380CD00FD0AE7 /* UserLoginInfo.swift in Sources */,
				2ECC02DF29B382F000FD0AE7 /* UserLoginServiceProtocol.swift in Sources */,
				2E33FD3D2AEFE18200510129 /* AuthServiceProtocol.swift in Sources */,
				2E03215629A93CB500B11ACD /* HTTPClientProtocol.swift in Sources */,
				2EFF6D1C29AA188F007A46C5 /* NewAccountServiceResultMapper.swift in Sources */,
				2E3D588A29CB81B000B7F02A /* UserLoginServiceResultMapper.swift in Sources */,
				2E0EA12729A0044F006402BE /* NewAccountServiceProtocol.swift in Sources */,
				2EC8A56E2A27B51700FAADF6 /* EmailValidator.swift in Sources */,
				2EC581D729DDEFC90044B64E /* AddNewUserServiceResultMapper.swift in Sources */,
				2EB7F43329E0862700F765B7 /* UserLogoutService.swift in Sources */,
				2EAFE9FC29F83AA000B882F9 /* URLSessionHTTPClient.swift in Sources */,
			);
			runOnlyForDeploymentPostprocessing = 0;
		};
		2E64BFF5299EB047000451D9 /* Sources */ = {
			isa = PBXSourcesBuildPhase;
			buildActionMask = 2147483647;
			files = (
				2E9EF29029E8766B0031BE21 /* URLSessionHTTPClientTests.swift in Sources */,
				2E2C99022A2A4B4F0099AAA6 /* PasswordUserInputValidationTests.swift in Sources */,
				2EDA004629E0760C004CB9A1 /* UserLogoutServiceTests.swift in Sources */,
				2E158A6E29A0F394001B2521 /* NewAccountServiceTests.swift in Sources */,
				2E75272D2A1D228600E4AAF2 /* EmailUserInputValidationTests.swift in Sources */,
				2EBDD4E229BF905B008F0247 /* XCTestCase+MemoryLeakTracking.swift in Sources */,
				2EAC443C29B5FC4900CC7697 /* UserLoginServiceTests.swift in Sources */,
				2ECC02E229B384FE00FD0AE7 /* NewAccountPayload+Decodable.swift in Sources */,
				2E5738C129D34ADD00BA2E8A /* AddNewUserServiceTests.swift in Sources */,
			);
			runOnlyForDeploymentPostprocessing = 0;
		};
/* End PBXSourcesBuildPhase section */

/* Begin PBXTargetDependency section */
		2E64BFFC299EB047000451D9 /* PBXTargetDependency */ = {
			isa = PBXTargetDependency;
			target = 2E64BFF0299EB047000451D9 /* BeChatted */;
			targetProxy = 2E64BFFB299EB047000451D9 /* PBXContainerItemProxy */;
		};
/* End PBXTargetDependency section */

/* Begin XCBuildConfiguration section */
		2E64C001299EB047000451D9 /* Debug */ = {
			isa = XCBuildConfiguration;
			buildSettings = {
				ALWAYS_SEARCH_USER_PATHS = NO;
				CLANG_ANALYZER_NONNULL = YES;
				CLANG_ANALYZER_NUMBER_OBJECT_CONVERSION = YES_AGGRESSIVE;
				CLANG_CXX_LANGUAGE_STANDARD = "gnu++20";
				CLANG_ENABLE_MODULES = YES;
				CLANG_ENABLE_OBJC_ARC = YES;
				CLANG_ENABLE_OBJC_WEAK = YES;
				CLANG_WARN_BLOCK_CAPTURE_AUTORELEASING = YES;
				CLANG_WARN_BOOL_CONVERSION = YES;
				CLANG_WARN_COMMA = YES;
				CLANG_WARN_CONSTANT_CONVERSION = YES;
				CLANG_WARN_DEPRECATED_OBJC_IMPLEMENTATIONS = YES;
				CLANG_WARN_DIRECT_OBJC_ISA_USAGE = YES_ERROR;
				CLANG_WARN_DOCUMENTATION_COMMENTS = YES;
				CLANG_WARN_EMPTY_BODY = YES;
				CLANG_WARN_ENUM_CONVERSION = YES;
				CLANG_WARN_INFINITE_RECURSION = YES;
				CLANG_WARN_INT_CONVERSION = YES;
				CLANG_WARN_NON_LITERAL_NULL_CONVERSION = YES;
				CLANG_WARN_OBJC_IMPLICIT_RETAIN_SELF = YES;
				CLANG_WARN_OBJC_LITERAL_CONVERSION = YES;
				CLANG_WARN_OBJC_ROOT_CLASS = YES_ERROR;
				CLANG_WARN_QUOTED_INCLUDE_IN_FRAMEWORK_HEADER = YES;
				CLANG_WARN_RANGE_LOOP_ANALYSIS = YES;
				CLANG_WARN_STRICT_PROTOTYPES = YES;
				CLANG_WARN_SUSPICIOUS_MOVE = YES;
				CLANG_WARN_UNGUARDED_AVAILABILITY = YES_AGGRESSIVE;
				CLANG_WARN_UNREACHABLE_CODE = YES;
				CLANG_WARN__DUPLICATE_METHOD_MATCH = YES;
				COPY_PHASE_STRIP = NO;
				CURRENT_PROJECT_VERSION = 1;
				DEBUG_INFORMATION_FORMAT = dwarf;
				ENABLE_STRICT_OBJC_MSGSEND = YES;
				ENABLE_TESTABILITY = YES;
				GCC_C_LANGUAGE_STANDARD = gnu11;
				GCC_DYNAMIC_NO_PIC = NO;
				GCC_NO_COMMON_BLOCKS = YES;
				GCC_OPTIMIZATION_LEVEL = 0;
				GCC_PREPROCESSOR_DEFINITIONS = (
					"DEBUG=1",
					"$(inherited)",
				);
				GCC_WARN_64_TO_32_BIT_CONVERSION = YES;
				GCC_WARN_ABOUT_RETURN_TYPE = YES_ERROR;
				GCC_WARN_UNDECLARED_SELECTOR = YES;
				GCC_WARN_UNINITIALIZED_AUTOS = YES_AGGRESSIVE;
				GCC_WARN_UNUSED_FUNCTION = YES;
				GCC_WARN_UNUSED_VARIABLE = YES;
				MACOSX_DEPLOYMENT_TARGET = 12.4;
				MTL_ENABLE_DEBUG_INFO = INCLUDE_SOURCE;
				MTL_FAST_MATH = YES;
				ONLY_ACTIVE_ARCH = YES;
				SDKROOT = macosx;
				SWIFT_ACTIVE_COMPILATION_CONDITIONS = DEBUG;
				SWIFT_OPTIMIZATION_LEVEL = "-Onone";
				VERSIONING_SYSTEM = "apple-generic";
				VERSION_INFO_PREFIX = "";
			};
			name = Debug;
		};
		2E64C002299EB047000451D9 /* Release */ = {
			isa = XCBuildConfiguration;
			buildSettings = {
				ALWAYS_SEARCH_USER_PATHS = NO;
				CLANG_ANALYZER_NONNULL = YES;
				CLANG_ANALYZER_NUMBER_OBJECT_CONVERSION = YES_AGGRESSIVE;
				CLANG_CXX_LANGUAGE_STANDARD = "gnu++20";
				CLANG_ENABLE_MODULES = YES;
				CLANG_ENABLE_OBJC_ARC = YES;
				CLANG_ENABLE_OBJC_WEAK = YES;
				CLANG_WARN_BLOCK_CAPTURE_AUTORELEASING = YES;
				CLANG_WARN_BOOL_CONVERSION = YES;
				CLANG_WARN_COMMA = YES;
				CLANG_WARN_CONSTANT_CONVERSION = YES;
				CLANG_WARN_DEPRECATED_OBJC_IMPLEMENTATIONS = YES;
				CLANG_WARN_DIRECT_OBJC_ISA_USAGE = YES_ERROR;
				CLANG_WARN_DOCUMENTATION_COMMENTS = YES;
				CLANG_WARN_EMPTY_BODY = YES;
				CLANG_WARN_ENUM_CONVERSION = YES;
				CLANG_WARN_INFINITE_RECURSION = YES;
				CLANG_WARN_INT_CONVERSION = YES;
				CLANG_WARN_NON_LITERAL_NULL_CONVERSION = YES;
				CLANG_WARN_OBJC_IMPLICIT_RETAIN_SELF = YES;
				CLANG_WARN_OBJC_LITERAL_CONVERSION = YES;
				CLANG_WARN_OBJC_ROOT_CLASS = YES_ERROR;
				CLANG_WARN_QUOTED_INCLUDE_IN_FRAMEWORK_HEADER = YES;
				CLANG_WARN_RANGE_LOOP_ANALYSIS = YES;
				CLANG_WARN_STRICT_PROTOTYPES = YES;
				CLANG_WARN_SUSPICIOUS_MOVE = YES;
				CLANG_WARN_UNGUARDED_AVAILABILITY = YES_AGGRESSIVE;
				CLANG_WARN_UNREACHABLE_CODE = YES;
				CLANG_WARN__DUPLICATE_METHOD_MATCH = YES;
				COPY_PHASE_STRIP = NO;
				CURRENT_PROJECT_VERSION = 1;
				DEBUG_INFORMATION_FORMAT = "dwarf-with-dsym";
				ENABLE_NS_ASSERTIONS = NO;
				ENABLE_STRICT_OBJC_MSGSEND = YES;
				GCC_C_LANGUAGE_STANDARD = gnu11;
				GCC_NO_COMMON_BLOCKS = YES;
				GCC_WARN_64_TO_32_BIT_CONVERSION = YES;
				GCC_WARN_ABOUT_RETURN_TYPE = YES_ERROR;
				GCC_WARN_UNDECLARED_SELECTOR = YES;
				GCC_WARN_UNINITIALIZED_AUTOS = YES_AGGRESSIVE;
				GCC_WARN_UNUSED_FUNCTION = YES;
				GCC_WARN_UNUSED_VARIABLE = YES;
				MACOSX_DEPLOYMENT_TARGET = 12.4;
				MTL_ENABLE_DEBUG_INFO = NO;
				MTL_FAST_MATH = YES;
				SDKROOT = macosx;
				SWIFT_COMPILATION_MODE = wholemodule;
				SWIFT_OPTIMIZATION_LEVEL = "-O";
				VERSIONING_SYSTEM = "apple-generic";
				VERSION_INFO_PREFIX = "";
			};
			name = Release;
		};
		2E64C004299EB047000451D9 /* Debug */ = {
			isa = XCBuildConfiguration;
			buildSettings = {
				CLANG_ENABLE_MODULES = YES;
				CODE_SIGN_STYLE = Automatic;
				COMBINE_HIDPI_IMAGES = YES;
				CURRENT_PROJECT_VERSION = 1;
				DEFINES_MODULE = YES;
				DEVELOPMENT_TEAM = 8U849676MP;
				DYLIB_COMPATIBILITY_VERSION = 1;
				DYLIB_CURRENT_VERSION = 1;
				DYLIB_INSTALL_NAME_BASE = "@rpath";
				GENERATE_INFOPLIST_FILE = YES;
				INFOPLIST_KEY_NSHumanReadableCopyright = "";
				INSTALL_PATH = "$(LOCAL_LIBRARY_DIR)/Frameworks";
				LD_RUNPATH_SEARCH_PATHS = (
					"$(inherited)",
					"@executable_path/../Frameworks",
					"@loader_path/Frameworks",
				);
				MACOSX_DEPLOYMENT_TARGET = 12.4;
				MARKETING_VERSION = 1.0;
				PRODUCT_BUNDLE_IDENTIFIER = com.volodymyroniuk.BeChatted;
				PRODUCT_NAME = "$(TARGET_NAME:c99extidentifier)";
				SKIP_INSTALL = YES;
				SWIFT_EMIT_LOC_STRINGS = YES;
				SWIFT_OPTIMIZATION_LEVEL = "-Onone";
				SWIFT_VERSION = 5.0;
			};
			name = Debug;
		};
		2E64C005299EB047000451D9 /* Release */ = {
			isa = XCBuildConfiguration;
			buildSettings = {
				CLANG_ENABLE_MODULES = YES;
				CODE_SIGN_STYLE = Automatic;
				COMBINE_HIDPI_IMAGES = YES;
				CURRENT_PROJECT_VERSION = 1;
				DEFINES_MODULE = YES;
				DEVELOPMENT_TEAM = 8U849676MP;
				DYLIB_COMPATIBILITY_VERSION = 1;
				DYLIB_CURRENT_VERSION = 1;
				DYLIB_INSTALL_NAME_BASE = "@rpath";
				GENERATE_INFOPLIST_FILE = YES;
				INFOPLIST_KEY_NSHumanReadableCopyright = "";
				INSTALL_PATH = "$(LOCAL_LIBRARY_DIR)/Frameworks";
				LD_RUNPATH_SEARCH_PATHS = (
					"$(inherited)",
					"@executable_path/../Frameworks",
					"@loader_path/Frameworks",
				);
				MACOSX_DEPLOYMENT_TARGET = 12.4;
				MARKETING_VERSION = 1.0;
				PRODUCT_BUNDLE_IDENTIFIER = com.volodymyroniuk.BeChatted;
				PRODUCT_NAME = "$(TARGET_NAME:c99extidentifier)";
				SKIP_INSTALL = YES;
				SWIFT_EMIT_LOC_STRINGS = YES;
				SWIFT_VERSION = 5.0;
			};
			name = Release;
		};
		2E64C007299EB047000451D9 /* Debug */ = {
			isa = XCBuildConfiguration;
			buildSettings = {
				ALWAYS_EMBED_SWIFT_STANDARD_LIBRARIES = YES;
				CODE_SIGN_STYLE = Automatic;
				CURRENT_PROJECT_VERSION = 1;
				DEVELOPMENT_TEAM = 8U849676MP;
				GENERATE_INFOPLIST_FILE = YES;
				MACOSX_DEPLOYMENT_TARGET = 12.4;
				MARKETING_VERSION = 1.0;
				PRODUCT_BUNDLE_IDENTIFIER = com.volodymyroniuk.BeChattedTests;
				PRODUCT_NAME = "$(TARGET_NAME)";
				SWIFT_EMIT_LOC_STRINGS = NO;
				SWIFT_VERSION = 5.0;
			};
			name = Debug;
		};
		2E64C008299EB047000451D9 /* Release */ = {
			isa = XCBuildConfiguration;
			buildSettings = {
				ALWAYS_EMBED_SWIFT_STANDARD_LIBRARIES = YES;
				CODE_SIGN_STYLE = Automatic;
				CURRENT_PROJECT_VERSION = 1;
				DEVELOPMENT_TEAM = 8U849676MP;
				GENERATE_INFOPLIST_FILE = YES;
				MACOSX_DEPLOYMENT_TARGET = 12.4;
				MARKETING_VERSION = 1.0;
				PRODUCT_BUNDLE_IDENTIFIER = com.volodymyroniuk.BeChattedTests;
				PRODUCT_NAME = "$(TARGET_NAME)";
				SWIFT_EMIT_LOC_STRINGS = NO;
				SWIFT_VERSION = 5.0;
			};
			name = Release;
		};
/* End XCBuildConfiguration section */

/* Begin XCConfigurationList section */
		2E64BFEB299EB046000451D9 /* Build configuration list for PBXProject "BeChatted" */ = {
			isa = XCConfigurationList;
			buildConfigurations = (
				2E64C001299EB047000451D9 /* Debug */,
				2E64C002299EB047000451D9 /* Release */,
			);
			defaultConfigurationIsVisible = 0;
			defaultConfigurationName = Release;
		};
		2E64C003299EB047000451D9 /* Build configuration list for PBXNativeTarget "BeChatted" */ = {
			isa = XCConfigurationList;
			buildConfigurations = (
				2E64C004299EB047000451D9 /* Debug */,
				2E64C005299EB047000451D9 /* Release */,
			);
			defaultConfigurationIsVisible = 0;
			defaultConfigurationName = Release;
		};
		2E64C006299EB047000451D9 /* Build configuration list for PBXNativeTarget "BeChattedTests" */ = {
			isa = XCConfigurationList;
			buildConfigurations = (
				2E64C007299EB047000451D9 /* Debug */,
				2E64C008299EB047000451D9 /* Release */,
			);
			defaultConfigurationIsVisible = 0;
			defaultConfigurationName = Release;
		};
/* End XCConfigurationList section */
	};
	rootObject = 2E64BFE8299EB046000451D9 /* Project object */;
}
