// !$*UTF8*$!
{
	archiveVersion = 1;
	classes = {
	};
	objectVersion = 56;
	objects = {

/* Begin PBXBuildFile section */
		2E40B0612B0E64C2000D2A77 /* BeChattedAuth.framework in Frameworks */ = {isa = PBXBuildFile; fileRef = 2E40B0602B0E64C2000D2A77 /* BeChattedAuth.framework */; };
		2E40B0622B0E64C2000D2A77 /* BeChattedAuth.framework in Embed Frameworks */ = {isa = PBXBuildFile; fileRef = 2E40B0602B0E64C2000D2A77 /* BeChattedAuth.framework */; settings = {ATTRIBUTES = (CodeSignOnCopy, RemoveHeadersOnCopy, ); }; };
		2E73E1692AF6013700DE8E68 /* BeChattedApp.swift in Sources */ = {isa = PBXBuildFile; fileRef = 2E73E1682AF6013700DE8E68 /* BeChattedApp.swift */; };
		2E73E16B2AF6013700DE8E68 /* ContentView.swift in Sources */ = {isa = PBXBuildFile; fileRef = 2E73E16A2AF6013700DE8E68 /* ContentView.swift */; };
		2E73E16D2AF6013900DE8E68 /* Assets.xcassets in Resources */ = {isa = PBXBuildFile; fileRef = 2E73E16C2AF6013900DE8E68 /* Assets.xcassets */; };
		2E73E1702AF6013900DE8E68 /* Preview Assets.xcassets in Resources */ = {isa = PBXBuildFile; fileRef = 2E73E16F2AF6013900DE8E68 /* Preview Assets.xcassets */; };
		2E8333B92B1B6EA2002E67D5 /* RegisterErrorMapper.swift in Sources */ = {isa = PBXBuildFile; fileRef = 2E8333B82B1B6EA2002E67D5 /* RegisterErrorMapper.swift */; };
		2E9D055E2AFF7372007547CD /* LoginViewModelTests.swift in Sources */ = {isa = PBXBuildFile; fileRef = 2E9D055D2AFF7372007547CD /* LoginViewModelTests.swift */; };
		2E9D056D2AFF7BA0007547CD /* BeChattedUserInputValidation.framework in Frameworks */ = {isa = PBXBuildFile; fileRef = 2E9D056C2AFF7BA0007547CD /* BeChattedUserInputValidation.framework */; };
		2E9D056E2AFF7BA0007547CD /* BeChattedUserInputValidation.framework in Embed Frameworks */ = {isa = PBXBuildFile; fileRef = 2E9D056C2AFF7BA0007547CD /* BeChattedUserInputValidation.framework */; settings = {ATTRIBUTES = (CodeSignOnCopy, RemoveHeadersOnCopy, ); }; };
		2E9D05722AFF7E85007547CD /* XCTestCase+MemoryLeakTracking.swift in Sources */ = {isa = PBXBuildFile; fileRef = 2E9D05712AFF7E85007547CD /* XCTestCase+MemoryLeakTracking.swift */; };
		2E9D05742AFF8349007547CD /* LoginViewModel.swift in Sources */ = {isa = PBXBuildFile; fileRef = 2E9D05732AFF8349007547CD /* LoginViewModel.swift */; };
		2E9D05782AFF94D0007547CD /* RegisterViewModelTests.swift in Sources */ = {isa = PBXBuildFile; fileRef = 2E9D05772AFF94D0007547CD /* RegisterViewModelTests.swift */; };
		2E9D057A2AFF9793007547CD /* RegisterViewModel.swift in Sources */ = {isa = PBXBuildFile; fileRef = 2E9D05792AFF9793007547CD /* RegisterViewModel.swift */; };
		2EC7AB182AFA7A2100BFDB29 /* AuthHeaderView.swift in Sources */ = {isa = PBXBuildFile; fileRef = 2EC7AB122AFA7A2100BFDB29 /* AuthHeaderView.swift */; };
		2EC7AB192AFA7A2100BFDB29 /* TextInputView.swift in Sources */ = {isa = PBXBuildFile; fileRef = 2EC7AB132AFA7A2100BFDB29 /* TextInputView.swift */; };
		2EC7AB1A2AFA7A2100BFDB29 /* LoginView.swift in Sources */ = {isa = PBXBuildFile; fileRef = 2EC7AB142AFA7A2100BFDB29 /* LoginView.swift */; };
		2EC7AB1B2AFA7A2100BFDB29 /* MainButtonStyles.swift in Sources */ = {isa = PBXBuildFile; fileRef = 2EC7AB152AFA7A2100BFDB29 /* MainButtonStyles.swift */; };
		2EC7AB1C2AFA7A2100BFDB29 /* RegisterView.swift in Sources */ = {isa = PBXBuildFile; fileRef = 2EC7AB162AFA7A2100BFDB29 /* RegisterView.swift */; };
		2EC7AB1D2AFA7A2100BFDB29 /* SecureInputView.swift in Sources */ = {isa = PBXBuildFile; fileRef = 2EC7AB172AFA7A2100BFDB29 /* SecureInputView.swift */; };
		2ED3A3472B0FAAA700E2987A /* AuthServiceComposer.swift in Sources */ = {isa = PBXBuildFile; fileRef = 2ED3A3462B0FAAA700E2987A /* AuthServiceComposer.swift */; };
		2ED3A3492B0FAEB900E2987A /* AuthModuleComposer.swift in Sources */ = {isa = PBXBuildFile; fileRef = 2ED3A3482B0FAEB900E2987A /* AuthModuleComposer.swift */; };
		2EDCFC4C2B109DEB003BE86A /* AuthServiceStub.swift in Sources */ = {isa = PBXBuildFile; fileRef = 2EDCFC4B2B109DEB003BE86A /* AuthServiceStub.swift */; };
/* End PBXBuildFile section */

/* Begin PBXContainerItemProxy section */
		2E9D05582AFF733F007547CD /* PBXContainerItemProxy */ = {
			isa = PBXContainerItemProxy;
			containerPortal = 2E73E15D2AF6013700DE8E68 /* Project object */;
			proxyType = 1;
			remoteGlobalIDString = 2E73E1642AF6013700DE8E68;
			remoteInfo = BeChatted;
		};
/* End PBXContainerItemProxy section */

/* Begin PBXCopyFilesBuildPhase section */
		2E9D056F2AFF7BA0007547CD /* Embed Frameworks */ = {
			isa = PBXCopyFilesBuildPhase;
			buildActionMask = 2147483647;
			dstPath = "";
			dstSubfolderSpec = 10;
			files = (
				2E9D056E2AFF7BA0007547CD /* BeChattedUserInputValidation.framework in Embed Frameworks */,
				2E40B0622B0E64C2000D2A77 /* BeChattedAuth.framework in Embed Frameworks */,
			);
			name = "Embed Frameworks";
			runOnlyForDeploymentPostprocessing = 0;
		};
/* End PBXCopyFilesBuildPhase section */

/* Begin PBXFileReference section */
		2E40B0602B0E64C2000D2A77 /* BeChattedAuth.framework */ = {isa = PBXFileReference; explicitFileType = wrapper.framework; path = BeChattedAuth.framework; sourceTree = BUILT_PRODUCTS_DIR; };
		2E73E1652AF6013700DE8E68 /* BeChatted.app */ = {isa = PBXFileReference; explicitFileType = wrapper.application; includeInIndex = 0; path = BeChatted.app; sourceTree = BUILT_PRODUCTS_DIR; };
		2E73E1682AF6013700DE8E68 /* BeChattedApp.swift */ = {isa = PBXFileReference; lastKnownFileType = sourcecode.swift; path = BeChattedApp.swift; sourceTree = "<group>"; };
		2E73E16A2AF6013700DE8E68 /* ContentView.swift */ = {isa = PBXFileReference; lastKnownFileType = sourcecode.swift; path = ContentView.swift; sourceTree = "<group>"; };
		2E73E16C2AF6013900DE8E68 /* Assets.xcassets */ = {isa = PBXFileReference; lastKnownFileType = folder.assetcatalog; path = Assets.xcassets; sourceTree = "<group>"; };
		2E73E16F2AF6013900DE8E68 /* Preview Assets.xcassets */ = {isa = PBXFileReference; lastKnownFileType = folder.assetcatalog; path = "Preview Assets.xcassets"; sourceTree = "<group>"; };
		2E8333B82B1B6EA2002E67D5 /* RegisterErrorMapper.swift */ = {isa = PBXFileReference; lastKnownFileType = sourcecode.swift; path = RegisterErrorMapper.swift; sourceTree = "<group>"; };
		2E9D05542AFF733F007547CD /* BeChattedTests.xctest */ = {isa = PBXFileReference; explicitFileType = wrapper.cfbundle; includeInIndex = 0; path = BeChattedTests.xctest; sourceTree = BUILT_PRODUCTS_DIR; };
		2E9D055D2AFF7372007547CD /* LoginViewModelTests.swift */ = {isa = PBXFileReference; lastKnownFileType = sourcecode.swift; path = LoginViewModelTests.swift; sourceTree = "<group>"; };
		2E9D056C2AFF7BA0007547CD /* BeChattedUserInputValidation.framework */ = {isa = PBXFileReference; explicitFileType = wrapper.framework; path = BeChattedUserInputValidation.framework; sourceTree = BUILT_PRODUCTS_DIR; };
		2E9D05712AFF7E85007547CD /* XCTestCase+MemoryLeakTracking.swift */ = {isa = PBXFileReference; lastKnownFileType = sourcecode.swift; path = "XCTestCase+MemoryLeakTracking.swift"; sourceTree = "<group>"; };
		2E9D05732AFF8349007547CD /* LoginViewModel.swift */ = {isa = PBXFileReference; lastKnownFileType = sourcecode.swift; path = LoginViewModel.swift; sourceTree = "<group>"; };
		2E9D05772AFF94D0007547CD /* RegisterViewModelTests.swift */ = {isa = PBXFileReference; lastKnownFileType = sourcecode.swift; path = RegisterViewModelTests.swift; sourceTree = "<group>"; };
		2E9D05792AFF9793007547CD /* RegisterViewModel.swift */ = {isa = PBXFileReference; lastKnownFileType = sourcecode.swift; path = RegisterViewModel.swift; sourceTree = "<group>"; };
		2EC7AB122AFA7A2100BFDB29 /* AuthHeaderView.swift */ = {isa = PBXFileReference; fileEncoding = 4; lastKnownFileType = sourcecode.swift; path = AuthHeaderView.swift; sourceTree = "<group>"; };
		2EC7AB132AFA7A2100BFDB29 /* TextInputView.swift */ = {isa = PBXFileReference; fileEncoding = 4; lastKnownFileType = sourcecode.swift; path = TextInputView.swift; sourceTree = "<group>"; };
		2EC7AB142AFA7A2100BFDB29 /* LoginView.swift */ = {isa = PBXFileReference; fileEncoding = 4; lastKnownFileType = sourcecode.swift; path = LoginView.swift; sourceTree = "<group>"; };
		2EC7AB152AFA7A2100BFDB29 /* MainButtonStyles.swift */ = {isa = PBXFileReference; fileEncoding = 4; lastKnownFileType = sourcecode.swift; path = MainButtonStyles.swift; sourceTree = "<group>"; };
		2EC7AB162AFA7A2100BFDB29 /* RegisterView.swift */ = {isa = PBXFileReference; fileEncoding = 4; lastKnownFileType = sourcecode.swift; path = RegisterView.swift; sourceTree = "<group>"; };
		2EC7AB172AFA7A2100BFDB29 /* SecureInputView.swift */ = {isa = PBXFileReference; fileEncoding = 4; lastKnownFileType = sourcecode.swift; path = SecureInputView.swift; sourceTree = "<group>"; };
		2ED3A3462B0FAAA700E2987A /* AuthServiceComposer.swift */ = {isa = PBXFileReference; lastKnownFileType = sourcecode.swift; path = AuthServiceComposer.swift; sourceTree = "<group>"; };
		2ED3A3482B0FAEB900E2987A /* AuthModuleComposer.swift */ = {isa = PBXFileReference; lastKnownFileType = sourcecode.swift; path = AuthModuleComposer.swift; sourceTree = "<group>"; };
		2EDCFC4B2B109DEB003BE86A /* AuthServiceStub.swift */ = {isa = PBXFileReference; lastKnownFileType = sourcecode.swift; path = AuthServiceStub.swift; sourceTree = "<group>"; };
/* End PBXFileReference section */

/* Begin PBXFrameworksBuildPhase section */
		2E73E1622AF6013700DE8E68 /* Frameworks */ = {
			isa = PBXFrameworksBuildPhase;
			buildActionMask = 2147483647;
			files = (
				2E9D056D2AFF7BA0007547CD /* BeChattedUserInputValidation.framework in Frameworks */,
				2E40B0612B0E64C2000D2A77 /* BeChattedAuth.framework in Frameworks */,
			);
			runOnlyForDeploymentPostprocessing = 0;
		};
		2E9D05512AFF733F007547CD /* Frameworks */ = {
			isa = PBXFrameworksBuildPhase;
			buildActionMask = 2147483647;
			files = (
			);
			runOnlyForDeploymentPostprocessing = 0;
		};
/* End PBXFrameworksBuildPhase section */

/* Begin PBXGroup section */
		2E73E15C2AF6013700DE8E68 = {
			isa = PBXGroup;
			children = (
				2E73E1672AF6013700DE8E68 /* BeChatted */,
				2E9D05552AFF733F007547CD /* BeChattedTests */,
				2E73E1662AF6013700DE8E68 /* Products */,
				2E9D056B2AFF7BA0007547CD /* Frameworks */,
			);
			sourceTree = "<group>";
		};
		2E73E1662AF6013700DE8E68 /* Products */ = {
			isa = PBXGroup;
			children = (
				2E73E1652AF6013700DE8E68 /* BeChatted.app */,
				2E9D05542AFF733F007547CD /* BeChattedTests.xctest */,
			);
			name = Products;
			sourceTree = "<group>";
		};
		2E73E1672AF6013700DE8E68 /* BeChatted */ = {
			isa = PBXGroup;
			children = (
				2E9D054E2AFF7232007547CD /* App */,
				2ED3A34A2B0FB27800E2987A /* Composition Root */,
				2E9D054B2AFF71B9007547CD /* Shared */,
				2E9D05472AFF716A007547CD /* Modules */,
				2E73E16C2AF6013900DE8E68 /* Assets.xcassets */,
				2E73E16E2AF6013900DE8E68 /* Preview Content */,
			);
			path = BeChatted;
			sourceTree = "<group>";
		};
		2E73E16E2AF6013900DE8E68 /* Preview Content */ = {
			isa = PBXGroup;
			children = (
				2E73E16F2AF6013900DE8E68 /* Preview Assets.xcassets */,
			);
			path = "Preview Content";
			sourceTree = "<group>";
		};
		2E8333B72B1B6E94002E67D5 /* Helpers */ = {
			isa = PBXGroup;
			children = (
				2E8333B82B1B6EA2002E67D5 /* RegisterErrorMapper.swift */,
			);
			path = Helpers;
			sourceTree = "<group>";
		};
		2E9D05472AFF716A007547CD /* Modules */ = {
			isa = PBXGroup;
			children = (
				2E9D05482AFF7179007547CD /* Auth */,
			);
			path = Modules;
			sourceTree = "<group>";
		};
		2E9D05482AFF7179007547CD /* Auth */ = {
			isa = PBXGroup;
			children = (
				2E9D054A2AFF718F007547CD /* Register */,
				2E9D05492AFF7181007547CD /* Login */,
			);
			path = Auth;
			sourceTree = "<group>";
		};
		2E9D05492AFF7181007547CD /* Login */ = {
			isa = PBXGroup;
			children = (
				2E9D05732AFF8349007547CD /* LoginViewModel.swift */,
				2EC7AB142AFA7A2100BFDB29 /* LoginView.swift */,
			);
			path = Login;
			sourceTree = "<group>";
		};
		2E9D054A2AFF718F007547CD /* Register */ = {
			isa = PBXGroup;
			children = (
				2E8333B72B1B6E94002E67D5 /* Helpers */,
				2E9D05792AFF9793007547CD /* RegisterViewModel.swift */,
				2EC7AB162AFA7A2100BFDB29 /* RegisterView.swift */,
			);
			path = Register;
			sourceTree = "<group>";
		};
		2E9D054B2AFF71B9007547CD /* Shared */ = {
			isa = PBXGroup;
			children = (
				2E9D054D2AFF7212007547CD /* Styles */,
				2E9D054C2AFF71DA007547CD /* Views */,
			);
			path = Shared;
			sourceTree = "<group>";
		};
		2E9D054C2AFF71DA007547CD /* Views */ = {
			isa = PBXGroup;
			children = (
				2EC7AB122AFA7A2100BFDB29 /* AuthHeaderView.swift */,
				2EC7AB172AFA7A2100BFDB29 /* SecureInputView.swift */,
				2EC7AB132AFA7A2100BFDB29 /* TextInputView.swift */,
			);
			path = Views;
			sourceTree = "<group>";
		};
		2E9D054D2AFF7212007547CD /* Styles */ = {
			isa = PBXGroup;
			children = (
				2EC7AB152AFA7A2100BFDB29 /* MainButtonStyles.swift */,
			);
			path = Styles;
			sourceTree = "<group>";
		};
		2E9D054E2AFF7232007547CD /* App */ = {
			isa = PBXGroup;
			children = (
				2E73E1682AF6013700DE8E68 /* BeChattedApp.swift */,
				2E73E16A2AF6013700DE8E68 /* ContentView.swift */,
			);
			path = App;
			sourceTree = "<group>";
		};
		2E9D05552AFF733F007547CD /* BeChattedTests */ = {
			isa = PBXGroup;
			children = (
				2E9D05702AFF7E6C007547CD /* Helpers */,
				2E9D055D2AFF7372007547CD /* LoginViewModelTests.swift */,
				2E9D05772AFF94D0007547CD /* RegisterViewModelTests.swift */,
			);
			path = BeChattedTests;
			sourceTree = "<group>";
		};
		2E9D056B2AFF7BA0007547CD /* Frameworks */ = {
			isa = PBXGroup;
			children = (
				2E40B0602B0E64C2000D2A77 /* BeChattedAuth.framework */,
				2E9D056C2AFF7BA0007547CD /* BeChattedUserInputValidation.framework */,
			);
			name = Frameworks;
			sourceTree = "<group>";
		};
		2E9D05702AFF7E6C007547CD /* Helpers */ = {
			isa = PBXGroup;
			children = (
				2E9D05712AFF7E85007547CD /* XCTestCase+MemoryLeakTracking.swift */,
				2EDCFC4B2B109DEB003BE86A /* AuthServiceStub.swift */,
			);
			path = Helpers;
			sourceTree = "<group>";
		};
		2ED3A34A2B0FB27800E2987A /* Composition Root */ = {
			isa = PBXGroup;
			children = (
				2ED3A3462B0FAAA700E2987A /* AuthServiceComposer.swift */,
				2ED3A3482B0FAEB900E2987A /* AuthModuleComposer.swift */,
			);
			path = "Composition Root";
			sourceTree = "<group>";
		};
/* End PBXGroup section */

/* Begin PBXNativeTarget section */
		2E73E1642AF6013700DE8E68 /* BeChatted */ = {
			isa = PBXNativeTarget;
			buildConfigurationList = 2E73E1732AF6013900DE8E68 /* Build configuration list for PBXNativeTarget "BeChatted" */;
			buildPhases = (
				2E73E1612AF6013700DE8E68 /* Sources */,
				2E73E1622AF6013700DE8E68 /* Frameworks */,
				2E73E1632AF6013700DE8E68 /* Resources */,
				2E9D056F2AFF7BA0007547CD /* Embed Frameworks */,
			);
			buildRules = (
			);
			dependencies = (
			);
			name = BeChatted;
			productName = BeChatted;
			productReference = 2E73E1652AF6013700DE8E68 /* BeChatted.app */;
			productType = "com.apple.product-type.application";
		};
		2E9D05532AFF733F007547CD /* BeChattedTests */ = {
			isa = PBXNativeTarget;
			buildConfigurationList = 2E9D055A2AFF733F007547CD /* Build configuration list for PBXNativeTarget "BeChattedTests" */;
			buildPhases = (
				2E9D05502AFF733F007547CD /* Sources */,
				2E9D05512AFF733F007547CD /* Frameworks */,
				2E9D05522AFF733F007547CD /* Resources */,
			);
			buildRules = (
			);
			dependencies = (
				2E9D05592AFF733F007547CD /* PBXTargetDependency */,
			);
			name = BeChattedTests;
			productName = BeChattedTests;
			productReference = 2E9D05542AFF733F007547CD /* BeChattedTests.xctest */;
			productType = "com.apple.product-type.bundle.unit-test";
		};
/* End PBXNativeTarget section */

/* Begin PBXProject section */
		2E73E15D2AF6013700DE8E68 /* Project object */ = {
			isa = PBXProject;
			attributes = {
				BuildIndependentTargetsInParallel = 1;
				LastSwiftUpdateCheck = 1500;
				LastUpgradeCheck = 1500;
				TargetAttributes = {
					2E73E1642AF6013700DE8E68 = {
						CreatedOnToolsVersion = 15.0.1;
					};
					2E9D05532AFF733F007547CD = {
						CreatedOnToolsVersion = 15.0.1;
						LastSwiftMigration = 1500;
						TestTargetID = 2E73E1642AF6013700DE8E68;
					};
				};
			};
			buildConfigurationList = 2E73E1602AF6013700DE8E68 /* Build configuration list for PBXProject "BeChatted" */;
			compatibilityVersion = "Xcode 14.0";
			developmentRegion = en;
			hasScannedForEncodings = 0;
			knownRegions = (
				en,
				Base,
			);
			mainGroup = 2E73E15C2AF6013700DE8E68;
			productRefGroup = 2E73E1662AF6013700DE8E68 /* Products */;
			projectDirPath = "";
			projectRoot = "";
			targets = (
				2E73E1642AF6013700DE8E68 /* BeChatted */,
				2E9D05532AFF733F007547CD /* BeChattedTests */,
			);
		};
/* End PBXProject section */

/* Begin PBXResourcesBuildPhase section */
		2E73E1632AF6013700DE8E68 /* Resources */ = {
			isa = PBXResourcesBuildPhase;
			buildActionMask = 2147483647;
			files = (
				2E73E1702AF6013900DE8E68 /* Preview Assets.xcassets in Resources */,
				2E73E16D2AF6013900DE8E68 /* Assets.xcassets in Resources */,
			);
			runOnlyForDeploymentPostprocessing = 0;
		};
		2E9D05522AFF733F007547CD /* Resources */ = {
			isa = PBXResourcesBuildPhase;
			buildActionMask = 2147483647;
			files = (
			);
			runOnlyForDeploymentPostprocessing = 0;
		};
/* End PBXResourcesBuildPhase section */

/* Begin PBXSourcesBuildPhase section */
		2E73E1612AF6013700DE8E68 /* Sources */ = {
			isa = PBXSourcesBuildPhase;
			buildActionMask = 2147483647;
			files = (
				2E8333B92B1B6EA2002E67D5 /* RegisterErrorMapper.swift in Sources */,
				2E73E16B2AF6013700DE8E68 /* ContentView.swift in Sources */,
				2E9D057A2AFF9793007547CD /* RegisterViewModel.swift in Sources */,
				2EC7AB182AFA7A2100BFDB29 /* AuthHeaderView.swift in Sources */,
				2EC7AB1D2AFA7A2100BFDB29 /* SecureInputView.swift in Sources */,
				2EC7AB1B2AFA7A2100BFDB29 /* MainButtonStyles.swift in Sources */,
				2ED3A3472B0FAAA700E2987A /* AuthServiceComposer.swift in Sources */,
				2EC7AB1C2AFA7A2100BFDB29 /* RegisterView.swift in Sources */,
				2EC7AB192AFA7A2100BFDB29 /* TextInputView.swift in Sources */,
				2EC7AB1A2AFA7A2100BFDB29 /* LoginView.swift in Sources */,
				2E73E1692AF6013700DE8E68 /* BeChattedApp.swift in Sources */,
				2E9D05742AFF8349007547CD /* LoginViewModel.swift in Sources */,
				2ED3A3492B0FAEB900E2987A /* AuthModuleComposer.swift in Sources */,
			);
			runOnlyForDeploymentPostprocessing = 0;
		};
		2E9D05502AFF733F007547CD /* Sources */ = {
			isa = PBXSourcesBuildPhase;
			buildActionMask = 2147483647;
			files = (
				2E9D05782AFF94D0007547CD /* RegisterViewModelTests.swift in Sources */,
				2EDCFC4C2B109DEB003BE86A /* AuthServiceStub.swift in Sources */,
				2E9D055E2AFF7372007547CD /* LoginViewModelTests.swift in Sources */,
				2E9D05722AFF7E85007547CD /* XCTestCase+MemoryLeakTracking.swift in Sources */,
			);
			runOnlyForDeploymentPostprocessing = 0;
		};
/* End PBXSourcesBuildPhase section */

/* Begin PBXTargetDependency section */
		2E9D05592AFF733F007547CD /* PBXTargetDependency */ = {
			isa = PBXTargetDependency;
			target = 2E73E1642AF6013700DE8E68 /* BeChatted */;
			targetProxy = 2E9D05582AFF733F007547CD /* PBXContainerItemProxy */;
		};
/* End PBXTargetDependency section */

/* Begin XCBuildConfiguration section */
		2E73E1712AF6013900DE8E68 /* Debug */ = {
			isa = XCBuildConfiguration;
			buildSettings = {
				ALWAYS_SEARCH_USER_PATHS = NO;
				ASSETCATALOG_COMPILER_GENERATE_SWIFT_ASSET_SYMBOL_EXTENSIONS = YES;
				CLANG_ANALYZER_NONNULL = YES;
				CLANG_ANALYZER_NUMBER_OBJECT_CONVERSION = YES_AGGRESSIVE;
				CLANG_CXX_LANGUAGE_STANDARD = "gnu++20";
				CLANG_ENABLE_MODULES = YES;
				CLANG_ENABLE_OBJC_ARC = YES;
				CLANG_ENABLE_OBJC_WEAK = YES;
				CLANG_WARN_BLOCK_CAPTURE_AUTORELEASING = YES;
				CLANG_WARN_BOOL_CONVERSION = YES;
				CLANG_WARN_COMMA = YES;
				CLANG_WARN_CONSTANT_CONVERSION = YES;
				CLANG_WARN_DEPRECATED_OBJC_IMPLEMENTATIONS = YES;
				CLANG_WARN_DIRECT_OBJC_ISA_USAGE = YES_ERROR;
				CLANG_WARN_DOCUMENTATION_COMMENTS = YES;
				CLANG_WARN_EMPTY_BODY = YES;
				CLANG_WARN_ENUM_CONVERSION = YES;
				CLANG_WARN_INFINITE_RECURSION = YES;
				CLANG_WARN_INT_CONVERSION = YES;
				CLANG_WARN_NON_LITERAL_NULL_CONVERSION = YES;
				CLANG_WARN_OBJC_IMPLICIT_RETAIN_SELF = YES;
				CLANG_WARN_OBJC_LITERAL_CONVERSION = YES;
				CLANG_WARN_OBJC_ROOT_CLASS = YES_ERROR;
				CLANG_WARN_QUOTED_INCLUDE_IN_FRAMEWORK_HEADER = YES;
				CLANG_WARN_RANGE_LOOP_ANALYSIS = YES;
				CLANG_WARN_STRICT_PROTOTYPES = YES;
				CLANG_WARN_SUSPICIOUS_MOVE = YES;
				CLANG_WARN_UNGUARDED_AVAILABILITY = YES_AGGRESSIVE;
				CLANG_WARN_UNREACHABLE_CODE = YES;
				CLANG_WARN__DUPLICATE_METHOD_MATCH = YES;
				COPY_PHASE_STRIP = NO;
				DEBUG_INFORMATION_FORMAT = dwarf;
				ENABLE_STRICT_OBJC_MSGSEND = YES;
				ENABLE_TESTABILITY = YES;
				ENABLE_USER_SCRIPT_SANDBOXING = YES;
				GCC_C_LANGUAGE_STANDARD = gnu17;
				GCC_DYNAMIC_NO_PIC = NO;
				GCC_NO_COMMON_BLOCKS = YES;
				GCC_OPTIMIZATION_LEVEL = 0;
				GCC_PREPROCESSOR_DEFINITIONS = (
					"DEBUG=1",
					"$(inherited)",
				);
				GCC_WARN_64_TO_32_BIT_CONVERSION = YES;
				GCC_WARN_ABOUT_RETURN_TYPE = YES_ERROR;
				GCC_WARN_UNDECLARED_SELECTOR = YES;
				GCC_WARN_UNINITIALIZED_AUTOS = YES_AGGRESSIVE;
				GCC_WARN_UNUSED_FUNCTION = YES;
				GCC_WARN_UNUSED_VARIABLE = YES;
				IPHONEOS_DEPLOYMENT_TARGET = 17.0;
				LOCALIZATION_PREFERS_STRING_CATALOGS = YES;
				MTL_ENABLE_DEBUG_INFO = INCLUDE_SOURCE;
				MTL_FAST_MATH = YES;
				ONLY_ACTIVE_ARCH = YES;
				SDKROOT = iphoneos;
				SWIFT_ACTIVE_COMPILATION_CONDITIONS = "DEBUG $(inherited)";
				SWIFT_OPTIMIZATION_LEVEL = "-Onone";
			};
			name = Debug;
		};
		2E73E1722AF6013900DE8E68 /* Release */ = {
			isa = XCBuildConfiguration;
			buildSettings = {
				ALWAYS_SEARCH_USER_PATHS = NO;
				ASSETCATALOG_COMPILER_GENERATE_SWIFT_ASSET_SYMBOL_EXTENSIONS = YES;
				CLANG_ANALYZER_NONNULL = YES;
				CLANG_ANALYZER_NUMBER_OBJECT_CONVERSION = YES_AGGRESSIVE;
				CLANG_CXX_LANGUAGE_STANDARD = "gnu++20";
				CLANG_ENABLE_MODULES = YES;
				CLANG_ENABLE_OBJC_ARC = YES;
				CLANG_ENABLE_OBJC_WEAK = YES;
				CLANG_WARN_BLOCK_CAPTURE_AUTORELEASING = YES;
				CLANG_WARN_BOOL_CONVERSION = YES;
				CLANG_WARN_COMMA = YES;
				CLANG_WARN_CONSTANT_CONVERSION = YES;
				CLANG_WARN_DEPRECATED_OBJC_IMPLEMENTATIONS = YES;
				CLANG_WARN_DIRECT_OBJC_ISA_USAGE = YES_ERROR;
				CLANG_WARN_DOCUMENTATION_COMMENTS = YES;
				CLANG_WARN_EMPTY_BODY = YES;
				CLANG_WARN_ENUM_CONVERSION = YES;
				CLANG_WARN_INFINITE_RECURSION = YES;
				CLANG_WARN_INT_CONVERSION = YES;
				CLANG_WARN_NON_LITERAL_NULL_CONVERSION = YES;
				CLANG_WARN_OBJC_IMPLICIT_RETAIN_SELF = YES;
				CLANG_WARN_OBJC_LITERAL_CONVERSION = YES;
				CLANG_WARN_OBJC_ROOT_CLASS = YES_ERROR;
				CLANG_WARN_QUOTED_INCLUDE_IN_FRAMEWORK_HEADER = YES;
				CLANG_WARN_RANGE_LOOP_ANALYSIS = YES;
				CLANG_WARN_STRICT_PROTOTYPES = YES;
				CLANG_WARN_SUSPICIOUS_MOVE = YES;
				CLANG_WARN_UNGUARDED_AVAILABILITY = YES_AGGRESSIVE;
				CLANG_WARN_UNREACHABLE_CODE = YES;
				CLANG_WARN__DUPLICATE_METHOD_MATCH = YES;
				COPY_PHASE_STRIP = NO;
				DEBUG_INFORMATION_FORMAT = "dwarf-with-dsym";
				ENABLE_NS_ASSERTIONS = NO;
				ENABLE_STRICT_OBJC_MSGSEND = YES;
				ENABLE_USER_SCRIPT_SANDBOXING = YES;
				GCC_C_LANGUAGE_STANDARD = gnu17;
				GCC_NO_COMMON_BLOCKS = YES;
				GCC_WARN_64_TO_32_BIT_CONVERSION = YES;
				GCC_WARN_ABOUT_RETURN_TYPE = YES_ERROR;
				GCC_WARN_UNDECLARED_SELECTOR = YES;
				GCC_WARN_UNINITIALIZED_AUTOS = YES_AGGRESSIVE;
				GCC_WARN_UNUSED_FUNCTION = YES;
				GCC_WARN_UNUSED_VARIABLE = YES;
				IPHONEOS_DEPLOYMENT_TARGET = 17.0;
				LOCALIZATION_PREFERS_STRING_CATALOGS = YES;
				MTL_ENABLE_DEBUG_INFO = NO;
				MTL_FAST_MATH = YES;
				SDKROOT = iphoneos;
				SWIFT_COMPILATION_MODE = wholemodule;
				VALIDATE_PRODUCT = YES;
			};
			name = Release;
		};
		2E73E1742AF6013900DE8E68 /* Debug */ = {
			isa = XCBuildConfiguration;
			buildSettings = {
				ASSETCATALOG_COMPILER_APPICON_NAME = AppIcon;
				ASSETCATALOG_COMPILER_GLOBAL_ACCENT_COLOR_NAME = AccentColor;
				CODE_SIGN_STYLE = Automatic;
				CURRENT_PROJECT_VERSION = 1;
				DEVELOPMENT_ASSET_PATHS = "\"BeChatted/Preview Content\"";
				DEVELOPMENT_TEAM = 8U849676MP;
				ENABLE_PREVIEWS = YES;
				GENERATE_INFOPLIST_FILE = YES;
				INFOPLIST_KEY_UIApplicationSceneManifest_Generation = YES;
				INFOPLIST_KEY_UIApplicationSupportsIndirectInputEvents = YES;
				INFOPLIST_KEY_UILaunchScreen_Generation = YES;
				INFOPLIST_KEY_UISupportedInterfaceOrientations = UIInterfaceOrientationPortrait;
				INFOPLIST_KEY_UISupportedInterfaceOrientations_iPad = "UIInterfaceOrientationLandscapeLeft UIInterfaceOrientationLandscapeRight UIInterfaceOrientationPortrait UIInterfaceOrientationPortraitUpsideDown";
				INFOPLIST_KEY_UIUserInterfaceStyle = Light;
				IPHONEOS_DEPLOYMENT_TARGET = 17.0;
				LD_RUNPATH_SEARCH_PATHS = (
					"$(inherited)",
					"@executable_path/Frameworks",
				);
				MARKETING_VERSION = 1.0;
				PRODUCT_BUNDLE_IDENTIFIER = com.volodymyroniuk.BeChatted;
				PRODUCT_NAME = "$(TARGET_NAME)";
				SWIFT_EMIT_LOC_STRINGS = YES;
				SWIFT_VERSION = 5.0;
				TARGETED_DEVICE_FAMILY = "1,2";
			};
			name = Debug;
		};
		2E73E1752AF6013900DE8E68 /* Release */ = {
			isa = XCBuildConfiguration;
			buildSettings = {
				ASSETCATALOG_COMPILER_APPICON_NAME = AppIcon;
				ASSETCATALOG_COMPILER_GLOBAL_ACCENT_COLOR_NAME = AccentColor;
				CODE_SIGN_STYLE = Automatic;
				CURRENT_PROJECT_VERSION = 1;
				DEVELOPMENT_ASSET_PATHS = "\"BeChatted/Preview Content\"";
				DEVELOPMENT_TEAM = 8U849676MP;
				ENABLE_PREVIEWS = YES;
				GENERATE_INFOPLIST_FILE = YES;
				INFOPLIST_KEY_UIApplicationSceneManifest_Generation = YES;
				INFOPLIST_KEY_UIApplicationSupportsIndirectInputEvents = YES;
				INFOPLIST_KEY_UILaunchScreen_Generation = YES;
				INFOPLIST_KEY_UISupportedInterfaceOrientations = UIInterfaceOrientationPortrait;
				INFOPLIST_KEY_UISupportedInterfaceOrientations_iPad = "UIInterfaceOrientationLandscapeLeft UIInterfaceOrientationLandscapeRight UIInterfaceOrientationPortrait UIInterfaceOrientationPortraitUpsideDown";
				INFOPLIST_KEY_UIUserInterfaceStyle = Light;
				IPHONEOS_DEPLOYMENT_TARGET = 17.0;
				LD_RUNPATH_SEARCH_PATHS = (
					"$(inherited)",
					"@executable_path/Frameworks",
				);
				MARKETING_VERSION = 1.0;
				PRODUCT_BUNDLE_IDENTIFIER = com.volodymyroniuk.BeChatted;
				PRODUCT_NAME = "$(TARGET_NAME)";
				SWIFT_EMIT_LOC_STRINGS = YES;
				SWIFT_VERSION = 5.0;
				TARGETED_DEVICE_FAMILY = "1,2";
			};
			name = Release;
		};
		2E9D055B2AFF733F007547CD /* Debug */ = {
			isa = XCBuildConfiguration;
			buildSettings = {
				BUNDLE_LOADER = "$(TEST_HOST)";
				CLANG_ENABLE_MODULES = YES;
				CODE_SIGN_STYLE = Automatic;
				CURRENT_PROJECT_VERSION = 1;
				DEVELOPMENT_TEAM = 8U849676MP;
				GENERATE_INFOPLIST_FILE = YES;
				IPHONEOS_DEPLOYMENT_TARGET = 17.0;
				MARKETING_VERSION = 1.0;
				PRODUCT_BUNDLE_IDENTIFIER = com.volodymyroniuk.BeChattedTests;
				PRODUCT_NAME = "$(TARGET_NAME)";
				SWIFT_EMIT_LOC_STRINGS = NO;
				SWIFT_OPTIMIZATION_LEVEL = "-Onone";
				SWIFT_VERSION = 5.0;
				TARGETED_DEVICE_FAMILY = "1,2";
				TEST_HOST = "$(BUILT_PRODUCTS_DIR)/BeChatted.app/$(BUNDLE_EXECUTABLE_FOLDER_PATH)/BeChatted";
			};
			name = Debug;
		};
		2E9D055C2AFF733F007547CD /* Release */ = {
			isa = XCBuildConfiguration;
			buildSettings = {
				BUNDLE_LOADER = "$(TEST_HOST)";
				CLANG_ENABLE_MODULES = YES;
				CODE_SIGN_STYLE = Automatic;
				CURRENT_PROJECT_VERSION = 1;
				DEVELOPMENT_TEAM = 8U849676MP;
				GENERATE_INFOPLIST_FILE = YES;
				IPHONEOS_DEPLOYMENT_TARGET = 17.0;
				MARKETING_VERSION = 1.0;
				PRODUCT_BUNDLE_IDENTIFIER = com.volodymyroniuk.BeChattedTests;
				PRODUCT_NAME = "$(TARGET_NAME)";
				SWIFT_EMIT_LOC_STRINGS = NO;
				SWIFT_VERSION = 5.0;
				TARGETED_DEVICE_FAMILY = "1,2";
				TEST_HOST = "$(BUILT_PRODUCTS_DIR)/BeChatted.app/$(BUNDLE_EXECUTABLE_FOLDER_PATH)/BeChatted";
			};
			name = Release;
		};
/* End XCBuildConfiguration section */

/* Begin XCConfigurationList section */
		2E73E1602AF6013700DE8E68 /* Build configuration list for PBXProject "BeChatted" */ = {
			isa = XCConfigurationList;
			buildConfigurations = (
				2E73E1712AF6013900DE8E68 /* Debug */,
				2E73E1722AF6013900DE8E68 /* Release */,
			);
			defaultConfigurationIsVisible = 0;
			defaultConfigurationName = Release;
		};
		2E73E1732AF6013900DE8E68 /* Build configuration list for PBXNativeTarget "BeChatted" */ = {
			isa = XCConfigurationList;
			buildConfigurations = (
				2E73E1742AF6013900DE8E68 /* Debug */,
				2E73E1752AF6013900DE8E68 /* Release */,
			);
			defaultConfigurationIsVisible = 0;
			defaultConfigurationName = Release;
		};
		2E9D055A2AFF733F007547CD /* Build configuration list for PBXNativeTarget "BeChattedTests" */ = {
			isa = XCConfigurationList;
			buildConfigurations = (
				2E9D055B2AFF733F007547CD /* Debug */,
				2E9D055C2AFF733F007547CD /* Release */,
			);
			defaultConfigurationIsVisible = 0;
			defaultConfigurationName = Release;
		};
/* End XCConfigurationList section */
	};
	rootObject = 2E73E15D2AF6013700DE8E68 /* Project object */;
}
