// !$*UTF8*$!
{
	archiveVersion = 1;
	classes = {
	};
	objectVersion = 56;
	objects = {

/* Begin PBXBuildFile section */
		2E0792A12BAC161A004D7FD2 /* CreateChannelButtonStyle.swift in Sources */ = {isa = PBXBuildFile; fileRef = 2E07929F2BAC1606004D7FD2 /* CreateChannelButtonStyle.swift */; };
		2E302CD32BD793B500135D83 /* ChannelsViewModelTests.swift in Sources */ = {isa = PBXBuildFile; fileRef = 2E302CD22BD793B500135D83 /* ChannelsViewModelTests.swift */; };
		2E4F6C042BDA510500BBBCC5 /* ChannelsViewModel.swift in Sources */ = {isa = PBXBuildFile; fileRef = 2E4F6C032BDA510500BBBCC5 /* ChannelsViewModel.swift */; };
		2E4FC5842BE26ECF00061DE6 /* ChannelsLoadingIssueContentView.swift in Sources */ = {isa = PBXBuildFile; fileRef = 2E4FC5832BE26ECF00061DE6 /* ChannelsLoadingIssueContentView.swift */; };
		2E4FC5862BE2717400061DE6 /* ChannelTitleView.swift in Sources */ = {isa = PBXBuildFile; fileRef = 2E4FC5852BE2717400061DE6 /* ChannelTitleView.swift */; };
		2E4FC5882BE2719500061DE6 /* ChannelItemView.swift in Sources */ = {isa = PBXBuildFile; fileRef = 2E4FC5872BE2719500061DE6 /* ChannelItemView.swift */; };
		2E4FC58A2BE273E600061DE6 /* ChannelsLoadingServiceProtocol.swift in Sources */ = {isa = PBXBuildFile; fileRef = 2E4FC5892BE273E600061DE6 /* ChannelsLoadingServiceProtocol.swift */; };
		2E4FC58D2BE274A300061DE6 /* ChannelItem.swift in Sources */ = {isa = PBXBuildFile; fileRef = 2E4FC58C2BE274A300061DE6 /* ChannelItem.swift */; };
		2E4FC5902BE2751100061DE6 /* ChannelsViewModelResultMapper.swift in Sources */ = {isa = PBXBuildFile; fileRef = 2E4FC58F2BE2751000061DE6 /* ChannelsViewModelResultMapper.swift */; };
		2E5EFF692BA824FD00EA65E8 /* ChannelsViewComposer.swift in Sources */ = {isa = PBXBuildFile; fileRef = 2E5EFF672BA824E500EA65E8 /* ChannelsViewComposer.swift */; };
		2E5EFF6A2BA8250500EA65E8 /* ChannelsView.swift in Sources */ = {isa = PBXBuildFile; fileRef = 2E5EFF642BA823BD00EA65E8 /* ChannelsView.swift */; };
		2E82F22B2B8896D100802ED5 /* UserInputValidatorProtocol.swift in Sources */ = {isa = PBXBuildFile; fileRef = 2E82F22A2B8896D100802ED5 /* UserInputValidatorProtocol.swift */; };
		2E82F22D2B88970E00802ED5 /* AuthServiceProtocol.swift in Sources */ = {isa = PBXBuildFile; fileRef = 2E82F22C2B88970E00802ED5 /* AuthServiceProtocol.swift */; };
		2E82F22F2B88978100802ED5 /* LoginPayload.swift in Sources */ = {isa = PBXBuildFile; fileRef = 2E82F22E2B88978100802ED5 /* LoginPayload.swift */; };
		2E82F2312B8897A300802ED5 /* LoginInfo.swift in Sources */ = {isa = PBXBuildFile; fileRef = 2E82F2302B8897A300802ED5 /* LoginInfo.swift */; };
		2E82F2332B8897C200802ED5 /* CreateAccountPayload.swift in Sources */ = {isa = PBXBuildFile; fileRef = 2E82F2322B8897C200802ED5 /* CreateAccountPayload.swift */; };
		2E82F2352B8897DE00802ED5 /* AddUserPayload.swift in Sources */ = {isa = PBXBuildFile; fileRef = 2E82F2342B8897DE00802ED5 /* AddUserPayload.swift */; };
		2E82F2372B8897FA00802ED5 /* AddedUserInfo.swift in Sources */ = {isa = PBXBuildFile; fileRef = 2E82F2362B8897FA00802ED5 /* AddedUserInfo.swift */; };
		2E82F23B2B889FE500802ED5 /* Assets.xcassets in Resources */ = {isa = PBXBuildFile; fileRef = 2E82F23A2B889FE500802ED5 /* Assets.xcassets */; };
		2E82F23F2B88A63F00802ED5 /* ColorProvider.swift in Sources */ = {isa = PBXBuildFile; fileRef = 2E82F23D2B88A62F00802ED5 /* ColorProvider.swift */; };
		2E82F2462B88A7A800802ED5 /* SecureInputView.swift in Sources */ = {isa = PBXBuildFile; fileRef = 2E82F2422B88A79600802ED5 /* SecureInputView.swift */; };
		2E82F2472B88A7AD00802ED5 /* TextInputView.swift in Sources */ = {isa = PBXBuildFile; fileRef = 2E82F2432B88A79600802ED5 /* TextInputView.swift */; };
		2E82F2482B88A7B100802ED5 /* AuthHeaderView.swift in Sources */ = {isa = PBXBuildFile; fileRef = 2E82F2402B88A78500802ED5 /* AuthHeaderView.swift */; };
		2E82F24B2B88AB9E00802ED5 /* View+KeyboardVisibility.swift in Sources */ = {isa = PBXBuildFile; fileRef = 2E82F2492B88AB9E00802ED5 /* View+KeyboardVisibility.swift */; };
		2E82F2752B88C75A00802ED5 /* Assets.xcassets in Resources */ = {isa = PBXBuildFile; fileRef = 2E82F23A2B889FE500802ED5 /* Assets.xcassets */; };
		2E82F2772B88CA4900802ED5 /* LoginViewComposer.swift in Sources */ = {isa = PBXBuildFile; fileRef = 2E82F2762B88CA4900802ED5 /* LoginViewComposer.swift */; };
		2EB37C962B873791003990B0 /* BeChatted.framework in Frameworks */ = {isa = PBXBuildFile; fileRef = 2EEADCA32B83346B009EE7CE /* BeChatted.framework */; };
		2EB37CA02B8737E0003990B0 /* LoginViewModelTests.swift in Sources */ = {isa = PBXBuildFile; fileRef = 2EB37C9C2B8737E0003990B0 /* LoginViewModelTests.swift */; };
		2EB37CA12B8737E0003990B0 /* XCTestCase+MemoryLeakTracking.swift in Sources */ = {isa = PBXBuildFile; fileRef = 2EB37C9E2B8737E0003990B0 /* XCTestCase+MemoryLeakTracking.swift */; };
		2EB37CA22B8737E0003990B0 /* AuthServiceStub.swift in Sources */ = {isa = PBXBuildFile; fileRef = 2EB37C9F2B8737E0003990B0 /* AuthServiceStub.swift */; };
		2EB37CAE2B873E36003990B0 /* RegisterViewModel.swift in Sources */ = {isa = PBXBuildFile; fileRef = 2EB37CA62B873E36003990B0 /* RegisterViewModel.swift */; };
		2EB37CB42B873E50003990B0 /* RegisterSuccessView.swift in Sources */ = {isa = PBXBuildFile; fileRef = 2EB37CA82B873E36003990B0 /* RegisterSuccessView.swift */; };
		2EB37CB62B873E58003990B0 /* RegisterInputView.swift in Sources */ = {isa = PBXBuildFile; fileRef = 2EB37CAA2B873E36003990B0 /* RegisterInputView.swift */; };
		2EB37CB72B873E5D003990B0 /* RegisterHeaderView.swift in Sources */ = {isa = PBXBuildFile; fileRef = 2EB37CAB2B873E36003990B0 /* RegisterHeaderView.swift */; };
		2EB37CB82B873E61003990B0 /* RegisterView.swift in Sources */ = {isa = PBXBuildFile; fileRef = 2EB37CAC2B873E36003990B0 /* RegisterView.swift */; };
		2EB37CBA2B874119003990B0 /* RegisterViewModelTests.swift in Sources */ = {isa = PBXBuildFile; fileRef = 2EB37CB92B874119003990B0 /* RegisterViewModelTests.swift */; };
		2EB37CBC2B874240003990B0 /* EmailValidatorStub.swift in Sources */ = {isa = PBXBuildFile; fileRef = 2EB37CBB2B874240003990B0 /* EmailValidatorStub.swift */; };
		2EB37CBE2B87427B003990B0 /* PasswordValidatorStub.swift in Sources */ = {isa = PBXBuildFile; fileRef = 2EB37CBD2B87427B003990B0 /* PasswordValidatorStub.swift */; };
		2EB37CC02B87433D003990B0 /* Bundle+DisplayName.swift in Sources */ = {isa = PBXBuildFile; fileRef = 2EB37CBF2B87433D003990B0 /* Bundle+DisplayName.swift */; };
		2EBE980F2B89F1BD009EB16C /* ImageProvider.swift in Sources */ = {isa = PBXBuildFile; fileRef = 2EBE980E2B89F1BD009EB16C /* ImageProvider.swift */; };
		2EBE98122B89F413009EB16C /* AuthFooterView.swift in Sources */ = {isa = PBXBuildFile; fileRef = 2EBE98112B89F413009EB16C /* AuthFooterView.swift */; };
		2EBE98162B89FD1E009EB16C /* RegisterViewComposer.swift in Sources */ = {isa = PBXBuildFile; fileRef = 2EBE98142B89FD09009EB16C /* RegisterViewComposer.swift */; };
		2EBF51412BFF00BE001EA238 /* CreateChannelViewModel.swift in Sources */ = {isa = PBXBuildFile; fileRef = 2EBF51402BFF00BE001EA238 /* CreateChannelViewModel.swift */; };
		2EBF51432BFF00E9001EA238 /* CreateChannelView.swift in Sources */ = {isa = PBXBuildFile; fileRef = 2EBF51422BFF00E9001EA238 /* CreateChannelView.swift */; };
		2EBF51452BFF0109001EA238 /* CreateChannelViewModelTests.swift in Sources */ = {isa = PBXBuildFile; fileRef = 2EBF51442BFF0109001EA238 /* CreateChannelViewModelTests.swift */; };
		2EBF51482BFF0144001EA238 /* CreateChannelServiceProtocol.swift in Sources */ = {isa = PBXBuildFile; fileRef = 2EBF51472BFF0144001EA238 /* CreateChannelServiceProtocol.swift */; };
		2EC3EE912B85C515007B6D10 /* LoginViewModel.swift in Sources */ = {isa = PBXBuildFile; fileRef = 2EC3EE8B2B85C515007B6D10 /* LoginViewModel.swift */; };
		2EC3EE9B2B85C520007B6D10 /* AuthError.swift in Sources */ = {isa = PBXBuildFile; fileRef = 2EC3EE982B85C520007B6D10 /* AuthError.swift */; };
		2EC3EE9D2B85C531007B6D10 /* AuthButtonStyle.swift in Sources */ = {isa = PBXBuildFile; fileRef = 2EC3EE972B85C520007B6D10 /* AuthButtonStyle.swift */; };
		2EC3EE9F2B85C5B0007B6D10 /* LoginView.swift in Sources */ = {isa = PBXBuildFile; fileRef = 2EC3EE8E2B85C515007B6D10 /* LoginView.swift */; };
		2EC3EEA02B85C5BC007B6D10 /* LoginInputView.swift in Sources */ = {isa = PBXBuildFile; fileRef = 2EC3EE8F2B85C515007B6D10 /* LoginInputView.swift */; };
		2EC3EEA12B85C5C4007B6D10 /* LoginHeaderView.swift in Sources */ = {isa = PBXBuildFile; fileRef = 2EC3EE902B85C515007B6D10 /* LoginHeaderView.swift */; };
		2EC7E5132BF482C50047FCD9 /* BeChatted.framework in Frameworks */ = {isa = PBXBuildFile; fileRef = 2EEADCA32B83346B009EE7CE /* BeChatted.framework */; };
		2EC7E5142BF482C50047FCD9 /* BeChatted.framework in Embed Frameworks */ = {isa = PBXBuildFile; fileRef = 2EEADCA32B83346B009EE7CE /* BeChatted.framework */; settings = {ATTRIBUTES = (CodeSignOnCopy, RemoveHeadersOnCopy, ); }; };
		2ED1A21A2BFB16CE00973571 /* ChannelItem+Equatable.swift in Sources */ = {isa = PBXBuildFile; fileRef = 2ED1A2192BFB16CE00973571 /* ChannelItem+Equatable.swift */; };
		2EEADCA72B83346B009EE7CE /* BeChatted.h in Headers */ = {isa = PBXBuildFile; fileRef = 2EEADCA62B83346B009EE7CE /* BeChatted.h */; settings = {ATTRIBUTES = (Public, ); }; };
		2EEADCF32B833BD1009EE7CE /* BeChatted.h in Headers */ = {isa = PBXBuildFile; fileRef = 2EEADCA62B83346B009EE7CE /* BeChatted.h */; settings = {ATTRIBUTES = (Public, ); }; };
/* End PBXBuildFile section */

/* Begin PBXContainerItemProxy section */
		2EB37C972B873791003990B0 /* PBXContainerItemProxy */ = {
			isa = PBXContainerItemProxy;
			containerPortal = 2EEADC9A2B83346B009EE7CE /* Project object */;
			proxyType = 1;
			remoteGlobalIDString = 2EEADCA22B83346B009EE7CE;
			remoteInfo = BeChatted;
		};
		2EC7E5152BF482C50047FCD9 /* PBXContainerItemProxy */ = {
			isa = PBXContainerItemProxy;
			containerPortal = 2EEADC9A2B83346B009EE7CE /* Project object */;
			proxyType = 1;
			remoteGlobalIDString = 2EEADCA22B83346B009EE7CE;
			remoteInfo = BeChatted;
		};
/* End PBXContainerItemProxy section */

/* Begin PBXCopyFilesBuildPhase section */
		2EC7E5172BF482C50047FCD9 /* Embed Frameworks */ = {
			isa = PBXCopyFilesBuildPhase;
			buildActionMask = 2147483647;
			dstPath = "";
			dstSubfolderSpec = 10;
			files = (
				2EC7E5142BF482C50047FCD9 /* BeChatted.framework in Embed Frameworks */,
			);
			name = "Embed Frameworks";
			runOnlyForDeploymentPostprocessing = 0;
		};
/* End PBXCopyFilesBuildPhase section */

/* Begin PBXFileReference section */
		2E07929F2BAC1606004D7FD2 /* CreateChannelButtonStyle.swift */ = {isa = PBXFileReference; lastKnownFileType = sourcecode.swift; path = CreateChannelButtonStyle.swift; sourceTree = "<group>"; };
		2E302CD22BD793B500135D83 /* ChannelsViewModelTests.swift */ = {isa = PBXFileReference; lastKnownFileType = sourcecode.swift; path = ChannelsViewModelTests.swift; sourceTree = "<group>"; };
		2E4F6C032BDA510500BBBCC5 /* ChannelsViewModel.swift */ = {isa = PBXFileReference; lastKnownFileType = sourcecode.swift; path = ChannelsViewModel.swift; sourceTree = "<group>"; };
		2E4FC5832BE26ECF00061DE6 /* ChannelsLoadingIssueContentView.swift */ = {isa = PBXFileReference; lastKnownFileType = sourcecode.swift; path = ChannelsLoadingIssueContentView.swift; sourceTree = "<group>"; };
		2E4FC5852BE2717400061DE6 /* ChannelTitleView.swift */ = {isa = PBXFileReference; lastKnownFileType = sourcecode.swift; path = ChannelTitleView.swift; sourceTree = "<group>"; };
		2E4FC5872BE2719500061DE6 /* ChannelItemView.swift */ = {isa = PBXFileReference; lastKnownFileType = sourcecode.swift; path = ChannelItemView.swift; sourceTree = "<group>"; };
		2E4FC5892BE273E600061DE6 /* ChannelsLoadingServiceProtocol.swift */ = {isa = PBXFileReference; lastKnownFileType = sourcecode.swift; path = ChannelsLoadingServiceProtocol.swift; sourceTree = "<group>"; };
		2E4FC58C2BE274A300061DE6 /* ChannelItem.swift */ = {isa = PBXFileReference; lastKnownFileType = sourcecode.swift; path = ChannelItem.swift; sourceTree = "<group>"; };
		2E4FC58F2BE2751000061DE6 /* ChannelsViewModelResultMapper.swift */ = {isa = PBXFileReference; lastKnownFileType = sourcecode.swift; path = ChannelsViewModelResultMapper.swift; sourceTree = "<group>"; };
		2E5EFF642BA823BD00EA65E8 /* ChannelsView.swift */ = {isa = PBXFileReference; lastKnownFileType = sourcecode.swift; path = ChannelsView.swift; sourceTree = "<group>"; };
		2E5EFF672BA824E500EA65E8 /* ChannelsViewComposer.swift */ = {isa = PBXFileReference; lastKnownFileType = sourcecode.swift; path = ChannelsViewComposer.swift; sourceTree = "<group>"; };
		2E82F22A2B8896D100802ED5 /* UserInputValidatorProtocol.swift */ = {isa = PBXFileReference; lastKnownFileType = sourcecode.swift; path = UserInputValidatorProtocol.swift; sourceTree = "<group>"; };
		2E82F22C2B88970E00802ED5 /* AuthServiceProtocol.swift */ = {isa = PBXFileReference; lastKnownFileType = sourcecode.swift; path = AuthServiceProtocol.swift; sourceTree = "<group>"; };
		2E82F22E2B88978100802ED5 /* LoginPayload.swift */ = {isa = PBXFileReference; lastKnownFileType = sourcecode.swift; path = LoginPayload.swift; sourceTree = "<group>"; };
		2E82F2302B8897A300802ED5 /* LoginInfo.swift */ = {isa = PBXFileReference; lastKnownFileType = sourcecode.swift; path = LoginInfo.swift; sourceTree = "<group>"; };
		2E82F2322B8897C200802ED5 /* CreateAccountPayload.swift */ = {isa = PBXFileReference; lastKnownFileType = sourcecode.swift; path = CreateAccountPayload.swift; sourceTree = "<group>"; };
		2E82F2342B8897DE00802ED5 /* AddUserPayload.swift */ = {isa = PBXFileReference; lastKnownFileType = sourcecode.swift; path = AddUserPayload.swift; sourceTree = "<group>"; };
		2E82F2362B8897FA00802ED5 /* AddedUserInfo.swift */ = {isa = PBXFileReference; lastKnownFileType = sourcecode.swift; path = AddedUserInfo.swift; sourceTree = "<group>"; };
		2E82F23A2B889FE500802ED5 /* Assets.xcassets */ = {isa = PBXFileReference; lastKnownFileType = folder.assetcatalog; path = Assets.xcassets; sourceTree = "<group>"; };
		2E82F23D2B88A62F00802ED5 /* ColorProvider.swift */ = {isa = PBXFileReference; lastKnownFileType = sourcecode.swift; path = ColorProvider.swift; sourceTree = "<group>"; };
		2E82F2402B88A78500802ED5 /* AuthHeaderView.swift */ = {isa = PBXFileReference; fileEncoding = 4; lastKnownFileType = sourcecode.swift; path = AuthHeaderView.swift; sourceTree = "<group>"; };
		2E82F2422B88A79600802ED5 /* SecureInputView.swift */ = {isa = PBXFileReference; fileEncoding = 4; lastKnownFileType = sourcecode.swift; path = SecureInputView.swift; sourceTree = "<group>"; };
		2E82F2432B88A79600802ED5 /* TextInputView.swift */ = {isa = PBXFileReference; fileEncoding = 4; lastKnownFileType = sourcecode.swift; path = TextInputView.swift; sourceTree = "<group>"; };
		2E82F2492B88AB9E00802ED5 /* View+KeyboardVisibility.swift */ = {isa = PBXFileReference; fileEncoding = 4; lastKnownFileType = sourcecode.swift; path = "View+KeyboardVisibility.swift"; sourceTree = "<group>"; };
		2E82F2762B88CA4900802ED5 /* LoginViewComposer.swift */ = {isa = PBXFileReference; lastKnownFileType = sourcecode.swift; path = LoginViewComposer.swift; sourceTree = "<group>"; };
		2EB37C922B873791003990B0 /* BeChattedTests.xctest */ = {isa = PBXFileReference; explicitFileType = wrapper.cfbundle; includeInIndex = 0; path = BeChattedTests.xctest; sourceTree = BUILT_PRODUCTS_DIR; };
		2EB37C9C2B8737E0003990B0 /* LoginViewModelTests.swift */ = {isa = PBXFileReference; fileEncoding = 4; lastKnownFileType = sourcecode.swift; path = LoginViewModelTests.swift; sourceTree = "<group>"; };
		2EB37C9E2B8737E0003990B0 /* XCTestCase+MemoryLeakTracking.swift */ = {isa = PBXFileReference; fileEncoding = 4; lastKnownFileType = sourcecode.swift; path = "XCTestCase+MemoryLeakTracking.swift"; sourceTree = "<group>"; };
		2EB37C9F2B8737E0003990B0 /* AuthServiceStub.swift */ = {isa = PBXFileReference; fileEncoding = 4; lastKnownFileType = sourcecode.swift; path = AuthServiceStub.swift; sourceTree = "<group>"; };
		2EB37CA62B873E36003990B0 /* RegisterViewModel.swift */ = {isa = PBXFileReference; fileEncoding = 4; lastKnownFileType = sourcecode.swift; path = RegisterViewModel.swift; sourceTree = "<group>"; };
		2EB37CA82B873E36003990B0 /* RegisterSuccessView.swift */ = {isa = PBXFileReference; fileEncoding = 4; lastKnownFileType = sourcecode.swift; path = RegisterSuccessView.swift; sourceTree = "<group>"; };
		2EB37CAA2B873E36003990B0 /* RegisterInputView.swift */ = {isa = PBXFileReference; fileEncoding = 4; lastKnownFileType = sourcecode.swift; path = RegisterInputView.swift; sourceTree = "<group>"; };
		2EB37CAB2B873E36003990B0 /* RegisterHeaderView.swift */ = {isa = PBXFileReference; fileEncoding = 4; lastKnownFileType = sourcecode.swift; path = RegisterHeaderView.swift; sourceTree = "<group>"; };
		2EB37CAC2B873E36003990B0 /* RegisterView.swift */ = {isa = PBXFileReference; fileEncoding = 4; lastKnownFileType = sourcecode.swift; path = RegisterView.swift; sourceTree = "<group>"; };
		2EB37CB92B874119003990B0 /* RegisterViewModelTests.swift */ = {isa = PBXFileReference; fileEncoding = 4; lastKnownFileType = sourcecode.swift; path = RegisterViewModelTests.swift; sourceTree = "<group>"; };
		2EB37CBB2B874240003990B0 /* EmailValidatorStub.swift */ = {isa = PBXFileReference; lastKnownFileType = sourcecode.swift; path = EmailValidatorStub.swift; sourceTree = "<group>"; };
		2EB37CBD2B87427B003990B0 /* PasswordValidatorStub.swift */ = {isa = PBXFileReference; lastKnownFileType = sourcecode.swift; path = PasswordValidatorStub.swift; sourceTree = "<group>"; };
		2EB37CBF2B87433D003990B0 /* Bundle+DisplayName.swift */ = {isa = PBXFileReference; fileEncoding = 4; lastKnownFileType = sourcecode.swift; path = "Bundle+DisplayName.swift"; sourceTree = "<group>"; };
		2EBE980E2B89F1BD009EB16C /* ImageProvider.swift */ = {isa = PBXFileReference; lastKnownFileType = sourcecode.swift; path = ImageProvider.swift; sourceTree = "<group>"; };
		2EBE98112B89F413009EB16C /* AuthFooterView.swift */ = {isa = PBXFileReference; lastKnownFileType = sourcecode.swift; path = AuthFooterView.swift; sourceTree = "<group>"; };
		2EBE98142B89FD09009EB16C /* RegisterViewComposer.swift */ = {isa = PBXFileReference; lastKnownFileType = sourcecode.swift; path = RegisterViewComposer.swift; sourceTree = "<group>"; };
		2EBF51402BFF00BE001EA238 /* CreateChannelViewModel.swift */ = {isa = PBXFileReference; lastKnownFileType = sourcecode.swift; path = CreateChannelViewModel.swift; sourceTree = "<group>"; };
		2EBF51422BFF00E9001EA238 /* CreateChannelView.swift */ = {isa = PBXFileReference; lastKnownFileType = sourcecode.swift; path = CreateChannelView.swift; sourceTree = "<group>"; };
		2EBF51442BFF0109001EA238 /* CreateChannelViewModelTests.swift */ = {isa = PBXFileReference; lastKnownFileType = sourcecode.swift; path = CreateChannelViewModelTests.swift; sourceTree = "<group>"; };
		2EBF51472BFF0144001EA238 /* CreateChannelServiceProtocol.swift */ = {isa = PBXFileReference; lastKnownFileType = sourcecode.swift; path = CreateChannelServiceProtocol.swift; sourceTree = "<group>"; };
		2EC3EE8B2B85C515007B6D10 /* LoginViewModel.swift */ = {isa = PBXFileReference; fileEncoding = 4; lastKnownFileType = sourcecode.swift; path = LoginViewModel.swift; sourceTree = "<group>"; };
		2EC3EE8E2B85C515007B6D10 /* LoginView.swift */ = {isa = PBXFileReference; fileEncoding = 4; lastKnownFileType = sourcecode.swift; path = LoginView.swift; sourceTree = "<group>"; };
		2EC3EE8F2B85C515007B6D10 /* LoginInputView.swift */ = {isa = PBXFileReference; fileEncoding = 4; lastKnownFileType = sourcecode.swift; path = LoginInputView.swift; sourceTree = "<group>"; };
		2EC3EE902B85C515007B6D10 /* LoginHeaderView.swift */ = {isa = PBXFileReference; fileEncoding = 4; lastKnownFileType = sourcecode.swift; path = LoginHeaderView.swift; sourceTree = "<group>"; };
		2EC3EE972B85C520007B6D10 /* AuthButtonStyle.swift */ = {isa = PBXFileReference; fileEncoding = 4; lastKnownFileType = sourcecode.swift; path = AuthButtonStyle.swift; sourceTree = "<group>"; };
		2EC3EE982B85C520007B6D10 /* AuthError.swift */ = {isa = PBXFileReference; fileEncoding = 4; lastKnownFileType = sourcecode.swift; path = AuthError.swift; sourceTree = "<group>"; };
		2ED1A2192BFB16CE00973571 /* ChannelItem+Equatable.swift */ = {isa = PBXFileReference; lastKnownFileType = sourcecode.swift; path = "ChannelItem+Equatable.swift"; sourceTree = "<group>"; };
		2EEADCA32B83346B009EE7CE /* BeChatted.framework */ = {isa = PBXFileReference; explicitFileType = wrapper.framework; includeInIndex = 0; path = BeChatted.framework; sourceTree = BUILT_PRODUCTS_DIR; };
		2EEADCA62B83346B009EE7CE /* BeChatted.h */ = {isa = PBXFileReference; lastKnownFileType = sourcecode.c.h; path = BeChatted.h; sourceTree = "<group>"; };
		2EEADCFA2B833BD1009EE7CE /* BeChattediOS.framework */ = {isa = PBXFileReference; explicitFileType = wrapper.framework; includeInIndex = 0; path = BeChattediOS.framework; sourceTree = BUILT_PRODUCTS_DIR; };
/* End PBXFileReference section */

/* Begin PBXFrameworksBuildPhase section */
		2EB37C8F2B873791003990B0 /* Frameworks */ = {
			isa = PBXFrameworksBuildPhase;
			buildActionMask = 2147483647;
			files = (
				2EB37C962B873791003990B0 /* BeChatted.framework in Frameworks */,
			);
			runOnlyForDeploymentPostprocessing = 0;
		};
		2EEADCA02B83346B009EE7CE /* Frameworks */ = {
			isa = PBXFrameworksBuildPhase;
			buildActionMask = 2147483647;
			files = (
			);
			runOnlyForDeploymentPostprocessing = 0;
		};
		2EEADCF52B833BD1009EE7CE /* Frameworks */ = {
			isa = PBXFrameworksBuildPhase;
			buildActionMask = 2147483647;
			files = (
				2EC7E5132BF482C50047FCD9 /* BeChatted.framework in Frameworks */,
			);
			runOnlyForDeploymentPostprocessing = 0;
		};
/* End PBXFrameworksBuildPhase section */

/* Begin PBXGroup section */
		2E4F6C052BDA510F00BBBCC5 /* ViewModel */ = {
			isa = PBXGroup;
			children = (
				2E4F6C032BDA510500BBBCC5 /* ChannelsViewModel.swift */,
				2E4FC58F2BE2751000061DE6 /* ChannelsViewModelResultMapper.swift */,
			);
			path = ViewModel;
			sourceTree = "<group>";
		};
		2E5EFF662BA823CE00EA65E8 /* Channels Feature */ = {
			isa = PBXGroup;
			children = (
				2EDE6D272BE4FFF5008DAA3C /* Models */,
				2E4F6C052BDA510F00BBBCC5 /* ViewModel */,
				2E5EFF6B2BA825B400EA65E8 /* Views */,
			);
			path = "Channels Feature";
			sourceTree = "<group>";
		};
		2E5EFF6B2BA825B400EA65E8 /* Views */ = {
			isa = PBXGroup;
			children = (
				2E5EFF642BA823BD00EA65E8 /* ChannelsView.swift */,
				2E4FC5852BE2717400061DE6 /* ChannelTitleView.swift */,
				2E4FC5872BE2719500061DE6 /* ChannelItemView.swift */,
				2E4FC5832BE26ECF00061DE6 /* ChannelsLoadingIssueContentView.swift */,
				2E5EFF672BA824E500EA65E8 /* ChannelsViewComposer.swift */,
			);
			path = Views;
			sourceTree = "<group>";
		};
		2E82F2382B88989100802ED5 /* RequestPayloads */ = {
			isa = PBXGroup;
			children = (
				2E82F22E2B88978100802ED5 /* LoginPayload.swift */,
				2E82F2322B8897C200802ED5 /* CreateAccountPayload.swift */,
				2E82F2342B8897DE00802ED5 /* AddUserPayload.swift */,
			);
			path = RequestPayloads;
			sourceTree = "<group>";
		};
		2E82F2392B8898E000802ED5 /* ResponseInfos */ = {
			isa = PBXGroup;
			children = (
				2E82F2302B8897A300802ED5 /* LoginInfo.swift */,
				2E82F2362B8897FA00802ED5 /* AddedUserInfo.swift */,
			);
			path = ResponseInfos;
			sourceTree = "<group>";
		};
		2E9553A02BE3C6D3002E23B2 /* Auth Feature */ = {
			isa = PBXGroup;
			children = (
				2EE9246A2BE5131100DFC286 /* Common */,
				2EB37CA32B873E36003990B0 /* Register Feature */,
				2EC3EE892B85C515007B6D10 /* Login Feature */,
			);
			path = "Auth Feature";
			sourceTree = "<group>";
		};
		2EB37C932B873791003990B0 /* BeChattedTests */ = {
			isa = PBXGroup;
			children = (
				2EB37C9D2B8737E0003990B0 /* Helpers */,
				2EB37C9C2B8737E0003990B0 /* LoginViewModelTests.swift */,
				2EB37CB92B874119003990B0 /* RegisterViewModelTests.swift */,
				2E302CD22BD793B500135D83 /* ChannelsViewModelTests.swift */,
				2EBF51442BFF0109001EA238 /* CreateChannelViewModelTests.swift */,
			);
			path = BeChattedTests;
			sourceTree = "<group>";
		};
		2EB37C9D2B8737E0003990B0 /* Helpers */ = {
			isa = PBXGroup;
			children = (
				2EB37C9E2B8737E0003990B0 /* XCTestCase+MemoryLeakTracking.swift */,
				2EB37C9F2B8737E0003990B0 /* AuthServiceStub.swift */,
				2EB37CBB2B874240003990B0 /* EmailValidatorStub.swift */,
				2EB37CBD2B87427B003990B0 /* PasswordValidatorStub.swift */,
				2ED1A2192BFB16CE00973571 /* ChannelItem+Equatable.swift */,
			);
			path = Helpers;
			sourceTree = "<group>";
		};
		2EB37CA32B873E36003990B0 /* Register Feature */ = {
			isa = PBXGroup;
			children = (
				2EB37CA42B873E36003990B0 /* ViewModel */,
				2EB37CA72B873E36003990B0 /* Views */,
			);
			path = "Register Feature";
			sourceTree = "<group>";
		};
		2EB37CA42B873E36003990B0 /* ViewModel */ = {
			isa = PBXGroup;
			children = (
				2EB37CA62B873E36003990B0 /* RegisterViewModel.swift */,
			);
			path = ViewModel;
			sourceTree = "<group>";
		};
		2EB37CA72B873E36003990B0 /* Views */ = {
			isa = PBXGroup;
			children = (
				2EB37CAC2B873E36003990B0 /* RegisterView.swift */,
				2EB37CAB2B873E36003990B0 /* RegisterHeaderView.swift */,
				2EB37CAA2B873E36003990B0 /* RegisterInputView.swift */,
				2EB37CA82B873E36003990B0 /* RegisterSuccessView.swift */,
				2EBE98142B89FD09009EB16C /* RegisterViewComposer.swift */,
			);
			path = Views;
			sourceTree = "<group>";
		};
		2EBE98102B89F3CC009EB16C /* UI */ = {
			isa = PBXGroup;
			children = (
				2E82F23D2B88A62F00802ED5 /* ColorProvider.swift */,
				2EBE980E2B89F1BD009EB16C /* ImageProvider.swift */,
				2E07929F2BAC1606004D7FD2 /* CreateChannelButtonStyle.swift */,
			);
			path = UI;
			sourceTree = "<group>";
		};
		2EBF513D2BFF005A001EA238 /* Create Channel Feature */ = {
			isa = PBXGroup;
			children = (
				2EBF51462BFF012C001EA238 /* Models */,
				2EBF513F2BFF007F001EA238 /* ViewModel */,
				2EBF513E2BFF0072001EA238 /* Views */,
			);
			path = "Create Channel Feature";
			sourceTree = "<group>";
		};
		2EBF513E2BFF0072001EA238 /* Views */ = {
			isa = PBXGroup;
			children = (
				2EBF51422BFF00E9001EA238 /* CreateChannelView.swift */,
			);
			path = Views;
			sourceTree = "<group>";
		};
		2EBF513F2BFF007F001EA238 /* ViewModel */ = {
			isa = PBXGroup;
			children = (
				2EBF51402BFF00BE001EA238 /* CreateChannelViewModel.swift */,
			);
			path = ViewModel;
			sourceTree = "<group>";
		};
		2EBF51462BFF012C001EA238 /* Models */ = {
			isa = PBXGroup;
			children = (
				2EBF51472BFF0144001EA238 /* CreateChannelServiceProtocol.swift */,
			);
			path = Models;
			sourceTree = "<group>";
		};
		2EC3EE892B85C515007B6D10 /* Login Feature */ = {
			isa = PBXGroup;
			children = (
				2EC3EE8A2B85C515007B6D10 /* ViewModel */,
				2EC3EE8C2B85C515007B6D10 /* Views */,
			);
			path = "Login Feature";
			sourceTree = "<group>";
		};
		2EC3EE8A2B85C515007B6D10 /* ViewModel */ = {
			isa = PBXGroup;
			children = (
				2EC3EE8B2B85C515007B6D10 /* LoginViewModel.swift */,
			);
			path = ViewModel;
			sourceTree = "<group>";
		};
		2EC3EE8C2B85C515007B6D10 /* Views */ = {
			isa = PBXGroup;
			children = (
				2EC3EE8E2B85C515007B6D10 /* LoginView.swift */,
				2EC3EE902B85C515007B6D10 /* LoginHeaderView.swift */,
				2EC3EE8F2B85C515007B6D10 /* LoginInputView.swift */,
				2E82F2762B88CA4900802ED5 /* LoginViewComposer.swift */,
			);
			path = Views;
			sourceTree = "<group>";
		};
		2EC3EE962B85C520007B6D10 /* Common */ = {
			isa = PBXGroup;
			children = (
				2EBE98102B89F3CC009EB16C /* UI */,
			);
			path = Common;
			sourceTree = "<group>";
		};
		2EC7E5122BF482C50047FCD9 /* Frameworks */ = {
			isa = PBXGroup;
			children = (
			);
			name = Frameworks;
			sourceTree = "<group>";
		};
		2EDE6D272BE4FFF5008DAA3C /* Models */ = {
			isa = PBXGroup;
			children = (
				2E4FC5892BE273E600061DE6 /* ChannelsLoadingServiceProtocol.swift */,
				2E4FC58C2BE274A300061DE6 /* ChannelItem.swift */,
			);
			path = Models;
			sourceTree = "<group>";
		};
		2EE9246A2BE5131100DFC286 /* Common */ = {
			isa = PBXGroup;
			children = (
				2EE9246B2BE5132100DFC286 /* Models */,
			);
			path = Common;
			sourceTree = "<group>";
		};
		2EE9246B2BE5132100DFC286 /* Models */ = {
			isa = PBXGroup;
			children = (
				2EC3EE982B85C520007B6D10 /* AuthError.swift */,
				2E82F22A2B8896D100802ED5 /* UserInputValidatorProtocol.swift */,
				2E82F22C2B88970E00802ED5 /* AuthServiceProtocol.swift */,
				2E82F2382B88989100802ED5 /* RequestPayloads */,
				2E82F2392B8898E000802ED5 /* ResponseInfos */,
				2EE9246C2BE5199500DFC286 /* UI */,
			);
			path = Models;
			sourceTree = "<group>";
		};
		2EE9246C2BE5199500DFC286 /* UI */ = {
			isa = PBXGroup;
			children = (
				2EC3EE972B85C520007B6D10 /* AuthButtonStyle.swift */,
				2E82F2402B88A78500802ED5 /* AuthHeaderView.swift */,
				2EBE98112B89F413009EB16C /* AuthFooterView.swift */,
				2E82F2432B88A79600802ED5 /* TextInputView.swift */,
				2E82F2422B88A79600802ED5 /* SecureInputView.swift */,
			);
			path = UI;
			sourceTree = "<group>";
		};
		2EEADC992B83346B009EE7CE = {
			isa = PBXGroup;
			children = (
				2EEADCA52B83346B009EE7CE /* BeChatted */,
				2EB37C932B873791003990B0 /* BeChattedTests */,
				2EEADCA42B83346B009EE7CE /* Products */,
				2EC7E5122BF482C50047FCD9 /* Frameworks */,
			);
			sourceTree = "<group>";
		};
		2EEADCA42B83346B009EE7CE /* Products */ = {
			isa = PBXGroup;
			children = (
				2EEADCA32B83346B009EE7CE /* BeChatted.framework */,
				2EEADCFA2B833BD1009EE7CE /* BeChattediOS.framework */,
				2EB37C922B873791003990B0 /* BeChattedTests.xctest */,
			);
			name = Products;
			sourceTree = "<group>";
		};
		2EEADCA52B83346B009EE7CE /* BeChatted */ = {
			isa = PBXGroup;
			children = (
				2EEADCA62B83346B009EE7CE /* BeChatted.h */,
				2EB37CBF2B87433D003990B0 /* Bundle+DisplayName.swift */,
				2E82F2492B88AB9E00802ED5 /* View+KeyboardVisibility.swift */,
				2EC3EE962B85C520007B6D10 /* Common */,
				2E9553A02BE3C6D3002E23B2 /* Auth Feature */,
				2E5EFF662BA823CE00EA65E8 /* Channels Feature */,
				2EBF513D2BFF005A001EA238 /* Create Channel Feature */,
				2E82F23A2B889FE500802ED5 /* Assets.xcassets */,
			);
			path = BeChatted;
			sourceTree = "<group>";
		};
/* End PBXGroup section */

/* Begin PBXHeadersBuildPhase section */
		2EEADC9E2B83346B009EE7CE /* Headers */ = {
			isa = PBXHeadersBuildPhase;
			buildActionMask = 2147483647;
			files = (
				2EEADCA72B83346B009EE7CE /* BeChatted.h in Headers */,
			);
			runOnlyForDeploymentPostprocessing = 0;
		};
		2EEADCF22B833BD1009EE7CE /* Headers */ = {
			isa = PBXHeadersBuildPhase;
			buildActionMask = 2147483647;
			files = (
				2EEADCF32B833BD1009EE7CE /* BeChatted.h in Headers */,
			);
			runOnlyForDeploymentPostprocessing = 0;
		};
/* End PBXHeadersBuildPhase section */

/* Begin PBXNativeTarget section */
		2EB37C912B873791003990B0 /* BeChattedTests */ = {
			isa = PBXNativeTarget;
			buildConfigurationList = 2EB37C992B873791003990B0 /* Build configuration list for PBXNativeTarget "BeChattedTests" */;
			buildPhases = (
				2EB37C8E2B873791003990B0 /* Sources */,
				2EB37C8F2B873791003990B0 /* Frameworks */,
				2EB37C902B873791003990B0 /* Resources */,
			);
			buildRules = (
			);
			dependencies = (
				2EB37C982B873791003990B0 /* PBXTargetDependency */,
			);
			name = BeChattedTests;
			productName = BeChattedTests;
			productReference = 2EB37C922B873791003990B0 /* BeChattedTests.xctest */;
			productType = "com.apple.product-type.bundle.unit-test";
		};
		2EEADCA22B83346B009EE7CE /* BeChatted */ = {
			isa = PBXNativeTarget;
			buildConfigurationList = 2EEADCAA2B83346B009EE7CE /* Build configuration list for PBXNativeTarget "BeChatted" */;
			buildPhases = (
				2EEADC9E2B83346B009EE7CE /* Headers */,
				2EEADC9F2B83346B009EE7CE /* Sources */,
				2EEADCA02B83346B009EE7CE /* Frameworks */,
				2EEADCA12B83346B009EE7CE /* Resources */,
			);
			buildRules = (
			);
			dependencies = (
			);
			name = BeChatted;
			productName = BeChatted;
			productReference = 2EEADCA32B83346B009EE7CE /* BeChatted.framework */;
			productType = "com.apple.product-type.framework";
		};
		2EEADCF12B833BD1009EE7CE /* BeChattediOS */ = {
			isa = PBXNativeTarget;
			buildConfigurationList = 2EEADCF72B833BD1009EE7CE /* Build configuration list for PBXNativeTarget "BeChattediOS" */;
			buildPhases = (
				2EEADCF22B833BD1009EE7CE /* Headers */,
				2EEADCF42B833BD1009EE7CE /* Sources */,
				2EEADCF52B833BD1009EE7CE /* Frameworks */,
				2EEADCF62B833BD1009EE7CE /* Resources */,
				2EC7E5172BF482C50047FCD9 /* Embed Frameworks */,
			);
			buildRules = (
			);
			dependencies = (
				2EC7E5162BF482C50047FCD9 /* PBXTargetDependency */,
			);
			name = BeChattediOS;
			productName = BeChatted;
			productReference = 2EEADCFA2B833BD1009EE7CE /* BeChattediOS.framework */;
			productType = "com.apple.product-type.framework";
		};
/* End PBXNativeTarget section */

/* Begin PBXProject section */
		2EEADC9A2B83346B009EE7CE /* Project object */ = {
			isa = PBXProject;
			attributes = {
				BuildIndependentTargetsInParallel = 1;
				LastSwiftUpdateCheck = 1520;
				LastUpgradeCheck = 1530;
				TargetAttributes = {
					2EB37C912B873791003990B0 = {
						CreatedOnToolsVersion = 15.2;
					};
					2EEADCA22B83346B009EE7CE = {
						CreatedOnToolsVersion = 15.2;
					};
				};
			};
			buildConfigurationList = 2EEADC9D2B83346B009EE7CE /* Build configuration list for PBXProject "BeChatted" */;
			compatibilityVersion = "Xcode 14.0";
			developmentRegion = en;
			hasScannedForEncodings = 0;
			knownRegions = (
				en,
				Base,
			);
			mainGroup = 2EEADC992B83346B009EE7CE;
			productRefGroup = 2EEADCA42B83346B009EE7CE /* Products */;
			projectDirPath = "";
			projectRoot = "";
			targets = (
				2EEADCA22B83346B009EE7CE /* BeChatted */,
				2EEADCF12B833BD1009EE7CE /* BeChattediOS */,
				2EB37C912B873791003990B0 /* BeChattedTests */,
			);
		};
/* End PBXProject section */

/* Begin PBXResourcesBuildPhase section */
		2EB37C902B873791003990B0 /* Resources */ = {
			isa = PBXResourcesBuildPhase;
			buildActionMask = 2147483647;
			files = (
			);
			runOnlyForDeploymentPostprocessing = 0;
		};
		2EEADCA12B83346B009EE7CE /* Resources */ = {
			isa = PBXResourcesBuildPhase;
			buildActionMask = 2147483647;
			files = (
				2E82F23B2B889FE500802ED5 /* Assets.xcassets in Resources */,
			);
			runOnlyForDeploymentPostprocessing = 0;
		};
		2EEADCF62B833BD1009EE7CE /* Resources */ = {
			isa = PBXResourcesBuildPhase;
			buildActionMask = 2147483647;
			files = (
				2E82F2752B88C75A00802ED5 /* Assets.xcassets in Resources */,
			);
			runOnlyForDeploymentPostprocessing = 0;
		};
/* End PBXResourcesBuildPhase section */

/* Begin PBXSourcesBuildPhase section */
		2EB37C8E2B873791003990B0 /* Sources */ = {
			isa = PBXSourcesBuildPhase;
			buildActionMask = 2147483647;
			files = (
				2E302CD32BD793B500135D83 /* ChannelsViewModelTests.swift in Sources */,
				2EB37CA02B8737E0003990B0 /* LoginViewModelTests.swift in Sources */,
				2EB37CBC2B874240003990B0 /* EmailValidatorStub.swift in Sources */,
				2EBF51452BFF0109001EA238 /* CreateChannelViewModelTests.swift in Sources */,
				2EB37CA22B8737E0003990B0 /* AuthServiceStub.swift in Sources */,
				2EB37CA12B8737E0003990B0 /* XCTestCase+MemoryLeakTracking.swift in Sources */,
				2ED1A21A2BFB16CE00973571 /* ChannelItem+Equatable.swift in Sources */,
				2EB37CBA2B874119003990B0 /* RegisterViewModelTests.swift in Sources */,
				2EB37CBE2B87427B003990B0 /* PasswordValidatorStub.swift in Sources */,
			);
			runOnlyForDeploymentPostprocessing = 0;
		};
		2EEADC9F2B83346B009EE7CE /* Sources */ = {
			isa = PBXSourcesBuildPhase;
			buildActionMask = 2147483647;
			files = (
				2EBF51412BFF00BE001EA238 /* CreateChannelViewModel.swift in Sources */,
				2E4FC58A2BE273E600061DE6 /* ChannelsLoadingServiceProtocol.swift in Sources */,
				2E82F22D2B88970E00802ED5 /* AuthServiceProtocol.swift in Sources */,
				2EB37CC02B87433D003990B0 /* Bundle+DisplayName.swift in Sources */,
				2E82F22B2B8896D100802ED5 /* UserInputValidatorProtocol.swift in Sources */,
				2E4FC58D2BE274A300061DE6 /* ChannelItem.swift in Sources */,
				2E4F6C042BDA510500BBBCC5 /* ChannelsViewModel.swift in Sources */,
				2E82F2332B8897C200802ED5 /* CreateAccountPayload.swift in Sources */,
				2EB37CAE2B873E36003990B0 /* RegisterViewModel.swift in Sources */,
				2E82F2372B8897FA00802ED5 /* AddedUserInfo.swift in Sources */,
				2EC3EE912B85C515007B6D10 /* LoginViewModel.swift in Sources */,
				2EBF51482BFF0144001EA238 /* CreateChannelServiceProtocol.swift in Sources */,
				2E4FC5902BE2751100061DE6 /* ChannelsViewModelResultMapper.swift in Sources */,
				2EC3EE9B2B85C520007B6D10 /* AuthError.swift in Sources */,
				2E82F22F2B88978100802ED5 /* LoginPayload.swift in Sources */,
				2E82F2352B8897DE00802ED5 /* AddUserPayload.swift in Sources */,
				2E82F2312B8897A300802ED5 /* LoginInfo.swift in Sources */,
			);
			runOnlyForDeploymentPostprocessing = 0;
		};
		2EEADCF42B833BD1009EE7CE /* Sources */ = {
			isa = PBXSourcesBuildPhase;
			buildActionMask = 2147483647;
			files = (
				2EC3EE9F2B85C5B0007B6D10 /* LoginView.swift in Sources */,
				2EB37CB82B873E61003990B0 /* RegisterView.swift in Sources */,
				2EBF51432BFF00E9001EA238 /* CreateChannelView.swift in Sources */,
				2E4FC5842BE26ECF00061DE6 /* ChannelsLoadingIssueContentView.swift in Sources */,
				2E4FC5882BE2719500061DE6 /* ChannelItemView.swift in Sources */,
				2EB37CB72B873E5D003990B0 /* RegisterHeaderView.swift in Sources */,
				2EB37CB42B873E50003990B0 /* RegisterSuccessView.swift in Sources */,
				2E0792A12BAC161A004D7FD2 /* CreateChannelButtonStyle.swift in Sources */,
				2EB37CB62B873E58003990B0 /* RegisterInputView.swift in Sources */,
				2E4FC5862BE2717400061DE6 /* ChannelTitleView.swift in Sources */,
				2E5EFF6A2BA8250500EA65E8 /* ChannelsView.swift in Sources */,
				2E82F2462B88A7A800802ED5 /* SecureInputView.swift in Sources */,
				2E82F23F2B88A63F00802ED5 /* ColorProvider.swift in Sources */,
				2E82F2772B88CA4900802ED5 /* LoginViewComposer.swift in Sources */,
				2EC3EEA12B85C5C4007B6D10 /* LoginHeaderView.swift in Sources */,
				2EBE98122B89F413009EB16C /* AuthFooterView.swift in Sources */,
				2E82F2472B88A7AD00802ED5 /* TextInputView.swift in Sources */,
				2E82F24B2B88AB9E00802ED5 /* View+KeyboardVisibility.swift in Sources */,
				2EC3EE9D2B85C531007B6D10 /* AuthButtonStyle.swift in Sources */,
				2EC3EEA02B85C5BC007B6D10 /* LoginInputView.swift in Sources */,
				2E5EFF692BA824FD00EA65E8 /* ChannelsViewComposer.swift in Sources */,
				2EBE980F2B89F1BD009EB16C /* ImageProvider.swift in Sources */,
				2E82F2482B88A7B100802ED5 /* AuthHeaderView.swift in Sources */,
				2EBE98162B89FD1E009EB16C /* RegisterViewComposer.swift in Sources */,
			);
			runOnlyForDeploymentPostprocessing = 0;
		};
/* End PBXSourcesBuildPhase section */

/* Begin PBXTargetDependency section */
		2EB37C982B873791003990B0 /* PBXTargetDependency */ = {
			isa = PBXTargetDependency;
			target = 2EEADCA22B83346B009EE7CE /* BeChatted */;
			targetProxy = 2EB37C972B873791003990B0 /* PBXContainerItemProxy */;
		};
		2EC7E5162BF482C50047FCD9 /* PBXTargetDependency */ = {
			isa = PBXTargetDependency;
			target = 2EEADCA22B83346B009EE7CE /* BeChatted */;
			targetProxy = 2EC7E5152BF482C50047FCD9 /* PBXContainerItemProxy */;
		};
/* End PBXTargetDependency section */

/* Begin XCBuildConfiguration section */
		2EB37C9A2B873791003990B0 /* Debug */ = {
			isa = XCBuildConfiguration;
			buildSettings = {
				CODE_SIGN_STYLE = Automatic;
				CURRENT_PROJECT_VERSION = 1;
				DEAD_CODE_STRIPPING = YES;
				DEVELOPMENT_TEAM = 8U849676MP;
				GENERATE_INFOPLIST_FILE = YES;
				MACOSX_DEPLOYMENT_TARGET = 14.5;
				MARKETING_VERSION = 1.0;
				PRODUCT_BUNDLE_IDENTIFIER = com.volodymyroniuk.BeChattedTests;
				PRODUCT_NAME = "$(TARGET_NAME)";
				SDKROOT = macosx;
				SWIFT_EMIT_LOC_STRINGS = NO;
				SWIFT_VERSION = 5.0;
			};
			name = Debug;
		};
		2EB37C9B2B873791003990B0 /* Release */ = {
			isa = XCBuildConfiguration;
			buildSettings = {
				CODE_SIGN_STYLE = Automatic;
				CURRENT_PROJECT_VERSION = 1;
				DEAD_CODE_STRIPPING = YES;
				DEVELOPMENT_TEAM = 8U849676MP;
				GENERATE_INFOPLIST_FILE = YES;
				MACOSX_DEPLOYMENT_TARGET = 14.5;
				MARKETING_VERSION = 1.0;
				PRODUCT_BUNDLE_IDENTIFIER = com.volodymyroniuk.BeChattedTests;
				PRODUCT_NAME = "$(TARGET_NAME)";
				SDKROOT = macosx;
				SWIFT_EMIT_LOC_STRINGS = NO;
				SWIFT_VERSION = 5.0;
			};
			name = Release;
		};
		2EEADCA82B83346B009EE7CE /* Debug */ = {
			isa = XCBuildConfiguration;
			buildSettings = {
				ALWAYS_SEARCH_USER_PATHS = NO;
				ASSETCATALOG_COMPILER_GENERATE_SWIFT_ASSET_SYMBOL_EXTENSIONS = YES;
				CLANG_ANALYZER_NONNULL = YES;
				CLANG_ANALYZER_NUMBER_OBJECT_CONVERSION = YES_AGGRESSIVE;
				CLANG_CXX_LANGUAGE_STANDARD = "gnu++20";
				CLANG_ENABLE_MODULES = YES;
				CLANG_ENABLE_OBJC_ARC = YES;
				CLANG_ENABLE_OBJC_WEAK = YES;
				CLANG_WARN_BLOCK_CAPTURE_AUTORELEASING = YES;
				CLANG_WARN_BOOL_CONVERSION = YES;
				CLANG_WARN_COMMA = YES;
				CLANG_WARN_CONSTANT_CONVERSION = YES;
				CLANG_WARN_DEPRECATED_OBJC_IMPLEMENTATIONS = YES;
				CLANG_WARN_DIRECT_OBJC_ISA_USAGE = YES_ERROR;
				CLANG_WARN_DOCUMENTATION_COMMENTS = YES;
				CLANG_WARN_EMPTY_BODY = YES;
				CLANG_WARN_ENUM_CONVERSION = YES;
				CLANG_WARN_INFINITE_RECURSION = YES;
				CLANG_WARN_INT_CONVERSION = YES;
				CLANG_WARN_NON_LITERAL_NULL_CONVERSION = YES;
				CLANG_WARN_OBJC_IMPLICIT_RETAIN_SELF = YES;
				CLANG_WARN_OBJC_LITERAL_CONVERSION = YES;
				CLANG_WARN_OBJC_ROOT_CLASS = YES_ERROR;
				CLANG_WARN_QUOTED_INCLUDE_IN_FRAMEWORK_HEADER = YES;
				CLANG_WARN_RANGE_LOOP_ANALYSIS = YES;
				CLANG_WARN_STRICT_PROTOTYPES = YES;
				CLANG_WARN_SUSPICIOUS_MOVE = YES;
				CLANG_WARN_UNGUARDED_AVAILABILITY = YES_AGGRESSIVE;
				CLANG_WARN_UNREACHABLE_CODE = YES;
				CLANG_WARN__DUPLICATE_METHOD_MATCH = YES;
				COPY_PHASE_STRIP = NO;
				CURRENT_PROJECT_VERSION = 1;
				DEAD_CODE_STRIPPING = YES;
				DEBUG_INFORMATION_FORMAT = dwarf;
				ENABLE_STRICT_OBJC_MSGSEND = YES;
				ENABLE_TESTABILITY = YES;
				ENABLE_USER_SCRIPT_SANDBOXING = YES;
				GCC_C_LANGUAGE_STANDARD = gnu17;
				GCC_DYNAMIC_NO_PIC = NO;
				GCC_NO_COMMON_BLOCKS = YES;
				GCC_OPTIMIZATION_LEVEL = 0;
				GCC_PREPROCESSOR_DEFINITIONS = (
					"DEBUG=1",
					"$(inherited)",
				);
				GCC_WARN_64_TO_32_BIT_CONVERSION = YES;
				GCC_WARN_ABOUT_RETURN_TYPE = YES_ERROR;
				GCC_WARN_UNDECLARED_SELECTOR = YES;
				GCC_WARN_UNINITIALIZED_AUTOS = YES_AGGRESSIVE;
				GCC_WARN_UNUSED_FUNCTION = YES;
				GCC_WARN_UNUSED_VARIABLE = YES;
				IPHONEOS_DEPLOYMENT_TARGET = 17.5;
				LOCALIZATION_PREFERS_STRING_CATALOGS = YES;
				MACOSX_DEPLOYMENT_TARGET = 14.5;
				MTL_ENABLE_DEBUG_INFO = INCLUDE_SOURCE;
				MTL_FAST_MATH = YES;
				ONLY_ACTIVE_ARCH = YES;
				SWIFT_ACTIVE_COMPILATION_CONDITIONS = "DEBUG $(inherited)";
				SWIFT_OPTIMIZATION_LEVEL = "-Onone";
				VERSIONING_SYSTEM = "apple-generic";
				VERSION_INFO_PREFIX = "";
			};
			name = Debug;
		};
		2EEADCA92B83346B009EE7CE /* Release */ = {
			isa = XCBuildConfiguration;
			buildSettings = {
				ALWAYS_SEARCH_USER_PATHS = NO;
				ASSETCATALOG_COMPILER_GENERATE_SWIFT_ASSET_SYMBOL_EXTENSIONS = YES;
				CLANG_ANALYZER_NONNULL = YES;
				CLANG_ANALYZER_NUMBER_OBJECT_CONVERSION = YES_AGGRESSIVE;
				CLANG_CXX_LANGUAGE_STANDARD = "gnu++20";
				CLANG_ENABLE_MODULES = YES;
				CLANG_ENABLE_OBJC_ARC = YES;
				CLANG_ENABLE_OBJC_WEAK = YES;
				CLANG_WARN_BLOCK_CAPTURE_AUTORELEASING = YES;
				CLANG_WARN_BOOL_CONVERSION = YES;
				CLANG_WARN_COMMA = YES;
				CLANG_WARN_CONSTANT_CONVERSION = YES;
				CLANG_WARN_DEPRECATED_OBJC_IMPLEMENTATIONS = YES;
				CLANG_WARN_DIRECT_OBJC_ISA_USAGE = YES_ERROR;
				CLANG_WARN_DOCUMENTATION_COMMENTS = YES;
				CLANG_WARN_EMPTY_BODY = YES;
				CLANG_WARN_ENUM_CONVERSION = YES;
				CLANG_WARN_INFINITE_RECURSION = YES;
				CLANG_WARN_INT_CONVERSION = YES;
				CLANG_WARN_NON_LITERAL_NULL_CONVERSION = YES;
				CLANG_WARN_OBJC_IMPLICIT_RETAIN_SELF = YES;
				CLANG_WARN_OBJC_LITERAL_CONVERSION = YES;
				CLANG_WARN_OBJC_ROOT_CLASS = YES_ERROR;
				CLANG_WARN_QUOTED_INCLUDE_IN_FRAMEWORK_HEADER = YES;
				CLANG_WARN_RANGE_LOOP_ANALYSIS = YES;
				CLANG_WARN_STRICT_PROTOTYPES = YES;
				CLANG_WARN_SUSPICIOUS_MOVE = YES;
				CLANG_WARN_UNGUARDED_AVAILABILITY = YES_AGGRESSIVE;
				CLANG_WARN_UNREACHABLE_CODE = YES;
				CLANG_WARN__DUPLICATE_METHOD_MATCH = YES;
				COPY_PHASE_STRIP = NO;
				CURRENT_PROJECT_VERSION = 1;
				DEAD_CODE_STRIPPING = YES;
				DEBUG_INFORMATION_FORMAT = "dwarf-with-dsym";
				ENABLE_NS_ASSERTIONS = NO;
				ENABLE_STRICT_OBJC_MSGSEND = YES;
				ENABLE_USER_SCRIPT_SANDBOXING = YES;
				GCC_C_LANGUAGE_STANDARD = gnu17;
				GCC_NO_COMMON_BLOCKS = YES;
				GCC_WARN_64_TO_32_BIT_CONVERSION = YES;
				GCC_WARN_ABOUT_RETURN_TYPE = YES_ERROR;
				GCC_WARN_UNDECLARED_SELECTOR = YES;
				GCC_WARN_UNINITIALIZED_AUTOS = YES_AGGRESSIVE;
				GCC_WARN_UNUSED_FUNCTION = YES;
				GCC_WARN_UNUSED_VARIABLE = YES;
				IPHONEOS_DEPLOYMENT_TARGET = 17.5;
				LOCALIZATION_PREFERS_STRING_CATALOGS = YES;
				MACOSX_DEPLOYMENT_TARGET = 14.5;
				MTL_ENABLE_DEBUG_INFO = NO;
				MTL_FAST_MATH = YES;
				SWIFT_COMPILATION_MODE = wholemodule;
				VERSIONING_SYSTEM = "apple-generic";
				VERSION_INFO_PREFIX = "";
			};
			name = Release;
		};
		2EEADCAB2B83346B009EE7CE /* Debug */ = {
			isa = XCBuildConfiguration;
			buildSettings = {
				CODE_SIGN_IDENTITY = "";
				CODE_SIGN_STYLE = Automatic;
				CURRENT_PROJECT_VERSION = 1;
				DEAD_CODE_STRIPPING = YES;
				DEFINES_MODULE = YES;
				DEVELOPMENT_TEAM = 8U849676MP;
				DYLIB_COMPATIBILITY_VERSION = 1;
				DYLIB_CURRENT_VERSION = 1;
				DYLIB_INSTALL_NAME_BASE = "@rpath";
				ENABLE_MODULE_VERIFIER = YES;
				GENERATE_INFOPLIST_FILE = YES;
				INFOPLIST_KEY_NSHumanReadableCopyright = "";
				INSTALL_PATH = "$(LOCAL_LIBRARY_DIR)/Frameworks";
				IPHONEOS_DEPLOYMENT_TARGET = 17.5;
				LD_RUNPATH_SEARCH_PATHS = (
					"@executable_path/Frameworks",
					"@loader_path/Frameworks",
				);
				"LD_RUNPATH_SEARCH_PATHS[sdk=macosx*]" = (
					"@executable_path/../Frameworks",
					"@loader_path/Frameworks",
				);
				MACOSX_DEPLOYMENT_TARGET = 14.5;
				MARKETING_VERSION = 1.0;
				MODULE_VERIFIER_SUPPORTED_LANGUAGES = "objective-c objective-c++";
				MODULE_VERIFIER_SUPPORTED_LANGUAGE_STANDARDS = "gnu17 gnu++20";
				PRODUCT_BUNDLE_IDENTIFIER = com.volodymyroniuk.BeChatted;
				PRODUCT_NAME = "$(TARGET_NAME:c99extidentifier)";
				SDKROOT = auto;
				SKIP_INSTALL = YES;
				SUPPORTED_PLATFORMS = "iphoneos iphonesimulator macosx";
				SWIFT_EMIT_LOC_STRINGS = YES;
				SWIFT_VERSION = 5.0;
				TARGETED_DEVICE_FAMILY = "1,2";
			};
			name = Debug;
		};
		2EEADCAC2B83346B009EE7CE /* Release */ = {
			isa = XCBuildConfiguration;
			buildSettings = {
				CODE_SIGN_IDENTITY = "";
				CODE_SIGN_STYLE = Automatic;
				CURRENT_PROJECT_VERSION = 1;
				DEAD_CODE_STRIPPING = YES;
				DEFINES_MODULE = YES;
				DEVELOPMENT_TEAM = 8U849676MP;
				DYLIB_COMPATIBILITY_VERSION = 1;
				DYLIB_CURRENT_VERSION = 1;
				DYLIB_INSTALL_NAME_BASE = "@rpath";
				ENABLE_MODULE_VERIFIER = YES;
				GENERATE_INFOPLIST_FILE = YES;
				INFOPLIST_KEY_NSHumanReadableCopyright = "";
				INSTALL_PATH = "$(LOCAL_LIBRARY_DIR)/Frameworks";
				IPHONEOS_DEPLOYMENT_TARGET = 17.5;
				LD_RUNPATH_SEARCH_PATHS = (
					"@executable_path/Frameworks",
					"@loader_path/Frameworks",
				);
				"LD_RUNPATH_SEARCH_PATHS[sdk=macosx*]" = (
					"@executable_path/../Frameworks",
					"@loader_path/Frameworks",
				);
				MACOSX_DEPLOYMENT_TARGET = 14.5;
				MARKETING_VERSION = 1.0;
				MODULE_VERIFIER_SUPPORTED_LANGUAGES = "objective-c objective-c++";
				MODULE_VERIFIER_SUPPORTED_LANGUAGE_STANDARDS = "gnu17 gnu++20";
				PRODUCT_BUNDLE_IDENTIFIER = com.volodymyroniuk.BeChatted;
				PRODUCT_NAME = "$(TARGET_NAME:c99extidentifier)";
				SDKROOT = auto;
				SKIP_INSTALL = YES;
				SUPPORTED_PLATFORMS = "iphoneos iphonesimulator macosx";
				SWIFT_EMIT_LOC_STRINGS = YES;
				SWIFT_VERSION = 5.0;
				TARGETED_DEVICE_FAMILY = "1,2";
			};
			name = Release;
		};
		2EEADCF82B833BD1009EE7CE /* Debug */ = {
			isa = XCBuildConfiguration;
			buildSettings = {
				CODE_SIGN_IDENTITY = "";
				CODE_SIGN_STYLE = Automatic;
				CURRENT_PROJECT_VERSION = 1;
				DEAD_CODE_STRIPPING = YES;
				DEFINES_MODULE = YES;
				DEVELOPMENT_TEAM = 8U849676MP;
				DYLIB_COMPATIBILITY_VERSION = 1;
				DYLIB_CURRENT_VERSION = 1;
				DYLIB_INSTALL_NAME_BASE = "@rpath";
				ENABLE_MODULE_VERIFIER = YES;
				GENERATE_INFOPLIST_FILE = YES;
				INFOPLIST_KEY_NSHumanReadableCopyright = "";
				INSTALL_PATH = "$(LOCAL_LIBRARY_DIR)/Frameworks";
				IPHONEOS_DEPLOYMENT_TARGET = 17.5;
				LD_RUNPATH_SEARCH_PATHS = (
					"@executable_path/Frameworks",
					"@loader_path/Frameworks",
				);
				"LD_RUNPATH_SEARCH_PATHS[sdk=macosx*]" = (
					"@executable_path/../Frameworks",
					"@loader_path/Frameworks",
				);
				MACOSX_DEPLOYMENT_TARGET = 14.2;
				MARKETING_VERSION = 1.0;
				MODULE_VERIFIER_SUPPORTED_LANGUAGES = "objective-c objective-c++";
				MODULE_VERIFIER_SUPPORTED_LANGUAGE_STANDARDS = "gnu17 gnu++20";
				PRODUCT_BUNDLE_IDENTIFIER = com.volodymyroniuk.BeChattediOS;
				PRODUCT_NAME = "$(TARGET_NAME)";
				SDKROOT = auto;
				SKIP_INSTALL = YES;
				SUPPORTED_PLATFORMS = "iphoneos iphonesimulator";
				SUPPORTS_MACCATALYST = NO;
				SWIFT_EMIT_LOC_STRINGS = YES;
				SWIFT_VERSION = 5.0;
				TARGETED_DEVICE_FAMILY = "1,2";
			};
			name = Debug;
		};
		2EEADCF92B833BD1009EE7CE /* Release */ = {
			isa = XCBuildConfiguration;
			buildSettings = {
				CODE_SIGN_IDENTITY = "";
				CODE_SIGN_STYLE = Automatic;
				CURRENT_PROJECT_VERSION = 1;
				DEAD_CODE_STRIPPING = YES;
				DEFINES_MODULE = YES;
				DEVELOPMENT_TEAM = 8U849676MP;
				DYLIB_COMPATIBILITY_VERSION = 1;
				DYLIB_CURRENT_VERSION = 1;
				DYLIB_INSTALL_NAME_BASE = "@rpath";
				ENABLE_MODULE_VERIFIER = YES;
				GENERATE_INFOPLIST_FILE = YES;
				INFOPLIST_KEY_NSHumanReadableCopyright = "";
				INSTALL_PATH = "$(LOCAL_LIBRARY_DIR)/Frameworks";
				IPHONEOS_DEPLOYMENT_TARGET = 17.5;
				LD_RUNPATH_SEARCH_PATHS = (
					"@executable_path/Frameworks",
					"@loader_path/Frameworks",
				);
				"LD_RUNPATH_SEARCH_PATHS[sdk=macosx*]" = (
					"@executable_path/../Frameworks",
					"@loader_path/Frameworks",
				);
				MACOSX_DEPLOYMENT_TARGET = 14.2;
				MARKETING_VERSION = 1.0;
				MODULE_VERIFIER_SUPPORTED_LANGUAGES = "objective-c objective-c++";
				MODULE_VERIFIER_SUPPORTED_LANGUAGE_STANDARDS = "gnu17 gnu++20";
				PRODUCT_BUNDLE_IDENTIFIER = com.volodymyroniuk.BeChattediOS;
				PRODUCT_NAME = "$(TARGET_NAME)";
				SDKROOT = auto;
				SKIP_INSTALL = YES;
				SUPPORTED_PLATFORMS = "iphoneos iphonesimulator";
				SUPPORTS_MACCATALYST = NO;
				SWIFT_EMIT_LOC_STRINGS = YES;
				SWIFT_VERSION = 5.0;
				TARGETED_DEVICE_FAMILY = "1,2";
			};
			name = Release;
		};
/* End XCBuildConfiguration section */

/* Begin XCConfigurationList section */
		2EB37C992B873791003990B0 /* Build configuration list for PBXNativeTarget "BeChattedTests" */ = {
			isa = XCConfigurationList;
			buildConfigurations = (
				2EB37C9A2B873791003990B0 /* Debug */,
				2EB37C9B2B873791003990B0 /* Release */,
			);
			defaultConfigurationIsVisible = 0;
			defaultConfigurationName = Release;
		};
		2EEADC9D2B83346B009EE7CE /* Build configuration list for PBXProject "BeChatted" */ = {
			isa = XCConfigurationList;
			buildConfigurations = (
				2EEADCA82B83346B009EE7CE /* Debug */,
				2EEADCA92B83346B009EE7CE /* Release */,
			);
			defaultConfigurationIsVisible = 0;
			defaultConfigurationName = Release;
		};
		2EEADCAA2B83346B009EE7CE /* Build configuration list for PBXNativeTarget "BeChatted" */ = {
			isa = XCConfigurationList;
			buildConfigurations = (
				2EEADCAB2B83346B009EE7CE /* Debug */,
				2EEADCAC2B83346B009EE7CE /* Release */,
			);
			defaultConfigurationIsVisible = 0;
			defaultConfigurationName = Release;
		};
		2EEADCF72B833BD1009EE7CE /* Build configuration list for PBXNativeTarget "BeChattediOS" */ = {
			isa = XCConfigurationList;
			buildConfigurations = (
				2EEADCF82B833BD1009EE7CE /* Debug */,
				2EEADCF92B833BD1009EE7CE /* Release */,
			);
			defaultConfigurationIsVisible = 0;
			defaultConfigurationName = Release;
		};
/* End XCConfigurationList section */
	};
	rootObject = 2EEADC9A2B83346B009EE7CE /* Project object */;
}
