// !$*UTF8*$!
{
	archiveVersion = 1;
	classes = {
	};
	objectVersion = 56;
	objects = {

/* Begin PBXBuildFile section */
		2E172DC02BC51DC60014A13B /* HTTPClientProtocol.swift in Sources */ = {isa = PBXBuildFile; fileRef = 2E172DBF2BC51DC60014A13B /* HTTPClientProtocol.swift */; };
		2E172DC22BC51E460014A13B /* ChannelsLoader.swift in Sources */ = {isa = PBXBuildFile; fileRef = 2E172DC12BC51E460014A13B /* ChannelsLoader.swift */; };
		2E172DC42BC51E950014A13B /* ChannelInfo.swift in Sources */ = {isa = PBXBuildFile; fileRef = 2E172DC32BC51E950014A13B /* ChannelInfo.swift */; };
		2E172DC62BC521230014A13B /* ChannelsLoaderResultMapper.swift in Sources */ = {isa = PBXBuildFile; fileRef = 2E172DC52BC521230014A13B /* ChannelsLoaderResultMapper.swift */; };
		2E82772B2BBFD559007E1EC5 /* XCTestCase+MemoryLeakTracking.swift in Sources */ = {isa = PBXBuildFile; fileRef = 2E82772A2BBFD559007E1EC5 /* XCTestCase+MemoryLeakTracking.swift */; };
		2EA048432BBE7CC4000525C9 /* BeChattedChannels.framework in Frameworks */ = {isa = PBXBuildFile; fileRef = 2EA0483A2BBE7CC4000525C9 /* BeChattedChannels.framework */; };
		2EA048492BBE7CC4000525C9 /* BeChattedChannels.h in Headers */ = {isa = PBXBuildFile; fileRef = 2EA0483D2BBE7CC4000525C9 /* BeChattedChannels.h */; settings = {ATTRIBUTES = (Public, ); }; };
		2EA048532BBE7D10000525C9 /* ChannelsLoaderTests.swift in Sources */ = {isa = PBXBuildFile; fileRef = 2EA048522BBE7D10000525C9 /* ChannelsLoaderTests.swift */; };
/* End PBXBuildFile section */

/* Begin PBXContainerItemProxy section */
		2EA048442BBE7CC4000525C9 /* PBXContainerItemProxy */ = {
			isa = PBXContainerItemProxy;
			containerPortal = 2EA048312BBE7CC3000525C9 /* Project object */;
			proxyType = 1;
			remoteGlobalIDString = 2EA048392BBE7CC4000525C9;
			remoteInfo = BeChattedChannels;
		};
/* End PBXContainerItemProxy section */

/* Begin PBXFileReference section */
		2E172DBF2BC51DC60014A13B /* HTTPClientProtocol.swift */ = {isa = PBXFileReference; lastKnownFileType = sourcecode.swift; path = HTTPClientProtocol.swift; sourceTree = "<group>"; };
		2E172DC12BC51E460014A13B /* ChannelsLoader.swift */ = {isa = PBXFileReference; lastKnownFileType = sourcecode.swift; path = ChannelsLoader.swift; sourceTree = "<group>"; };
		2E172DC32BC51E950014A13B /* ChannelInfo.swift */ = {isa = PBXFileReference; lastKnownFileType = sourcecode.swift; path = ChannelInfo.swift; sourceTree = "<group>"; };
		2E172DC52BC521230014A13B /* ChannelsLoaderResultMapper.swift */ = {isa = PBXFileReference; lastKnownFileType = sourcecode.swift; path = ChannelsLoaderResultMapper.swift; sourceTree = "<group>"; };
		2E82772A2BBFD559007E1EC5 /* XCTestCase+MemoryLeakTracking.swift */ = {isa = PBXFileReference; lastKnownFileType = sourcecode.swift; path = "XCTestCase+MemoryLeakTracking.swift"; sourceTree = "<group>"; };
		2EA0483A2BBE7CC4000525C9 /* BeChattedChannels.framework */ = {isa = PBXFileReference; explicitFileType = wrapper.framework; includeInIndex = 0; path = BeChattedChannels.framework; sourceTree = BUILT_PRODUCTS_DIR; };
		2EA0483D2BBE7CC4000525C9 /* BeChattedChannels.h */ = {isa = PBXFileReference; lastKnownFileType = sourcecode.c.h; path = BeChattedChannels.h; sourceTree = "<group>"; };
		2EA048422BBE7CC4000525C9 /* BeChattedChannelsTests.xctest */ = {isa = PBXFileReference; explicitFileType = wrapper.cfbundle; includeInIndex = 0; path = BeChattedChannelsTests.xctest; sourceTree = BUILT_PRODUCTS_DIR; };
		2EA048522BBE7D10000525C9 /* ChannelsLoaderTests.swift */ = {isa = PBXFileReference; lastKnownFileType = sourcecode.swift; path = ChannelsLoaderTests.swift; sourceTree = "<group>"; };
/* End PBXFileReference section */

/* Begin PBXFrameworksBuildPhase section */
		2EA048372BBE7CC4000525C9 /* Frameworks */ = {
			isa = PBXFrameworksBuildPhase;
			buildActionMask = 2147483647;
			files = (
			);
			runOnlyForDeploymentPostprocessing = 0;
		};
		2EA0483F2BBE7CC4000525C9 /* Frameworks */ = {
			isa = PBXFrameworksBuildPhase;
			buildActionMask = 2147483647;
			files = (
				2EA048432BBE7CC4000525C9 /* BeChattedChannels.framework in Frameworks */,
			);
			runOnlyForDeploymentPostprocessing = 0;
		};
/* End PBXFrameworksBuildPhase section */

/* Begin PBXGroup section */
		2E82772C2BBFD575007E1EC5 /* Helpers */ = {
			isa = PBXGroup;
			children = (
				2E82772A2BBFD559007E1EC5 /* XCTestCase+MemoryLeakTracking.swift */,
			);
			path = Helpers;
			sourceTree = "<group>";
		};
		2EA048302BBE7CC3000525C9 = {
			isa = PBXGroup;
			children = (
				2EA0483C2BBE7CC4000525C9 /* BeChattedChannels */,
				2EA048462BBE7CC4000525C9 /* BeChattedChannelsTests */,
				2EA0483B2BBE7CC4000525C9 /* Products */,
			);
			sourceTree = "<group>";
		};
		2EA0483B2BBE7CC4000525C9 /* Products */ = {
			isa = PBXGroup;
			children = (
				2EA0483A2BBE7CC4000525C9 /* BeChattedChannels.framework */,
				2EA048422BBE7CC4000525C9 /* BeChattedChannelsTests.xctest */,
			);
			name = Products;
			sourceTree = "<group>";
		};
		2EA0483C2BBE7CC4000525C9 /* BeChattedChannels */ = {
			isa = PBXGroup;
			children = (
				2EA0483D2BBE7CC4000525C9 /* BeChattedChannels.h */,
				2E172DBF2BC51DC60014A13B /* HTTPClientProtocol.swift */,
				2E172DC32BC51E950014A13B /* ChannelInfo.swift */,
				2E172DC12BC51E460014A13B /* ChannelsLoader.swift */,
				2E172DC52BC521230014A13B /* ChannelsLoaderResultMapper.swift */,
			);
			path = BeChattedChannels;
			sourceTree = "<group>";
		};
		2EA048462BBE7CC4000525C9 /* BeChattedChannelsTests */ = {
			isa = PBXGroup;
			children = (
				2E82772C2BBFD575007E1EC5 /* Helpers */,
				2EA048522BBE7D10000525C9 /* ChannelsLoaderTests.swift */,
			);
			path = BeChattedChannelsTests;
			sourceTree = "<group>";
		};
/* End PBXGroup section */

/* Begin PBXHeadersBuildPhase section */
		2EA048352BBE7CC4000525C9 /* Headers */ = {
			isa = PBXHeadersBuildPhase;
			buildActionMask = 2147483647;
			files = (
				2EA048492BBE7CC4000525C9 /* BeChattedChannels.h in Headers */,
			);
			runOnlyForDeploymentPostprocessing = 0;
		};
/* End PBXHeadersBuildPhase section */

/* Begin PBXNativeTarget section */
		2EA048392BBE7CC4000525C9 /* BeChattedChannels */ = {
			isa = PBXNativeTarget;
			buildConfigurationList = 2EA0484C2BBE7CC4000525C9 /* Build configuration list for PBXNativeTarget "BeChattedChannels" */;
			buildPhases = (
				2EA048352BBE7CC4000525C9 /* Headers */,
				2EA048362BBE7CC4000525C9 /* Sources */,
				2EA048372BBE7CC4000525C9 /* Frameworks */,
				2EA048382BBE7CC4000525C9 /* Resources */,
			);
			buildRules = (
			);
			dependencies = (
			);
			name = BeChattedChannels;
			productName = BeChattedChannels;
			productReference = 2EA0483A2BBE7CC4000525C9 /* BeChattedChannels.framework */;
			productType = "com.apple.product-type.framework";
		};
		2EA048412BBE7CC4000525C9 /* BeChattedChannelsTests */ = {
			isa = PBXNativeTarget;
			buildConfigurationList = 2EA0484F2BBE7CC4000525C9 /* Build configuration list for PBXNativeTarget "BeChattedChannelsTests" */;
			buildPhases = (
				2EA0483E2BBE7CC4000525C9 /* Sources */,
				2EA0483F2BBE7CC4000525C9 /* Frameworks */,
				2EA048402BBE7CC4000525C9 /* Resources */,
			);
			buildRules = (
			);
			dependencies = (
				2EA048452BBE7CC4000525C9 /* PBXTargetDependency */,
			);
			name = BeChattedChannelsTests;
			productName = BeChattedChannelsTests;
			productReference = 2EA048422BBE7CC4000525C9 /* BeChattedChannelsTests.xctest */;
			productType = "com.apple.product-type.bundle.unit-test";
		};
/* End PBXNativeTarget section */

/* Begin PBXProject section */
		2EA048312BBE7CC3000525C9 /* Project object */ = {
			isa = PBXProject;
			attributes = {
				BuildIndependentTargetsInParallel = 1;
				LastSwiftUpdateCheck = 1530;
				LastUpgradeCheck = 1530;
				TargetAttributes = {
					2EA048392BBE7CC4000525C9 = {
						CreatedOnToolsVersion = 15.3;
						LastSwiftMigration = 1530;
					};
					2EA048412BBE7CC4000525C9 = {
						CreatedOnToolsVersion = 15.3;
					};
				};
			};
			buildConfigurationList = 2EA048342BBE7CC3000525C9 /* Build configuration list for PBXProject "BeChattedChannels" */;
			compatibilityVersion = "Xcode 14.0";
			developmentRegion = en;
			hasScannedForEncodings = 0;
			knownRegions = (
				en,
				Base,
			);
			mainGroup = 2EA048302BBE7CC3000525C9;
			productRefGroup = 2EA0483B2BBE7CC4000525C9 /* Products */;
			projectDirPath = "";
			projectRoot = "";
			targets = (
				2EA048392BBE7CC4000525C9 /* BeChattedChannels */,
				2EA048412BBE7CC4000525C9 /* BeChattedChannelsTests */,
			);
		};
/* End PBXProject section */

/* Begin PBXResourcesBuildPhase section */
		2EA048382BBE7CC4000525C9 /* Resources */ = {
			isa = PBXResourcesBuildPhase;
			buildActionMask = 2147483647;
			files = (
			);
			runOnlyForDeploymentPostprocessing = 0;
		};
		2EA048402BBE7CC4000525C9 /* Resources */ = {
			isa = PBXResourcesBuildPhase;
			buildActionMask = 2147483647;
			files = (
			);
			runOnlyForDeploymentPostprocessing = 0;
		};
/* End PBXResourcesBuildPhase section */

/* Begin PBXSourcesBuildPhase section */
		2EA048362BBE7CC4000525C9 /* Sources */ = {
			isa = PBXSourcesBuildPhase;
			buildActionMask = 2147483647;
			files = (
				2E172DC62BC521230014A13B /* ChannelsLoaderResultMapper.swift in Sources */,
				2E172DC22BC51E460014A13B /* ChannelsLoader.swift in Sources */,
				2E172DC42BC51E950014A13B /* ChannelInfo.swift in Sources */,
				2E172DC02BC51DC60014A13B /* HTTPClientProtocol.swift in Sources */,
			);
			runOnlyForDeploymentPostprocessing = 0;
		};
		2EA0483E2BBE7CC4000525C9 /* Sources */ = {
			isa = PBXSourcesBuildPhase;
			buildActionMask = 2147483647;
			files = (
				2EA048532BBE7D10000525C9 /* ChannelsLoaderTests.swift in Sources */,
				2E82772B2BBFD559007E1EC5 /* XCTestCase+MemoryLeakTracking.swift in Sources */,
			);
			runOnlyForDeploymentPostprocessing = 0;
		};
/* End PBXSourcesBuildPhase section */

/* Begin PBXTargetDependency section */
		2EA048452BBE7CC4000525C9 /* PBXTargetDependency */ = {
			isa = PBXTargetDependency;
			target = 2EA048392BBE7CC4000525C9 /* BeChattedChannels */;
			targetProxy = 2EA048442BBE7CC4000525C9 /* PBXContainerItemProxy */;
		};
/* End PBXTargetDependency section */

/* Begin XCBuildConfiguration section */
		2EA0484A2BBE7CC4000525C9 /* Debug */ = {
			isa = XCBuildConfiguration;
			buildSettings = {
				ALWAYS_SEARCH_USER_PATHS = NO;
				ASSETCATALOG_COMPILER_GENERATE_SWIFT_ASSET_SYMBOL_EXTENSIONS = YES;
				CLANG_ANALYZER_NONNULL = YES;
				CLANG_ANALYZER_NUMBER_OBJECT_CONVERSION = YES_AGGRESSIVE;
				CLANG_CXX_LANGUAGE_STANDARD = "gnu++20";
				CLANG_ENABLE_MODULES = YES;
				CLANG_ENABLE_OBJC_ARC = YES;
				CLANG_ENABLE_OBJC_WEAK = YES;
				CLANG_WARN_BLOCK_CAPTURE_AUTORELEASING = YES;
				CLANG_WARN_BOOL_CONVERSION = YES;
				CLANG_WARN_COMMA = YES;
				CLANG_WARN_CONSTANT_CONVERSION = YES;
				CLANG_WARN_DEPRECATED_OBJC_IMPLEMENTATIONS = YES;
				CLANG_WARN_DIRECT_OBJC_ISA_USAGE = YES_ERROR;
				CLANG_WARN_DOCUMENTATION_COMMENTS = YES;
				CLANG_WARN_EMPTY_BODY = YES;
				CLANG_WARN_ENUM_CONVERSION = YES;
				CLANG_WARN_INFINITE_RECURSION = YES;
				CLANG_WARN_INT_CONVERSION = YES;
				CLANG_WARN_NON_LITERAL_NULL_CONVERSION = YES;
				CLANG_WARN_OBJC_IMPLICIT_RETAIN_SELF = YES;
				CLANG_WARN_OBJC_LITERAL_CONVERSION = YES;
				CLANG_WARN_OBJC_ROOT_CLASS = YES_ERROR;
				CLANG_WARN_QUOTED_INCLUDE_IN_FRAMEWORK_HEADER = YES;
				CLANG_WARN_RANGE_LOOP_ANALYSIS = YES;
				CLANG_WARN_STRICT_PROTOTYPES = YES;
				CLANG_WARN_SUSPICIOUS_MOVE = YES;
				CLANG_WARN_UNGUARDED_AVAILABILITY = YES_AGGRESSIVE;
				CLANG_WARN_UNREACHABLE_CODE = YES;
				CLANG_WARN__DUPLICATE_METHOD_MATCH = YES;
				COPY_PHASE_STRIP = NO;
				CURRENT_PROJECT_VERSION = 1;
				DEBUG_INFORMATION_FORMAT = dwarf;
				ENABLE_STRICT_OBJC_MSGSEND = YES;
				ENABLE_TESTABILITY = YES;
				ENABLE_USER_SCRIPT_SANDBOXING = YES;
				GCC_C_LANGUAGE_STANDARD = gnu17;
				GCC_DYNAMIC_NO_PIC = NO;
				GCC_NO_COMMON_BLOCKS = YES;
				GCC_OPTIMIZATION_LEVEL = 0;
				GCC_PREPROCESSOR_DEFINITIONS = (
					"DEBUG=1",
					"$(inherited)",
				);
				GCC_WARN_64_TO_32_BIT_CONVERSION = YES;
				GCC_WARN_ABOUT_RETURN_TYPE = YES_ERROR;
				GCC_WARN_UNDECLARED_SELECTOR = YES;
				GCC_WARN_UNINITIALIZED_AUTOS = YES_AGGRESSIVE;
				GCC_WARN_UNUSED_FUNCTION = YES;
				GCC_WARN_UNUSED_VARIABLE = YES;
				LOCALIZATION_PREFERS_STRING_CATALOGS = YES;
				MACOSX_DEPLOYMENT_TARGET = 14.4;
				MTL_ENABLE_DEBUG_INFO = INCLUDE_SOURCE;
				MTL_FAST_MATH = YES;
				ONLY_ACTIVE_ARCH = YES;
				SDKROOT = macosx;
				SWIFT_ACTIVE_COMPILATION_CONDITIONS = "DEBUG $(inherited)";
				SWIFT_OPTIMIZATION_LEVEL = "-Onone";
				VERSIONING_SYSTEM = "apple-generic";
				VERSION_INFO_PREFIX = "";
			};
			name = Debug;
		};
		2EA0484B2BBE7CC4000525C9 /* Release */ = {
			isa = XCBuildConfiguration;
			buildSettings = {
				ALWAYS_SEARCH_USER_PATHS = NO;
				ASSETCATALOG_COMPILER_GENERATE_SWIFT_ASSET_SYMBOL_EXTENSIONS = YES;
				CLANG_ANALYZER_NONNULL = YES;
				CLANG_ANALYZER_NUMBER_OBJECT_CONVERSION = YES_AGGRESSIVE;
				CLANG_CXX_LANGUAGE_STANDARD = "gnu++20";
				CLANG_ENABLE_MODULES = YES;
				CLANG_ENABLE_OBJC_ARC = YES;
				CLANG_ENABLE_OBJC_WEAK = YES;
				CLANG_WARN_BLOCK_CAPTURE_AUTORELEASING = YES;
				CLANG_WARN_BOOL_CONVERSION = YES;
				CLANG_WARN_COMMA = YES;
				CLANG_WARN_CONSTANT_CONVERSION = YES;
				CLANG_WARN_DEPRECATED_OBJC_IMPLEMENTATIONS = YES;
				CLANG_WARN_DIRECT_OBJC_ISA_USAGE = YES_ERROR;
				CLANG_WARN_DOCUMENTATION_COMMENTS = YES;
				CLANG_WARN_EMPTY_BODY = YES;
				CLANG_WARN_ENUM_CONVERSION = YES;
				CLANG_WARN_INFINITE_RECURSION = YES;
				CLANG_WARN_INT_CONVERSION = YES;
				CLANG_WARN_NON_LITERAL_NULL_CONVERSION = YES;
				CLANG_WARN_OBJC_IMPLICIT_RETAIN_SELF = YES;
				CLANG_WARN_OBJC_LITERAL_CONVERSION = YES;
				CLANG_WARN_OBJC_ROOT_CLASS = YES_ERROR;
				CLANG_WARN_QUOTED_INCLUDE_IN_FRAMEWORK_HEADER = YES;
				CLANG_WARN_RANGE_LOOP_ANALYSIS = YES;
				CLANG_WARN_STRICT_PROTOTYPES = YES;
				CLANG_WARN_SUSPICIOUS_MOVE = YES;
				CLANG_WARN_UNGUARDED_AVAILABILITY = YES_AGGRESSIVE;
				CLANG_WARN_UNREACHABLE_CODE = YES;
				CLANG_WARN__DUPLICATE_METHOD_MATCH = YES;
				COPY_PHASE_STRIP = NO;
				CURRENT_PROJECT_VERSION = 1;
				DEBUG_INFORMATION_FORMAT = "dwarf-with-dsym";
				ENABLE_NS_ASSERTIONS = NO;
				ENABLE_STRICT_OBJC_MSGSEND = YES;
				ENABLE_USER_SCRIPT_SANDBOXING = YES;
				GCC_C_LANGUAGE_STANDARD = gnu17;
				GCC_NO_COMMON_BLOCKS = YES;
				GCC_WARN_64_TO_32_BIT_CONVERSION = YES;
				GCC_WARN_ABOUT_RETURN_TYPE = YES_ERROR;
				GCC_WARN_UNDECLARED_SELECTOR = YES;
				GCC_WARN_UNINITIALIZED_AUTOS = YES_AGGRESSIVE;
				GCC_WARN_UNUSED_FUNCTION = YES;
				GCC_WARN_UNUSED_VARIABLE = YES;
				LOCALIZATION_PREFERS_STRING_CATALOGS = YES;
				MACOSX_DEPLOYMENT_TARGET = 14.4;
				MTL_ENABLE_DEBUG_INFO = NO;
				MTL_FAST_MATH = YES;
				SDKROOT = macosx;
				SWIFT_COMPILATION_MODE = wholemodule;
				VERSIONING_SYSTEM = "apple-generic";
				VERSION_INFO_PREFIX = "";
			};
			name = Release;
		};
		2EA0484D2BBE7CC4000525C9 /* Debug */ = {
			isa = XCBuildConfiguration;
			buildSettings = {
				BUILD_LIBRARY_FOR_DISTRIBUTION = YES;
				CLANG_ENABLE_MODULES = YES;
				CODE_SIGN_STYLE = Automatic;
				COMBINE_HIDPI_IMAGES = YES;
				CURRENT_PROJECT_VERSION = 1;
				DEFINES_MODULE = YES;
				DEVELOPMENT_TEAM = 8U849676MP;
				DYLIB_COMPATIBILITY_VERSION = 1;
				DYLIB_CURRENT_VERSION = 1;
				DYLIB_INSTALL_NAME_BASE = "@rpath";
				ENABLE_MODULE_VERIFIER = YES;
				GENERATE_INFOPLIST_FILE = YES;
				INFOPLIST_KEY_NSHumanReadableCopyright = "";
				INSTALL_PATH = "$(LOCAL_LIBRARY_DIR)/Frameworks";
				LD_RUNPATH_SEARCH_PATHS = (
					"$(inherited)",
					"@executable_path/../Frameworks",
					"@loader_path/Frameworks",
				);
				MARKETING_VERSION = 1.0;
				MODULE_VERIFIER_SUPPORTED_LANGUAGES = "objective-c objective-c++";
				MODULE_VERIFIER_SUPPORTED_LANGUAGE_STANDARDS = "gnu17 gnu++20";
				PRODUCT_BUNDLE_IDENTIFIER = com.volodymyroniuk.BeChattedChannels;
				PRODUCT_NAME = "$(TARGET_NAME:c99extidentifier)";
				SKIP_INSTALL = YES;
				SUPPORTED_PLATFORMS = "iphoneos iphonesimulator macosx";
				SUPPORTS_MACCATALYST = NO;
				SWIFT_EMIT_LOC_STRINGS = YES;
				SWIFT_INSTALL_OBJC_HEADER = NO;
				SWIFT_OPTIMIZATION_LEVEL = "-Onone";
				SWIFT_VERSION = 5.0;
				TARGETED_DEVICE_FAMILY = 1;
			};
			name = Debug;
		};
		2EA0484E2BBE7CC4000525C9 /* Release */ = {
			isa = XCBuildConfiguration;
			buildSettings = {
				BUILD_LIBRARY_FOR_DISTRIBUTION = YES;
				CLANG_ENABLE_MODULES = YES;
				CODE_SIGN_STYLE = Automatic;
				COMBINE_HIDPI_IMAGES = YES;
				CURRENT_PROJECT_VERSION = 1;
				DEFINES_MODULE = YES;
				DEVELOPMENT_TEAM = 8U849676MP;
				DYLIB_COMPATIBILITY_VERSION = 1;
				DYLIB_CURRENT_VERSION = 1;
				DYLIB_INSTALL_NAME_BASE = "@rpath";
				ENABLE_MODULE_VERIFIER = YES;
				GENERATE_INFOPLIST_FILE = YES;
				INFOPLIST_KEY_NSHumanReadableCopyright = "";
				INSTALL_PATH = "$(LOCAL_LIBRARY_DIR)/Frameworks";
				LD_RUNPATH_SEARCH_PATHS = (
					"$(inherited)",
					"@executable_path/../Frameworks",
					"@loader_path/Frameworks",
				);
				MARKETING_VERSION = 1.0;
				MODULE_VERIFIER_SUPPORTED_LANGUAGES = "objective-c objective-c++";
				MODULE_VERIFIER_SUPPORTED_LANGUAGE_STANDARDS = "gnu17 gnu++20";
				PRODUCT_BUNDLE_IDENTIFIER = com.volodymyroniuk.BeChattedChannels;
				PRODUCT_NAME = "$(TARGET_NAME:c99extidentifier)";
				SKIP_INSTALL = YES;
				SUPPORTED_PLATFORMS = "iphoneos iphonesimulator macosx";
				SUPPORTS_MACCATALYST = NO;
				SWIFT_EMIT_LOC_STRINGS = YES;
				SWIFT_INSTALL_OBJC_HEADER = NO;
				SWIFT_VERSION = 5.0;
				TARGETED_DEVICE_FAMILY = 1;
			};
			name = Release;
		};
		2EA048502BBE7CC4000525C9 /* Debug */ = {
			isa = XCBuildConfiguration;
			buildSettings = {
				ALWAYS_EMBED_SWIFT_STANDARD_LIBRARIES = YES;
				CODE_SIGN_STYLE = Automatic;
				CURRENT_PROJECT_VERSION = 1;
				DEVELOPMENT_TEAM = 8U849676MP;
				GENERATE_INFOPLIST_FILE = YES;
				MARKETING_VERSION = 1.0;
				PRODUCT_BUNDLE_IDENTIFIER = com.volodymyroniuk.BeChattedChannelsTests;
				PRODUCT_NAME = "$(TARGET_NAME)";
				SWIFT_EMIT_LOC_STRINGS = NO;
				SWIFT_VERSION = 5.0;
			};
			name = Debug;
		};
		2EA048512BBE7CC4000525C9 /* Release */ = {
			isa = XCBuildConfiguration;
			buildSettings = {
				ALWAYS_EMBED_SWIFT_STANDARD_LIBRARIES = YES;
				CODE_SIGN_STYLE = Automatic;
				CURRENT_PROJECT_VERSION = 1;
				DEVELOPMENT_TEAM = 8U849676MP;
				GENERATE_INFOPLIST_FILE = YES;
				MARKETING_VERSION = 1.0;
				PRODUCT_BUNDLE_IDENTIFIER = com.volodymyroniuk.BeChattedChannelsTests;
				PRODUCT_NAME = "$(TARGET_NAME)";
				SWIFT_EMIT_LOC_STRINGS = NO;
				SWIFT_VERSION = 5.0;
			};
			name = Release;
		};
/* End XCBuildConfiguration section */

/* Begin XCConfigurationList section */
		2EA048342BBE7CC3000525C9 /* Build configuration list for PBXProject "BeChattedChannels" */ = {
			isa = XCConfigurationList;
			buildConfigurations = (
				2EA0484A2BBE7CC4000525C9 /* Debug */,
				2EA0484B2BBE7CC4000525C9 /* Release */,
			);
			defaultConfigurationIsVisible = 0;
			defaultConfigurationName = Release;
		};
		2EA0484C2BBE7CC4000525C9 /* Build configuration list for PBXNativeTarget "BeChattedChannels" */ = {
			isa = XCConfigurationList;
			buildConfigurations = (
				2EA0484D2BBE7CC4000525C9 /* Debug */,
				2EA0484E2BBE7CC4000525C9 /* Release */,
			);
			defaultConfigurationIsVisible = 0;
			defaultConfigurationName = Release;
		};
		2EA0484F2BBE7CC4000525C9 /* Build configuration list for PBXNativeTarget "BeChattedChannelsTests" */ = {
			isa = XCConfigurationList;
			buildConfigurations = (
				2EA048502BBE7CC4000525C9 /* Debug */,
				2EA048512BBE7CC4000525C9 /* Release */,
			);
			defaultConfigurationIsVisible = 0;
			defaultConfigurationName = Release;
		};
/* End XCConfigurationList section */
	};
	rootObject = 2EA048312BBE7CC3000525C9 /* Project object */;
}
