// !$*UTF8*$!
{
	archiveVersion = 1;
	classes = {
	};
	objectVersion = 56;
	objects = {

/* Begin PBXBuildFile section */
		2E1F9D292B8F2E1700657F39 /* AppData.swift in Sources */ = {isa = PBXBuildFile; fileRef = 2E1F9D282B8F2E1700657F39 /* AppData.swift */; };
		2E2E78C62B8CC6C200B17A38 /* MainNavigationController.swift in Sources */ = {isa = PBXBuildFile; fileRef = 2E2E78C52B8CC6C200B17A38 /* MainNavigationController.swift */; };
		2E32BE872B8DF41400EEF27E /* EmailValidator+EmailValidatorProtocol.swift in Sources */ = {isa = PBXBuildFile; fileRef = 2E32BE862B8DF41400EEF27E /* EmailValidator+EmailValidatorProtocol.swift */; };
		2E32BE892B8DF46C00EEF27E /* PasswordValidator+PasswordValidatorProtocol.swift in Sources */ = {isa = PBXBuildFile; fileRef = 2E32BE882B8DF46C00EEF27E /* PasswordValidator+PasswordValidatorProtocol.swift */; };
		2E32BE8B2B8DF4D100EEF27E /* AuthService+AuthServiceProtocol.swift in Sources */ = {isa = PBXBuildFile; fileRef = 2E32BE8A2B8DF4D100EEF27E /* AuthService+AuthServiceProtocol.swift */; };
		2E4F6C082BDA608800BBBCC5 /* BeChattedChannels.framework in Frameworks */ = {isa = PBXBuildFile; fileRef = 2E4F6C072BDA608800BBBCC5 /* BeChattedChannels.framework */; };
		2E4F6C092BDA608800BBBCC5 /* BeChattedChannels.framework in Embed Frameworks */ = {isa = PBXBuildFile; fileRef = 2E4F6C072BDA608800BBBCC5 /* BeChattedChannels.framework */; settings = {ATTRIBUTES = (CodeSignOnCopy, RemoveHeadersOnCopy, ); }; };
		2E4F6C0D2BDA62FD00BBBCC5 /* ChannelsLoadingServiceComposer.swift in Sources */ = {isa = PBXBuildFile; fileRef = 2E4F6C0C2BDA62FD00BBBCC5 /* ChannelsLoadingServiceComposer.swift */; };
		2E5EFF6D2BA826B800EA65E8 /* ChannelsFeatureComposer.swift in Sources */ = {isa = PBXBuildFile; fileRef = 2E5EFF6C2BA826B800EA65E8 /* ChannelsFeatureComposer.swift */; };
		2E82F2662B88BDCA00802ED5 /* BeChattedUserInputValidation.framework in Frameworks */ = {isa = PBXBuildFile; fileRef = 2E82F2652B88BDCA00802ED5 /* BeChattedUserInputValidation.framework */; };
		2E82F2672B88BDCA00802ED5 /* BeChattedUserInputValidation.framework in Embed Frameworks */ = {isa = PBXBuildFile; fileRef = 2E82F2652B88BDCA00802ED5 /* BeChattedUserInputValidation.framework */; settings = {ATTRIBUTES = (CodeSignOnCopy, RemoveHeadersOnCopy, ); }; };
		2E82F26A2B88BDE200802ED5 /* BeChattedAuth.framework in Frameworks */ = {isa = PBXBuildFile; fileRef = 2E82F2692B88BDE200802ED5 /* BeChattedAuth.framework */; };
		2E82F26B2B88BDE200802ED5 /* BeChattedAuth.framework in Embed Frameworks */ = {isa = PBXBuildFile; fileRef = 2E82F2692B88BDE200802ED5 /* BeChattedAuth.framework */; settings = {ATTRIBUTES = (CodeSignOnCopy, RemoveHeadersOnCopy, ); }; };
		2E82F26D2B88BDF800802ED5 /* BeChatted.framework in Frameworks */ = {isa = PBXBuildFile; fileRef = 2E82F26C2B88BDF800802ED5 /* BeChatted.framework */; };
		2E82F26E2B88BDF800802ED5 /* BeChatted.framework in Embed Frameworks */ = {isa = PBXBuildFile; fileRef = 2E82F26C2B88BDF800802ED5 /* BeChatted.framework */; settings = {ATTRIBUTES = (CodeSignOnCopy, RemoveHeadersOnCopy, ); }; };
		2E82F2732B88BE4C00802ED5 /* BeChattediOS.framework in Frameworks */ = {isa = PBXBuildFile; fileRef = 2E82F2722B88BE4C00802ED5 /* BeChattediOS.framework */; };
		2E82F2742B88BE4C00802ED5 /* BeChattediOS.framework in Embed Frameworks */ = {isa = PBXBuildFile; fileRef = 2E82F2722B88BE4C00802ED5 /* BeChattediOS.framework */; settings = {ATTRIBUTES = (CodeSignOnCopy, RemoveHeadersOnCopy, ); }; };
		2E82F2792B88CE2900802ED5 /* AuthServiceComposer.swift in Sources */ = {isa = PBXBuildFile; fileRef = 2E82F2782B88CE2900802ED5 /* AuthServiceComposer.swift */; };
		2E82F27B2B88CE9500802ED5 /* LoginFeatureComposer.swift in Sources */ = {isa = PBXBuildFile; fileRef = 2E82F27A2B88CE9500802ED5 /* LoginFeatureComposer.swift */; };
		2E82F27D2B88CF7C00802ED5 /* UIApplication+HideKeyboard.swift in Sources */ = {isa = PBXBuildFile; fileRef = 2E82F27C2B88CF7C00802ED5 /* UIApplication+HideKeyboard.swift */; };
		2E9553972BE3BB83002E23B2 /* URLSessionHTTPClient+BeChattedAuthHTTPClientProtocol.swift in Sources */ = {isa = PBXBuildFile; fileRef = 2E9553962BE3BB83002E23B2 /* URLSessionHTTPClient+BeChattedAuthHTTPClientProtocol.swift */; };
		2E9553992BE3BBDF002E23B2 /* BeChattedNetwork.framework in Frameworks */ = {isa = PBXBuildFile; fileRef = 2E9553982BE3BBDF002E23B2 /* BeChattedNetwork.framework */; };
		2E95539A2BE3BBDF002E23B2 /* BeChattedNetwork.framework in Embed Frameworks */ = {isa = PBXBuildFile; fileRef = 2E9553982BE3BBDF002E23B2 /* BeChattedNetwork.framework */; settings = {ATTRIBUTES = (CodeSignOnCopy, RemoveHeadersOnCopy, ); }; };
		2E95539C2BE3BC02002E23B2 /* URLSessionHTTPClient+BeChattedChannelsHTTPClientProtocol.swift in Sources */ = {isa = PBXBuildFile; fileRef = 2E95539B2BE3BC02002E23B2 /* URLSessionHTTPClient+BeChattedChannelsHTTPClientProtocol.swift */; };
		2EBE98182B89FD6F009EB16C /* RegisterFeatureComposer.swift in Sources */ = {isa = PBXBuildFile; fileRef = 2EBE98172B89FD6F009EB16C /* RegisterFeatureComposer.swift */; };
		2EBE981A2B89FEBA009EB16C /* Bundle+DisplayName.swift in Sources */ = {isa = PBXBuildFile; fileRef = 2EBE98192B89FEBA009EB16C /* Bundle+DisplayName.swift */; };
		2EEADC8C2B8327BF009EE7CE /* BeChattedApp.swift in Sources */ = {isa = PBXBuildFile; fileRef = 2EEADC8B2B8327BF009EE7CE /* BeChattedApp.swift */; };
		2EEADC902B8327C1009EE7CE /* Assets.xcassets in Resources */ = {isa = PBXBuildFile; fileRef = 2EEADC8F2B8327C1009EE7CE /* Assets.xcassets */; };
		2EEADC932B8327C1009EE7CE /* Preview Assets.xcassets in Resources */ = {isa = PBXBuildFile; fileRef = 2EEADC922B8327C1009EE7CE /* Preview Assets.xcassets */; };
		2EF8CDF52C01A593000404D0 /* CreateChanelServiceComposer.swift in Sources */ = {isa = PBXBuildFile; fileRef = 2EF8CDF42C01A593000404D0 /* CreateChanelServiceComposer.swift */; };
		2EF8CDF72C01A83D000404D0 /* CreateChannelFeatureComposer.swift in Sources */ = {isa = PBXBuildFile; fileRef = 2EF8CDF62C01A83D000404D0 /* CreateChannelFeatureComposer.swift */; };
/* End PBXBuildFile section */

/* Begin PBXCopyFilesBuildPhase section */
		2E82F2682B88BDCA00802ED5 /* Embed Frameworks */ = {
			isa = PBXCopyFilesBuildPhase;
			buildActionMask = 2147483647;
			dstPath = "";
			dstSubfolderSpec = 10;
			files = (
				2E82F2672B88BDCA00802ED5 /* BeChattedUserInputValidation.framework in Embed Frameworks */,
				2E82F2742B88BE4C00802ED5 /* BeChattediOS.framework in Embed Frameworks */,
				2E95539A2BE3BBDF002E23B2 /* BeChattedNetwork.framework in Embed Frameworks */,
				2E4F6C092BDA608800BBBCC5 /* BeChattedChannels.framework in Embed Frameworks */,
				2E82F26B2B88BDE200802ED5 /* BeChattedAuth.framework in Embed Frameworks */,
				2E82F26E2B88BDF800802ED5 /* BeChatted.framework in Embed Frameworks */,
			);
			name = "Embed Frameworks";
			runOnlyForDeploymentPostprocessing = 0;
		};
/* End PBXCopyFilesBuildPhase section */

/* Begin PBXFileReference section */
		2E1F9D282B8F2E1700657F39 /* AppData.swift */ = {isa = PBXFileReference; lastKnownFileType = sourcecode.swift; path = AppData.swift; sourceTree = "<group>"; };
		2E2E78C52B8CC6C200B17A38 /* MainNavigationController.swift */ = {isa = PBXFileReference; lastKnownFileType = sourcecode.swift; path = MainNavigationController.swift; sourceTree = "<group>"; };
		2E32BE862B8DF41400EEF27E /* EmailValidator+EmailValidatorProtocol.swift */ = {isa = PBXFileReference; lastKnownFileType = sourcecode.swift; path = "EmailValidator+EmailValidatorProtocol.swift"; sourceTree = "<group>"; };
		2E32BE882B8DF46C00EEF27E /* PasswordValidator+PasswordValidatorProtocol.swift */ = {isa = PBXFileReference; lastKnownFileType = sourcecode.swift; path = "PasswordValidator+PasswordValidatorProtocol.swift"; sourceTree = "<group>"; };
		2E32BE8A2B8DF4D100EEF27E /* AuthService+AuthServiceProtocol.swift */ = {isa = PBXFileReference; lastKnownFileType = sourcecode.swift; path = "AuthService+AuthServiceProtocol.swift"; sourceTree = "<group>"; };
		2E4F6C072BDA608800BBBCC5 /* BeChattedChannels.framework */ = {isa = PBXFileReference; explicitFileType = wrapper.framework; path = BeChattedChannels.framework; sourceTree = BUILT_PRODUCTS_DIR; };
		2E4F6C0C2BDA62FD00BBBCC5 /* ChannelsLoadingServiceComposer.swift */ = {isa = PBXFileReference; lastKnownFileType = sourcecode.swift; path = ChannelsLoadingServiceComposer.swift; sourceTree = "<group>"; };
		2E5EFF6C2BA826B800EA65E8 /* ChannelsFeatureComposer.swift */ = {isa = PBXFileReference; lastKnownFileType = sourcecode.swift; path = ChannelsFeatureComposer.swift; sourceTree = "<group>"; };
		2E82F2582B88BC8100802ED5 /* BeChatted.framework */ = {isa = PBXFileReference; explicitFileType = wrapper.framework; path = BeChatted.framework; sourceTree = BUILT_PRODUCTS_DIR; };
		2E82F2592B88BC8100802ED5 /* BeChattediOS.framework */ = {isa = PBXFileReference; explicitFileType = wrapper.framework; path = BeChattediOS.framework; sourceTree = BUILT_PRODUCTS_DIR; };
		2E82F25A2B88BC8100802ED5 /* BeChattedAuth.framework */ = {isa = PBXFileReference; explicitFileType = wrapper.framework; path = BeChattedAuth.framework; sourceTree = BUILT_PRODUCTS_DIR; };
		2E82F25B2B88BC8100802ED5 /* BeChattedUserInputValidation.framework */ = {isa = PBXFileReference; explicitFileType = wrapper.framework; path = BeChattedUserInputValidation.framework; sourceTree = BUILT_PRODUCTS_DIR; };
		2E82F2652B88BDCA00802ED5 /* BeChattedUserInputValidation.framework */ = {isa = PBXFileReference; explicitFileType = wrapper.framework; path = BeChattedUserInputValidation.framework; sourceTree = BUILT_PRODUCTS_DIR; };
		2E82F2692B88BDE200802ED5 /* BeChattedAuth.framework */ = {isa = PBXFileReference; explicitFileType = wrapper.framework; path = BeChattedAuth.framework; sourceTree = BUILT_PRODUCTS_DIR; };
		2E82F26C2B88BDF800802ED5 /* BeChatted.framework */ = {isa = PBXFileReference; explicitFileType = wrapper.framework; path = BeChatted.framework; sourceTree = BUILT_PRODUCTS_DIR; };
		2E82F26F2B88BE0E00802ED5 /* BeChattediOS.framework */ = {isa = PBXFileReference; explicitFileType = wrapper.framework; path = BeChattediOS.framework; sourceTree = BUILT_PRODUCTS_DIR; };
		2E82F2722B88BE4C00802ED5 /* BeChattediOS.framework */ = {isa = PBXFileReference; explicitFileType = wrapper.framework; path = BeChattediOS.framework; sourceTree = BUILT_PRODUCTS_DIR; };
		2E82F2782B88CE2900802ED5 /* AuthServiceComposer.swift */ = {isa = PBXFileReference; lastKnownFileType = sourcecode.swift; path = AuthServiceComposer.swift; sourceTree = "<group>"; };
		2E82F27A2B88CE9500802ED5 /* LoginFeatureComposer.swift */ = {isa = PBXFileReference; lastKnownFileType = sourcecode.swift; path = LoginFeatureComposer.swift; sourceTree = "<group>"; };
		2E82F27C2B88CF7C00802ED5 /* UIApplication+HideKeyboard.swift */ = {isa = PBXFileReference; fileEncoding = 4; lastKnownFileType = sourcecode.swift; path = "UIApplication+HideKeyboard.swift"; sourceTree = "<group>"; };
		2E9553962BE3BB83002E23B2 /* URLSessionHTTPClient+BeChattedAuthHTTPClientProtocol.swift */ = {isa = PBXFileReference; lastKnownFileType = sourcecode.swift; path = "URLSessionHTTPClient+BeChattedAuthHTTPClientProtocol.swift"; sourceTree = "<group>"; };
		2E9553982BE3BBDF002E23B2 /* BeChattedNetwork.framework */ = {isa = PBXFileReference; explicitFileType = wrapper.framework; path = BeChattedNetwork.framework; sourceTree = BUILT_PRODUCTS_DIR; };
		2E95539B2BE3BC02002E23B2 /* URLSessionHTTPClient+BeChattedChannelsHTTPClientProtocol.swift */ = {isa = PBXFileReference; lastKnownFileType = sourcecode.swift; path = "URLSessionHTTPClient+BeChattedChannelsHTTPClientProtocol.swift"; sourceTree = "<group>"; };
		2EBE98172B89FD6F009EB16C /* RegisterFeatureComposer.swift */ = {isa = PBXFileReference; lastKnownFileType = sourcecode.swift; path = RegisterFeatureComposer.swift; sourceTree = "<group>"; };
		2EBE98192B89FEBA009EB16C /* Bundle+DisplayName.swift */ = {isa = PBXFileReference; lastKnownFileType = sourcecode.swift; path = "Bundle+DisplayName.swift"; sourceTree = "<group>"; };
		2EEADC882B8327BF009EE7CE /* BeChattedApp.app */ = {isa = PBXFileReference; explicitFileType = wrapper.application; includeInIndex = 0; path = BeChattedApp.app; sourceTree = BUILT_PRODUCTS_DIR; };
		2EEADC8B2B8327BF009EE7CE /* BeChattedApp.swift */ = {isa = PBXFileReference; lastKnownFileType = sourcecode.swift; path = BeChattedApp.swift; sourceTree = "<group>"; };
		2EEADC8F2B8327C1009EE7CE /* Assets.xcassets */ = {isa = PBXFileReference; lastKnownFileType = folder.assetcatalog; path = Assets.xcassets; sourceTree = "<group>"; };
		2EEADC922B8327C1009EE7CE /* Preview Assets.xcassets */ = {isa = PBXFileReference; lastKnownFileType = folder.assetcatalog; path = "Preview Assets.xcassets"; sourceTree = "<group>"; };
		2EF211632B934BC5008BB1CA /* Info.plist */ = {isa = PBXFileReference; lastKnownFileType = text.plist; path = Info.plist; sourceTree = "<group>"; };
		2EF8CDF42C01A593000404D0 /* CreateChanelServiceComposer.swift */ = {isa = PBXFileReference; lastKnownFileType = sourcecode.swift; path = CreateChanelServiceComposer.swift; sourceTree = "<group>"; };
		2EF8CDF62C01A83D000404D0 /* CreateChannelFeatureComposer.swift */ = {isa = PBXFileReference; lastKnownFileType = sourcecode.swift; path = CreateChannelFeatureComposer.swift; sourceTree = "<group>"; };
/* End PBXFileReference section */

/* Begin PBXFrameworksBuildPhase section */
		2EEADC852B8327BF009EE7CE /* Frameworks */ = {
			isa = PBXFrameworksBuildPhase;
			buildActionMask = 2147483647;
			files = (
				2E82F2662B88BDCA00802ED5 /* BeChattedUserInputValidation.framework in Frameworks */,
				2E82F2732B88BE4C00802ED5 /* BeChattediOS.framework in Frameworks */,
				2E9553992BE3BBDF002E23B2 /* BeChattedNetwork.framework in Frameworks */,
				2E4F6C082BDA608800BBBCC5 /* BeChattedChannels.framework in Frameworks */,
				2E82F26A2B88BDE200802ED5 /* BeChattedAuth.framework in Frameworks */,
				2E82F26D2B88BDF800802ED5 /* BeChatted.framework in Frameworks */,
			);
			runOnlyForDeploymentPostprocessing = 0;
		};
/* End PBXFrameworksBuildPhase section */

/* Begin PBXGroup section */
		2E1F9D2A2B8F2E2F00657F39 /* Models */ = {
			isa = PBXGroup;
			children = (
				2E1F9D282B8F2E1700657F39 /* AppData.swift */,
			);
			path = Models;
			sourceTree = "<group>";
		};
		2E32BE822B8DF32100EEF27E /* Extensions */ = {
			isa = PBXGroup;
			children = (
				2E32BE8A2B8DF4D100EEF27E /* AuthService+AuthServiceProtocol.swift */,
				2EBE98192B89FEBA009EB16C /* Bundle+DisplayName.swift */,
				2E32BE862B8DF41400EEF27E /* EmailValidator+EmailValidatorProtocol.swift */,
				2E32BE882B8DF46C00EEF27E /* PasswordValidator+PasswordValidatorProtocol.swift */,
				2E82F27C2B88CF7C00802ED5 /* UIApplication+HideKeyboard.swift */,
				2E9553962BE3BB83002E23B2 /* URLSessionHTTPClient+BeChattedAuthHTTPClientProtocol.swift */,
				2E95539B2BE3BC02002E23B2 /* URLSessionHTTPClient+BeChattedChannelsHTTPClientProtocol.swift */,
			);
			path = Extensions;
			sourceTree = "<group>";
		};
		2E32BE832B8DF34900EEF27E /* Composers */ = {
			isa = PBXGroup;
			children = (
				2EE9246D2BE51C1500DFC286 /* Service Composers */,
				2EE9246E2BE51C2600DFC286 /* Feature Composers */,
			);
			path = Composers;
			sourceTree = "<group>";
		};
		2E32BE842B8DF38800EEF27E /* App */ = {
			isa = PBXGroup;
			children = (
				2EEADC8B2B8327BF009EE7CE /* BeChattedApp.swift */,
			);
			path = App;
			sourceTree = "<group>";
		};
		2E32BE852B8DF3AA00EEF27E /* NavigationControllers */ = {
			isa = PBXGroup;
			children = (
				2E2E78C52B8CC6C200B17A38 /* MainNavigationController.swift */,
			);
			path = NavigationControllers;
			sourceTree = "<group>";
		};
		2E82F2572B88BC8100802ED5 /* Frameworks */ = {
			isa = PBXGroup;
			children = (
				2E9553982BE3BBDF002E23B2 /* BeChattedNetwork.framework */,
				2E4F6C072BDA608800BBBCC5 /* BeChattedChannels.framework */,
				2E82F2722B88BE4C00802ED5 /* BeChattediOS.framework */,
				2E82F26F2B88BE0E00802ED5 /* BeChattediOS.framework */,
				2E82F26C2B88BDF800802ED5 /* BeChatted.framework */,
				2E82F2692B88BDE200802ED5 /* BeChattedAuth.framework */,
				2E82F2652B88BDCA00802ED5 /* BeChattedUserInputValidation.framework */,
				2E82F2582B88BC8100802ED5 /* BeChatted.framework */,
				2E82F2592B88BC8100802ED5 /* BeChattediOS.framework */,
				2E82F25A2B88BC8100802ED5 /* BeChattedAuth.framework */,
				2E82F25B2B88BC8100802ED5 /* BeChattedUserInputValidation.framework */,
			);
			name = Frameworks;
			sourceTree = "<group>";
		};
		2EE9246D2BE51C1500DFC286 /* Service Composers */ = {
			isa = PBXGroup;
			children = (
				2E82F2782B88CE2900802ED5 /* AuthServiceComposer.swift */,
				2E4F6C0C2BDA62FD00BBBCC5 /* ChannelsLoadingServiceComposer.swift */,
				2EF8CDF42C01A593000404D0 /* CreateChanelServiceComposer.swift */,
			);
			path = "Service Composers";
			sourceTree = "<group>";
		};
		2EE9246E2BE51C2600DFC286 /* Feature Composers */ = {
			isa = PBXGroup;
			children = (
				2E82F27A2B88CE9500802ED5 /* LoginFeatureComposer.swift */,
				2EBE98172B89FD6F009EB16C /* RegisterFeatureComposer.swift */,
				2E5EFF6C2BA826B800EA65E8 /* ChannelsFeatureComposer.swift */,
				2EF8CDF62C01A83D000404D0 /* CreateChannelFeatureComposer.swift */,
			);
			path = "Feature Composers";
			sourceTree = "<group>";
		};
		2EEADC7F2B8327BF009EE7CE = {
			isa = PBXGroup;
			children = (
				2EEADC8A2B8327BF009EE7CE /* BeChattedApp */,
				2EEADC892B8327BF009EE7CE /* Products */,
				2E82F2572B88BC8100802ED5 /* Frameworks */,
			);
			sourceTree = "<group>";
		};
		2EEADC892B8327BF009EE7CE /* Products */ = {
			isa = PBXGroup;
			children = (
				2EEADC882B8327BF009EE7CE /* BeChattedApp.app */,
			);
			name = Products;
			sourceTree = "<group>";
		};
		2EEADC8A2B8327BF009EE7CE /* BeChattedApp */ = {
			isa = PBXGroup;
			children = (
				2EF211632B934BC5008BB1CA /* Info.plist */,
				2E32BE842B8DF38800EEF27E /* App */,
				2E32BE852B8DF3AA00EEF27E /* NavigationControllers */,
				2E32BE832B8DF34900EEF27E /* Composers */,
				2E32BE822B8DF32100EEF27E /* Extensions */,
				2E1F9D2A2B8F2E2F00657F39 /* Models */,
				2EEADC8F2B8327C1009EE7CE /* Assets.xcassets */,
				2EEADC912B8327C1009EE7CE /* Preview Content */,
			);
			path = BeChattedApp;
			sourceTree = "<group>";
		};
		2EEADC912B8327C1009EE7CE /* Preview Content */ = {
			isa = PBXGroup;
			children = (
				2EEADC922B8327C1009EE7CE /* Preview Assets.xcassets */,
			);
			path = "Preview Content";
			sourceTree = "<group>";
		};
/* End PBXGroup section */

/* Begin PBXNativeTarget section */
		2EEADC872B8327BF009EE7CE /* BeChattedApp */ = {
			isa = PBXNativeTarget;
			buildConfigurationList = 2EEADC962B8327C1009EE7CE /* Build configuration list for PBXNativeTarget "BeChattedApp" */;
			buildPhases = (
				2EEADC842B8327BF009EE7CE /* Sources */,
				2EEADC852B8327BF009EE7CE /* Frameworks */,
				2EEADC862B8327BF009EE7CE /* Resources */,
				2E82F2682B88BDCA00802ED5 /* Embed Frameworks */,
			);
			buildRules = (
			);
			dependencies = (
			);
			name = BeChattedApp;
			productName = BeChattedApp;
			productReference = 2EEADC882B8327BF009EE7CE /* BeChattedApp.app */;
			productType = "com.apple.product-type.application";
		};
/* End PBXNativeTarget section */

/* Begin PBXProject section */
		2EEADC802B8327BF009EE7CE /* Project object */ = {
			isa = PBXProject;
			attributes = {
				BuildIndependentTargetsInParallel = 1;
				LastSwiftUpdateCheck = 1520;
				LastUpgradeCheck = 1520;
				TargetAttributes = {
					2EEADC872B8327BF009EE7CE = {
						CreatedOnToolsVersion = 15.2;
					};
				};
			};
			buildConfigurationList = 2EEADC832B8327BF009EE7CE /* Build configuration list for PBXProject "BeChattedApp" */;
			compatibilityVersion = "Xcode 14.0";
			developmentRegion = en;
			hasScannedForEncodings = 0;
			knownRegions = (
				en,
				Base,
			);
			mainGroup = 2EEADC7F2B8327BF009EE7CE;
			productRefGroup = 2EEADC892B8327BF009EE7CE /* Products */;
			projectDirPath = "";
			projectRoot = "";
			targets = (
				2EEADC872B8327BF009EE7CE /* BeChattedApp */,
			);
		};
/* End PBXProject section */

/* Begin PBXResourcesBuildPhase section */
		2EEADC862B8327BF009EE7CE /* Resources */ = {
			isa = PBXResourcesBuildPhase;
			buildActionMask = 2147483647;
			files = (
				2EEADC932B8327C1009EE7CE /* Preview Assets.xcassets in Resources */,
				2EEADC902B8327C1009EE7CE /* Assets.xcassets in Resources */,
			);
			runOnlyForDeploymentPostprocessing = 0;
		};
/* End PBXResourcesBuildPhase section */

/* Begin PBXSourcesBuildPhase section */
		2EEADC842B8327BF009EE7CE /* Sources */ = {
			isa = PBXSourcesBuildPhase;
			buildActionMask = 2147483647;
			files = (
				2E5EFF6D2BA826B800EA65E8 /* ChannelsFeatureComposer.swift in Sources */,
				2E9553972BE3BB83002E23B2 /* URLSessionHTTPClient+BeChattedAuthHTTPClientProtocol.swift in Sources */,
				2E32BE892B8DF46C00EEF27E /* PasswordValidator+PasswordValidatorProtocol.swift in Sources */,
				2EEADC8C2B8327BF009EE7CE /* BeChattedApp.swift in Sources */,
				2E4F6C0D2BDA62FD00BBBCC5 /* ChannelsLoadingServiceComposer.swift in Sources */,
				2E2E78C62B8CC6C200B17A38 /* MainNavigationController.swift in Sources */,
				2E32BE8B2B8DF4D100EEF27E /* AuthService+AuthServiceProtocol.swift in Sources */,
				2E95539C2BE3BC02002E23B2 /* URLSessionHTTPClient+BeChattedChannelsHTTPClientProtocol.swift in Sources */,
				2E1F9D292B8F2E1700657F39 /* AppData.swift in Sources */,
				2E82F27B2B88CE9500802ED5 /* LoginFeatureComposer.swift in Sources */,
				2EBE981A2B89FEBA009EB16C /* Bundle+DisplayName.swift in Sources */,
				2E82F2792B88CE2900802ED5 /* AuthServiceComposer.swift in Sources */,
				2EF8CDF52C01A593000404D0 /* CreateChanelServiceComposer.swift in Sources */,
				2E82F27D2B88CF7C00802ED5 /* UIApplication+HideKeyboard.swift in Sources */,
				2EF8CDF72C01A83D000404D0 /* CreateChannelFeatureComposer.swift in Sources */,
				2EBE98182B89FD6F009EB16C /* RegisterFeatureComposer.swift in Sources */,
				2E32BE872B8DF41400EEF27E /* EmailValidator+EmailValidatorProtocol.swift in Sources */,
			);
			runOnlyForDeploymentPostprocessing = 0;
		};
/* End PBXSourcesBuildPhase section */

/* Begin XCBuildConfiguration section */
		2EEADC942B8327C1009EE7CE /* Debug */ = {
			isa = XCBuildConfiguration;
			buildSettings = {
				ALWAYS_SEARCH_USER_PATHS = NO;
				ASSETCATALOG_COMPILER_GENERATE_SWIFT_ASSET_SYMBOL_EXTENSIONS = YES;
				CLANG_ANALYZER_NONNULL = YES;
				CLANG_ANALYZER_NUMBER_OBJECT_CONVERSION = YES_AGGRESSIVE;
				CLANG_CXX_LANGUAGE_STANDARD = "gnu++20";
				CLANG_ENABLE_MODULES = YES;
				CLANG_ENABLE_OBJC_ARC = YES;
				CLANG_ENABLE_OBJC_WEAK = YES;
				CLANG_WARN_BLOCK_CAPTURE_AUTORELEASING = YES;
				CLANG_WARN_BOOL_CONVERSION = YES;
				CLANG_WARN_COMMA = YES;
				CLANG_WARN_CONSTANT_CONVERSION = YES;
				CLANG_WARN_DEPRECATED_OBJC_IMPLEMENTATIONS = YES;
				CLANG_WARN_DIRECT_OBJC_ISA_USAGE = YES_ERROR;
				CLANG_WARN_DOCUMENTATION_COMMENTS = YES;
				CLANG_WARN_EMPTY_BODY = YES;
				CLANG_WARN_ENUM_CONVERSION = YES;
				CLANG_WARN_INFINITE_RECURSION = YES;
				CLANG_WARN_INT_CONVERSION = YES;
				CLANG_WARN_NON_LITERAL_NULL_CONVERSION = YES;
				CLANG_WARN_OBJC_IMPLICIT_RETAIN_SELF = YES;
				CLANG_WARN_OBJC_LITERAL_CONVERSION = YES;
				CLANG_WARN_OBJC_ROOT_CLASS = YES_ERROR;
				CLANG_WARN_QUOTED_INCLUDE_IN_FRAMEWORK_HEADER = YES;
				CLANG_WARN_RANGE_LOOP_ANALYSIS = YES;
				CLANG_WARN_STRICT_PROTOTYPES = YES;
				CLANG_WARN_SUSPICIOUS_MOVE = YES;
				CLANG_WARN_UNGUARDED_AVAILABILITY = YES_AGGRESSIVE;
				CLANG_WARN_UNREACHABLE_CODE = YES;
				CLANG_WARN__DUPLICATE_METHOD_MATCH = YES;
				COPY_PHASE_STRIP = NO;
				DEBUG_INFORMATION_FORMAT = dwarf;
				ENABLE_STRICT_OBJC_MSGSEND = YES;
				ENABLE_TESTABILITY = YES;
				ENABLE_USER_SCRIPT_SANDBOXING = YES;
				GCC_C_LANGUAGE_STANDARD = gnu17;
				GCC_DYNAMIC_NO_PIC = NO;
				GCC_NO_COMMON_BLOCKS = YES;
				GCC_OPTIMIZATION_LEVEL = 0;
				GCC_PREPROCESSOR_DEFINITIONS = (
					"DEBUG=1",
					"$(inherited)",
				);
				GCC_WARN_64_TO_32_BIT_CONVERSION = YES;
				GCC_WARN_ABOUT_RETURN_TYPE = YES_ERROR;
				GCC_WARN_UNDECLARED_SELECTOR = YES;
				GCC_WARN_UNINITIALIZED_AUTOS = YES_AGGRESSIVE;
				GCC_WARN_UNUSED_FUNCTION = YES;
				GCC_WARN_UNUSED_VARIABLE = YES;
				IPHONEOS_DEPLOYMENT_TARGET = 17.5;
				LOCALIZATION_PREFERS_STRING_CATALOGS = YES;
				MTL_ENABLE_DEBUG_INFO = INCLUDE_SOURCE;
				MTL_FAST_MATH = YES;
				ONLY_ACTIVE_ARCH = YES;
				SDKROOT = iphoneos;
				SWIFT_ACTIVE_COMPILATION_CONDITIONS = "DEBUG $(inherited)";
				SWIFT_OPTIMIZATION_LEVEL = "-Onone";
			};
			name = Debug;
		};
		2EEADC952B8327C1009EE7CE /* Release */ = {
			isa = XCBuildConfiguration;
			buildSettings = {
				ALWAYS_SEARCH_USER_PATHS = NO;
				ASSETCATALOG_COMPILER_GENERATE_SWIFT_ASSET_SYMBOL_EXTENSIONS = YES;
				CLANG_ANALYZER_NONNULL = YES;
				CLANG_ANALYZER_NUMBER_OBJECT_CONVERSION = YES_AGGRESSIVE;
				CLANG_CXX_LANGUAGE_STANDARD = "gnu++20";
				CLANG_ENABLE_MODULES = YES;
				CLANG_ENABLE_OBJC_ARC = YES;
				CLANG_ENABLE_OBJC_WEAK = YES;
				CLANG_WARN_BLOCK_CAPTURE_AUTORELEASING = YES;
				CLANG_WARN_BOOL_CONVERSION = YES;
				CLANG_WARN_COMMA = YES;
				CLANG_WARN_CONSTANT_CONVERSION = YES;
				CLANG_WARN_DEPRECATED_OBJC_IMPLEMENTATIONS = YES;
				CLANG_WARN_DIRECT_OBJC_ISA_USAGE = YES_ERROR;
				CLANG_WARN_DOCUMENTATION_COMMENTS = YES;
				CLANG_WARN_EMPTY_BODY = YES;
				CLANG_WARN_ENUM_CONVERSION = YES;
				CLANG_WARN_INFINITE_RECURSION = YES;
				CLANG_WARN_INT_CONVERSION = YES;
				CLANG_WARN_NON_LITERAL_NULL_CONVERSION = YES;
				CLANG_WARN_OBJC_IMPLICIT_RETAIN_SELF = YES;
				CLANG_WARN_OBJC_LITERAL_CONVERSION = YES;
				CLANG_WARN_OBJC_ROOT_CLASS = YES_ERROR;
				CLANG_WARN_QUOTED_INCLUDE_IN_FRAMEWORK_HEADER = YES;
				CLANG_WARN_RANGE_LOOP_ANALYSIS = YES;
				CLANG_WARN_STRICT_PROTOTYPES = YES;
				CLANG_WARN_SUSPICIOUS_MOVE = YES;
				CLANG_WARN_UNGUARDED_AVAILABILITY = YES_AGGRESSIVE;
				CLANG_WARN_UNREACHABLE_CODE = YES;
				CLANG_WARN__DUPLICATE_METHOD_MATCH = YES;
				COPY_PHASE_STRIP = NO;
				DEBUG_INFORMATION_FORMAT = "dwarf-with-dsym";
				ENABLE_NS_ASSERTIONS = NO;
				ENABLE_STRICT_OBJC_MSGSEND = YES;
				ENABLE_USER_SCRIPT_SANDBOXING = YES;
				GCC_C_LANGUAGE_STANDARD = gnu17;
				GCC_NO_COMMON_BLOCKS = YES;
				GCC_WARN_64_TO_32_BIT_CONVERSION = YES;
				GCC_WARN_ABOUT_RETURN_TYPE = YES_ERROR;
				GCC_WARN_UNDECLARED_SELECTOR = YES;
				GCC_WARN_UNINITIALIZED_AUTOS = YES_AGGRESSIVE;
				GCC_WARN_UNUSED_FUNCTION = YES;
				GCC_WARN_UNUSED_VARIABLE = YES;
				IPHONEOS_DEPLOYMENT_TARGET = 17.5;
				LOCALIZATION_PREFERS_STRING_CATALOGS = YES;
				MTL_ENABLE_DEBUG_INFO = NO;
				MTL_FAST_MATH = YES;
				SDKROOT = iphoneos;
				SWIFT_COMPILATION_MODE = wholemodule;
				VALIDATE_PRODUCT = YES;
			};
			name = Release;
		};
		2EEADC972B8327C1009EE7CE /* Debug */ = {
			isa = XCBuildConfiguration;
			buildSettings = {
				ASSETCATALOG_COMPILER_APPICON_NAME = AppIcon;
				ASSETCATALOG_COMPILER_GLOBAL_ACCENT_COLOR_NAME = AccentColor;
				CODE_SIGN_STYLE = Automatic;
				CURRENT_PROJECT_VERSION = 1;
				DEVELOPMENT_ASSET_PATHS = "\"BeChattedApp/Preview Content\"";
				DEVELOPMENT_TEAM = 8U849676MP;
				ENABLE_PREVIEWS = YES;
				GENERATE_INFOPLIST_FILE = YES;
				INFOPLIST_FILE = BeChattedApp/Info.plist;
				INFOPLIST_KEY_CFBundleDisplayName = "Be Chatted";
				INFOPLIST_KEY_LSApplicationCategoryType = "";
				INFOPLIST_KEY_UIApplicationSceneManifest_Generation = YES;
				INFOPLIST_KEY_UIApplicationSupportsIndirectInputEvents = YES;
				INFOPLIST_KEY_UILaunchScreen_Generation = YES;
				INFOPLIST_KEY_UISupportedInterfaceOrientations = "UIInterfaceOrientationPortrait UIInterfaceOrientationPortraitUpsideDown";
				INFOPLIST_KEY_UISupportedInterfaceOrientations_iPad = "UIInterfaceOrientationLandscapeLeft UIInterfaceOrientationLandscapeRight UIInterfaceOrientationPortrait UIInterfaceOrientationPortraitUpsideDown";
				INFOPLIST_KEY_UIUserInterfaceStyle = Light;
				IPHONEOS_DEPLOYMENT_TARGET = 17.5;
				LD_RUNPATH_SEARCH_PATHS = (
					"$(inherited)",
					"@executable_path/Frameworks",
				);
				MARKETING_VERSION = 1.0;
				PRODUCT_BUNDLE_IDENTIFIER = "com.volodymyroniuk.BeChattedApp-iOS";
				PRODUCT_NAME = "$(TARGET_NAME)";
				SWIFT_EMIT_LOC_STRINGS = YES;
				SWIFT_VERSION = 5.0;
				TARGETED_DEVICE_FAMILY = "1,2";
			};
			name = Debug;
		};
		2EEADC982B8327C1009EE7CE /* Release */ = {
			isa = XCBuildConfiguration;
			buildSettings = {
				ASSETCATALOG_COMPILER_APPICON_NAME = AppIcon;
				ASSETCATALOG_COMPILER_GLOBAL_ACCENT_COLOR_NAME = AccentColor;
				CODE_SIGN_STYLE = Automatic;
				CURRENT_PROJECT_VERSION = 1;
				DEVELOPMENT_ASSET_PATHS = "\"BeChattedApp/Preview Content\"";
				DEVELOPMENT_TEAM = 8U849676MP;
				ENABLE_PREVIEWS = YES;
				GENERATE_INFOPLIST_FILE = YES;
				INFOPLIST_FILE = BeChattedApp/Info.plist;
				INFOPLIST_KEY_CFBundleDisplayName = "Be Chatted";
				INFOPLIST_KEY_LSApplicationCategoryType = "";
				INFOPLIST_KEY_UIApplicationSceneManifest_Generation = YES;
				INFOPLIST_KEY_UIApplicationSupportsIndirectInputEvents = YES;
				INFOPLIST_KEY_UILaunchScreen_Generation = YES;
				INFOPLIST_KEY_UISupportedInterfaceOrientations = "UIInterfaceOrientationPortrait UIInterfaceOrientationPortraitUpsideDown";
				INFOPLIST_KEY_UISupportedInterfaceOrientations_iPad = "UIInterfaceOrientationLandscapeLeft UIInterfaceOrientationLandscapeRight UIInterfaceOrientationPortrait UIInterfaceOrientationPortraitUpsideDown";
				INFOPLIST_KEY_UIUserInterfaceStyle = Light;
				IPHONEOS_DEPLOYMENT_TARGET = 17.5;
				LD_RUNPATH_SEARCH_PATHS = (
					"$(inherited)",
					"@executable_path/Frameworks",
				);
				MARKETING_VERSION = 1.0;
				PRODUCT_BUNDLE_IDENTIFIER = "com.volodymyroniuk.BeChattedApp-iOS";
				PRODUCT_NAME = "$(TARGET_NAME)";
				SWIFT_EMIT_LOC_STRINGS = YES;
				SWIFT_VERSION = 5.0;
				TARGETED_DEVICE_FAMILY = "1,2";
			};
			name = Release;
		};
/* End XCBuildConfiguration section */

/* Begin XCConfigurationList section */
		2EEADC832B8327BF009EE7CE /* Build configuration list for PBXProject "BeChattedApp" */ = {
			isa = XCConfigurationList;
			buildConfigurations = (
				2EEADC942B8327C1009EE7CE /* Debug */,
				2EEADC952B8327C1009EE7CE /* Release */,
			);
			defaultConfigurationIsVisible = 0;
			defaultConfigurationName = Release;
		};
		2EEADC962B8327C1009EE7CE /* Build configuration list for PBXNativeTarget "BeChattedApp" */ = {
			isa = XCConfigurationList;
			buildConfigurations = (
				2EEADC972B8327C1009EE7CE /* Debug */,
				2EEADC982B8327C1009EE7CE /* Release */,
			);
			defaultConfigurationIsVisible = 0;
			defaultConfigurationName = Release;
		};
/* End XCConfigurationList section */
	};
	rootObject = 2EEADC802B8327BF009EE7CE /* Project object */;
}
